PODS:
  - MDHTMLLabel (1.0.2)
  - SDWebImage (4.4.2):
    - SDWebImage/Core (= 4.4.2)
  - SDWebImage/Core (4.4.2)
  - Xcore (1.0.0):
    - MDHTMLLabel
    - SDWebImage

DEPENDENCIES:
  - Xcore (from `./Local.podspec`)

SPEC REPOS:
  https://github.com/cocoapods/specs.git:
    - MDHTMLLabel
    - SDWebImage

EXTERNAL SOURCES:
  Xcore:
    :path: "./Local.podspec"

SPEC CHECKSUMS:
  MDHTMLLabel: 18bf09ec7d6c1ae396497345c005857c0493ee0a
  SDWebImage: 624d6e296c69b244bcede364c72ae0430ac14681
  Xcore: 66016e9e928c41b606c8e87cbe041f30974efcbd

PODFILE CHECKSUM: 88e52b970d3f4bab0bd3d83ca0ee0c57ef849dee

COCOAPODS: 1.5.3
