PODS:
  - Haring (2.0.8)
  - PromiseKit (6.11.0):
    - PromiseKit/CorePromise (= 6.11.0)
    - PromiseKit/Foundation (= 6.11.0)
    - PromiseKit/UIKit (= 6.11.0)
  - PromiseKit/CorePromise (6.11.0)
  - PromiseKit/Foundation (6.11.0):
    - PromiseKit/CorePromise
  - PromiseKit/UIKit (6.11.0):
    - PromiseKit/CorePromise
  - SDWebImage (5.2.3):
    - SDWebImage/Core (= 5.2.3)
  - SDWebImage/Core (5.2.3)
  - SnapKit (5.0.1)
  - Xcore (1.0.0):
    - Haring
    - PromiseKit
    - SDWebImage
    - SnapKit

DEPENDENCIES:
  - Haring (from `https://github.com/zmian/Haring`)
  - Xcore (from `./Local.podspec`)

SPEC REPOS:
  trunk:
    - PromiseKit
    - SDWebImage
    - SnapKit

EXTERNAL SOURCES:
  Haring:
    :git: https://github.com/zmian/Haring
  Xcore:
    :path: "./Local.podspec"

CHECKOUT OPTIONS:
  Haring:
    :commit: 27af7e9908d7ff6118897a6ff9394eb56c6480ff
    :git: https://github.com/zmian/Haring

SPEC CHECKSUMS:
  Haring: 77ee0c4f94a40975849bf336af93174f189b8de7
  PromiseKit: e4863d06976e7dee5e41c04fc7371c16b3600292
  SDWebImage: 46a7f73228f84ce80990c786e4372cf4db5875ce
  SnapKit: 97b92857e3df3a0c71833cce143274bf6ef8e5eb
  Xcore: 411f35dda1a5318ee2ac3d075aa52adbab023cf7

PODFILE CHECKSUM: c28fb5e848022160a56f9364f3681af019e39518

COCOAPODS: 1.8.3
