PODS:
  - SDWebImage (5.10.4):
    - SDWebImage/Core (= 5.10.4)
  - SDWebImage/Core (5.10.4)
  - Xcore (1.0.0):
    - SDWebImage

DEPENDENCIES:
  - Xcore (from `./Local.podspec`)

SPEC REPOS:
  trunk:
    - SDWebImage

EXTERNAL SOURCES:
  Xcore:
    :path: "./Local.podspec"

SPEC CHECKSUMS:
  SDWebImage: c666b97e1fa9c64b4909816a903322018f0a9c84
  Xcore: 7520b5132a87c239fd404a59951dc91c61f78a95

PODFILE CHECKSUM: 94b7096eabff908ee4afc97167ff28ec2f4a3250

COCOAPODS: 1.10.0
