// !$*UTF8*$!
{
	archiveVersion = 1;
	classes = {
	};
	objectVersion = 46;
	objects = {

/* Begin PBXBuildFile section */
		6872908F1F3C1F3100A0C1D0 /* Assets.xcassets in Resources */ = {isa = PBXBuildFile; fileRef = 6872902A1F3C1F3000A0C1D0 /* Assets.xcassets */; };
		687290901F3C1F3100A0C1D0 /* Info.plist in Resources */ = {isa = PBXBuildFile; fileRef = 6872902B1F3C1F3000A0C1D0 /* Info.plist */; };
		687290911F3C1F3100A0C1D0 /* Xcore.h in Headers */ = {isa = PBXBuildFile; fileRef = 6872902C1F3C1F3000A0C1D0 /* Xcore.h */; settings = {ATTRIBUTES = (Public, ); }; };
		687B46411F4663810050B64D /* FadeAnimator.swift in Sources */ = {isa = PBXBuildFile; fileRef = 687B45CD1F4663810050B64D /* FadeAnimator.swift */; };
		687B46421F4663810050B64D /* TransitionAnimator.swift in Sources */ = {isa = PBXBuildFile; fileRef = 687B45CE1F4663810050B64D /* TransitionAnimator.swift */; };
		687B46431F4663810050B64D /* ZoomAnimator.swift in Sources */ = {isa = PBXBuildFile; fileRef = 687B45D01F4663810050B64D /* ZoomAnimator.swift */; };
		687B46441F4663810050B64D /* ZoomAnimatorInteractiveTransition.swift in Sources */ = {isa = PBXBuildFile; fileRef = 687B45D11F4663810050B64D /* ZoomAnimatorInteractiveTransition.swift */; };
		687B46451F4663810050B64D /* ZoomAnimatorNavigationControllerDelegate.swift in Sources */ = {isa = PBXBuildFile; fileRef = 687B45D21F4663810050B64D /* ZoomAnimatorNavigationControllerDelegate.swift */; };
		687B46461F4663810050B64D /* ZoomAnimatorSourceDestination.swift in Sources */ = {isa = PBXBuildFile; fileRef = 687B45D31F4663810050B64D /* ZoomAnimatorSourceDestination.swift */; };
		687B46471F4663810050B64D /* MFMailComposeViewController+Blocks.swift in Sources */ = {isa = PBXBuildFile; fileRef = 687B45D51F4663810050B64D /* MFMailComposeViewController+Blocks.swift */; };
		687B46481F4663810050B64D /* TargetActionBlockRepresentable.swift in Sources */ = {isa = PBXBuildFile; fileRef = 687B45D61F4663810050B64D /* TargetActionBlockRepresentable.swift */; };
		687B46491F4663810050B64D /* UIBarButtonItem+Blocks.swift in Sources */ = {isa = PBXBuildFile; fileRef = 687B45D71F4663810050B64D /* UIBarButtonItem+Blocks.swift */; };
		687B464A1F4663810050B64D /* UIControl+Blocks.swift in Sources */ = {isa = PBXBuildFile; fileRef = 687B45D81F4663810050B64D /* UIControl+Blocks.swift */; };
		687B464B1F4663810050B64D /* UIGestureRecognizer+Blocks.swift in Sources */ = {isa = PBXBuildFile; fileRef = 687B45D91F4663810050B64D /* UIGestureRecognizer+Blocks.swift */; };
		687B464C1F4663810050B64D /* AnyEquatable.swift in Sources */ = {isa = PBXBuildFile; fileRef = 687B45DB1F4663810050B64D /* AnyEquatable.swift */; };
		687B464D1F4663810050B64D /* Benchmark.swift in Sources */ = {isa = PBXBuildFile; fileRef = 687B45DC1F4663810050B64D /* Benchmark.swift */; };
		687B464E1F4663810050B64D /* Console.swift in Sources */ = {isa = PBXBuildFile; fileRef = 687B45DD1F4663810050B64D /* Console.swift */; };
		687B464F1F4663810050B64D /* Debugger.swift in Sources */ = {isa = PBXBuildFile; fileRef = 687B45DE1F4663810050B64D /* Debugger.swift */; };
		687B46501F4663810050B64D /* Environment.swift in Sources */ = {isa = PBXBuildFile; fileRef = 687B45DF1F4663810050B64D /* Environment.swift */; };
		687B46511F4663810050B64D /* JSONHelpers.swift in Sources */ = {isa = PBXBuildFile; fileRef = 687B45E01F4663810050B64D /* JSONHelpers.swift */; };
		687B46521F4663810050B64D /* Observer.swift in Sources */ = {isa = PBXBuildFile; fileRef = 687B45E11F4663810050B64D /* Observer.swift */; };
		687B46531F4663810050B64D /* PredicateQuery.swift in Sources */ = {isa = PBXBuildFile; fileRef = 687B45E21F4663810050B64D /* PredicateQuery.swift */; };
		687B46541F4663810050B64D /* Request.swift in Sources */ = {isa = PBXBuildFile; fileRef = 687B45E31F4663810050B64D /* Request.swift */; };
		687B46551F4663810050B64D /* Swizzle.swift in Sources */ = {isa = PBXBuildFile; fileRef = 687B45E41F4663810050B64D /* Swizzle.swift */; };
		687B46561F4663810050B64D /* Weak.swift in Sources */ = {isa = PBXBuildFile; fileRef = 687B45E51F4663810050B64D /* Weak.swift */; };
		687B46571F4663810050B64D /* WKWeakDelegate.swift in Sources */ = {isa = PBXBuildFile; fileRef = 687B45E61F4663810050B64D /* WKWeakDelegate.swift */; };
		687B46581F4663810050B64D /* XCConfiguration.swift in Sources */ = {isa = PBXBuildFile; fileRef = 687B45E71F4663810050B64D /* XCConfiguration.swift */; };
		687B46591F4663810050B64D /* XcoreSwizzle.swift in Sources */ = {isa = PBXBuildFile; fileRef = 687B45E81F4663810050B64D /* XcoreSwizzle.swift */; };
		687B465A1F4663810050B64D /* XCUserDefault.swift in Sources */ = {isa = PBXBuildFile; fileRef = 687B45E91F4663810050B64D /* XCUserDefault.swift */; };
		687B465B1F4663810050B64D /* DataSourceIndex.swift in Sources */ = {isa = PBXBuildFile; fileRef = 687B45EC1F4663810050B64D /* DataSourceIndex.swift */; };
		687B465C1F4663810050B64D /* XCCollectionViewComposedDataSource.swift in Sources */ = {isa = PBXBuildFile; fileRef = 687B45EE1F4663810050B64D /* XCCollectionViewComposedDataSource.swift */; };
		687B465D1F4663810050B64D /* XCCollectionViewDataSource.swift in Sources */ = {isa = PBXBuildFile; fileRef = 687B45EF1F4663810050B64D /* XCCollectionViewDataSource.swift */; };
		687B465E1F4663810050B64D /* XCComposedCollectionViewController.swift in Sources */ = {isa = PBXBuildFile; fileRef = 687B45F01F4663810050B64D /* XCComposedCollectionViewController.swift */; };
		687B465F1F4663810050B64D /* XCComposedTableViewController.swift in Sources */ = {isa = PBXBuildFile; fileRef = 687B45F21F4663810050B64D /* XCComposedTableViewController.swift */; };
		687B46601F4663810050B64D /* XCTableViewComposedDataSource.swift in Sources */ = {isa = PBXBuildFile; fileRef = 687B45F31F4663810050B64D /* XCTableViewComposedDataSource.swift */; };
		687B46611F4663810050B64D /* XCTableViewDataSource.swift in Sources */ = {isa = PBXBuildFile; fileRef = 687B45F41F4663810050B64D /* XCTableViewDataSource.swift */; };
		687B46621F4663810050B64D /* DynamicTableView.swift in Sources */ = {isa = PBXBuildFile; fileRef = 687B45F61F4663810050B64D /* DynamicTableView.swift */; };
		687B46631F4663810050B64D /* DynamicTableViewCell.swift in Sources */ = {isa = PBXBuildFile; fileRef = 687B45F71F4663810050B64D /* DynamicTableViewCell.swift */; };
		687B46641F4663810050B64D /* DynamicTableViewController.swift in Sources */ = {isa = PBXBuildFile; fileRef = 687B45F81F4663810050B64D /* DynamicTableViewController.swift */; };
		687B46651F4663810050B64D /* DynamicTableViewTypes.swift in Sources */ = {isa = PBXBuildFile; fileRef = 687B45F91F4663810050B64D /* DynamicTableViewTypes.swift */; };
		687B46661F4663810050B64D /* TestDynamicTableViewController.swift in Sources */ = {isa = PBXBuildFile; fileRef = 687B45FA1F4663810050B64D /* TestDynamicTableViewController.swift */; };
		687B46671F4663810050B64D /* IconLabelCollectionView.swift in Sources */ = {isa = PBXBuildFile; fileRef = 687B45FC1F4663810050B64D /* IconLabelCollectionView.swift */; };
		687B46681F4663810050B64D /* IconLabelCollectionViewCell.swift in Sources */ = {isa = PBXBuildFile; fileRef = 687B45FD1F4663810050B64D /* IconLabelCollectionViewCell.swift */; };
		687B46691F4663810050B64D /* IconLabelCollectionViewController.swift in Sources */ = {isa = PBXBuildFile; fileRef = 687B45FE1F4663810050B64D /* IconLabelCollectionViewController.swift */; };
		687B466A1F4663810050B64D /* IconLabelView.swift in Sources */ = {isa = PBXBuildFile; fileRef = 687B45FF1F4663810050B64D /* IconLabelView.swift */; };
		687B466B1F4663810050B64D /* ImageTitleDisplayable.swift in Sources */ = {isa = PBXBuildFile; fileRef = 687B46001F4663810050B64D /* ImageTitleDisplayable.swift */; };
		687B466C1F4663810050B64D /* IndexPathCache.swift in Sources */ = {isa = PBXBuildFile; fileRef = 687B46011F4663810050B64D /* IndexPathCache.swift */; };
		687B466D1F4663810050B64D /* IntrinsicContentSizeView.swift in Sources */ = {isa = PBXBuildFile; fileRef = 687B46021F4663810050B64D /* IntrinsicContentSizeView.swift */; };
		687B466E1F4663810050B64D /* ReorderTableView.swift in Sources */ = {isa = PBXBuildFile; fileRef = 687B46031F4663810050B64D /* ReorderTableView.swift */; };
		687B466F1F4663810050B64D /* Section.swift in Sources */ = {isa = PBXBuildFile; fileRef = 687B46041F4663810050B64D /* Section.swift */; };
		687B46701F4663810050B64D /* SplitScreenViewController.swift in Sources */ = {isa = PBXBuildFile; fileRef = 687B46051F4663810050B64D /* SplitScreenViewController.swift */; };
		687B46711F4663810050B64D /* TextViewController.swift in Sources */ = {isa = PBXBuildFile; fileRef = 687B46061F4663810050B64D /* TextViewController.swift */; };
		687B46721F4663810050B64D /* UIImage+AssetIdentifier.swift in Sources */ = {isa = PBXBuildFile; fileRef = 687B46071F4663810050B64D /* UIImage+AssetIdentifier.swift */; };
		687B46731F4663810050B64D /* XCButton.swift in Sources */ = {isa = PBXBuildFile; fileRef = 687B46081F4663810050B64D /* XCButton.swift */; };
		687B46741F4663810050B64D /* XCGradientLayer.swift in Sources */ = {isa = PBXBuildFile; fileRef = 687B46091F4663810050B64D /* XCGradientLayer.swift */; };
		687B46751F4663810050B64D /* XCPageViewController.swift in Sources */ = {isa = PBXBuildFile; fileRef = 687B460A1F4663810050B64D /* XCPageViewController.swift */; };
		687B46761F4663810050B64D /* XCScrollViewController.swift in Sources */ = {isa = PBXBuildFile; fileRef = 687B460B1F4663810050B64D /* XCScrollViewController.swift */; };
		687B46771F4663810050B64D /* XCTableViewCell.swift in Sources */ = {isa = PBXBuildFile; fileRef = 687B460C1F4663810050B64D /* XCTableViewCell.swift */; };
		687B46781F4663810050B64D /* XCTextField.swift in Sources */ = {isa = PBXBuildFile; fileRef = 687B460D1F4663810050B64D /* XCTextField.swift */; };
		687B46791F4663810050B64D /* XCToolbar.swift in Sources */ = {isa = PBXBuildFile; fileRef = 687B460E1F4663810050B64D /* XCToolbar.swift */; };
		687B467A1F4663810050B64D /* XCView.swift in Sources */ = {isa = PBXBuildFile; fileRef = 687B460F1F4663810050B64D /* XCView.swift */; };
		687B467B1F4663810050B64D /* AVFoundationExtensions.swift in Sources */ = {isa = PBXBuildFile; fileRef = 687B46111F4663810050B64D /* AVFoundationExtensions.swift */; };
		687B467C1F4663810050B64D /* BundleExtensions.swift in Sources */ = {isa = PBXBuildFile; fileRef = 687B46121F4663810050B64D /* BundleExtensions.swift */; };
		687B467D1F4663810050B64D /* CoreAnimationExtensions.swift in Sources */ = {isa = PBXBuildFile; fileRef = 687B46131F4663810050B64D /* CoreAnimationExtensions.swift */; };
		687B467E1F4663810050B64D /* DateExtensions.swift in Sources */ = {isa = PBXBuildFile; fileRef = 687B46141F4663810050B64D /* DateExtensions.swift */; };
		687B467F1F4663810050B64D /* DispatchQueueExtensions.swift in Sources */ = {isa = PBXBuildFile; fileRef = 687B46151F4663810050B64D /* DispatchQueueExtensions.swift */; };
		687B46801F4663810050B64D /* FoundationExtensions.swift in Sources */ = {isa = PBXBuildFile; fileRef = 687B46161F4663810050B64D /* FoundationExtensions.swift */; };
		687B46811F4663810050B64D /* InternalExtensions.swift in Sources */ = {isa = PBXBuildFile; fileRef = 687B46171F4663810050B64D /* InternalExtensions.swift */; };
		687B46821F4663810050B64D /* NSAttributedStringExtensions.swift in Sources */ = {isa = PBXBuildFile; fileRef = 687B46181F4663810050B64D /* NSAttributedStringExtensions.swift */; };
		687B46831F4663810050B64D /* NSLayoutConstraintExtensions.swift in Sources */ = {isa = PBXBuildFile; fileRef = 687B46191F4663810050B64D /* NSLayoutConstraintExtensions.swift */; };
		687B46841F4663810050B64D /* SDWebImage+Helpers.swift in Sources */ = {isa = PBXBuildFile; fileRef = 687B461A1F4663810050B64D /* SDWebImage+Helpers.swift */; };
		687B46851F4663810050B64D /* SwiftExtensions.swift in Sources */ = {isa = PBXBuildFile; fileRef = 687B461B1F4663810050B64D /* SwiftExtensions.swift */; };
		687B46861F4663810050B64D /* UIAlertControllerExtensions.swift in Sources */ = {isa = PBXBuildFile; fileRef = 687B461C1F4663810050B64D /* UIAlertControllerExtensions.swift */; };
		687B46871F4663810050B64D /* UIBarExtensions.swift in Sources */ = {isa = PBXBuildFile; fileRef = 687B461D1F4663810050B64D /* UIBarExtensions.swift */; };
		687B46881F4663810050B64D /* UIButtonExtensions.swift in Sources */ = {isa = PBXBuildFile; fileRef = 687B461E1F4663810050B64D /* UIButtonExtensions.swift */; };
		687B46891F4663810050B64D /* UICollectionViewExtensions.swift in Sources */ = {isa = PBXBuildFile; fileRef = 687B461F1F4663810050B64D /* UICollectionViewExtensions.swift */; };
		687B468A1F4663810050B64D /* UIColorExtensions.swift in Sources */ = {isa = PBXBuildFile; fileRef = 687B46201F4663810050B64D /* UIColorExtensions.swift */; };
		687B468B1F4663810050B64D /* UIDevice+Model.swift in Sources */ = {isa = PBXBuildFile; fileRef = 687B46211F4663810050B64D /* UIDevice+Model.swift */; };
		687B468C1F4663810050B64D /* UIDeviceExtensions.swift in Sources */ = {isa = PBXBuildFile; fileRef = 687B46221F4663810050B64D /* UIDeviceExtensions.swift */; };
		687B468D1F4663810050B64D /* UIFontExtensions.swift in Sources */ = {isa = PBXBuildFile; fileRef = 687B46231F4663810050B64D /* UIFontExtensions.swift */; };
		687B468E1F4663810050B64D /* UIGeometryExtensions.swift in Sources */ = {isa = PBXBuildFile; fileRef = 687B46241F4663810050B64D /* UIGeometryExtensions.swift */; };
		687B468F1F4663810050B64D /* UIImageExtensions.swift in Sources */ = {isa = PBXBuildFile; fileRef = 687B46251F4663810050B64D /* UIImageExtensions.swift */; };
		687B46901F4663810050B64D /* UIImageViewExtensions.swift in Sources */ = {isa = PBXBuildFile; fileRef = 687B46261F4663810050B64D /* UIImageViewExtensions.swift */; };
		687B46911F4663810050B64D /* UIKitExtensions.swift in Sources */ = {isa = PBXBuildFile; fileRef = 687B46271F4663810050B64D /* UIKitExtensions.swift */; };
		687B46921F4663810050B64D /* UILabelExtensions.swift in Sources */ = {isa = PBXBuildFile; fileRef = 687B46281F4663810050B64D /* UILabelExtensions.swift */; };
		687B46931F4663810050B64D /* UINavigationController+HidesBottomBarWhenPushed.swift in Sources */ = {isa = PBXBuildFile; fileRef = 687B46291F4663810050B64D /* UINavigationController+HidesBottomBarWhenPushed.swift */; };
		687B46941F4663810050B64D /* UINavigationControllerExtensions.swift in Sources */ = {isa = PBXBuildFile; fileRef = 687B462A1F4663810050B64D /* UINavigationControllerExtensions.swift */; };
		687B46951F4663810050B64D /* UIScrollViewExtensions.swift in Sources */ = {isa = PBXBuildFile; fileRef = 687B462B1F4663810050B64D /* UIScrollViewExtensions.swift */; };
		687B46961F4663810050B64D /* UITabBarControllerExtensions.swift in Sources */ = {isa = PBXBuildFile; fileRef = 687B462C1F4663810050B64D /* UITabBarControllerExtensions.swift */; };
		687B46971F4663810050B64D /* UITableViewExtensions.swift in Sources */ = {isa = PBXBuildFile; fileRef = 687B462D1F4663810050B64D /* UITableViewExtensions.swift */; };
		687B46981F4663810050B64D /* UIViewControllerExtensions.swift in Sources */ = {isa = PBXBuildFile; fileRef = 687B462E1F4663810050B64D /* UIViewControllerExtensions.swift */; };
		687B46991F4663810050B64D /* UIViewExtensions.swift in Sources */ = {isa = PBXBuildFile; fileRef = 687B462F1F4663810050B64D /* UIViewExtensions.swift */; };
		687B469A1F4663810050B64D /* Collectionify.swift in Sources */ = {isa = PBXBuildFile; fileRef = 687B46311F4663810050B64D /* Collectionify.swift */; };
		687B469B1F4663810050B64D /* TODO.swift in Sources */ = {isa = PBXBuildFile; fileRef = 687B46321F4663810050B64D /* TODO.swift */; };
		687B469C1F4663810050B64D /* Colorable.swift in Sources */ = {isa = PBXBuildFile; fileRef = 687B46341F4663810050B64D /* Colorable.swift */; };
		687B469D1F4663810050B64D /* EnumIteratable.swift in Sources */ = {isa = PBXBuildFile; fileRef = 687B46351F4663810050B64D /* EnumIteratable.swift */; };
		687B469E1F4663810050B64D /* EquatableByPointer.swift in Sources */ = {isa = PBXBuildFile; fileRef = 687B46361F4663810050B64D /* EquatableByPointer.swift */; };
		687B469F1F4663810050B64D /* NibInstantiable.swift in Sources */ = {isa = PBXBuildFile; fileRef = 687B46371F4663810050B64D /* NibInstantiable.swift */; };
		687B46A01F4663810050B64D /* OptionsRepresentable.swift in Sources */ = {isa = PBXBuildFile; fileRef = 687B46381F4663810050B64D /* OptionsRepresentable.swift */; };
		687B46A11F4663810050B64D /* Serializable.swift in Sources */ = {isa = PBXBuildFile; fileRef = 687B46391F4663810050B64D /* Serializable.swift */; };
		687B46A21F4663810050B64D /* StoryboardInstantiable.swift in Sources */ = {isa = PBXBuildFile; fileRef = 687B463A1F4663810050B64D /* StoryboardInstantiable.swift */; };
		687B46A31F4663810050B64D /* Reusable.swift in Sources */ = {isa = PBXBuildFile; fileRef = 687B463C1F4663810050B64D /* Reusable.swift */; };
		687B46A41F4663810050B64D /* UICollectionView+Reusable.swift in Sources */ = {isa = PBXBuildFile; fileRef = 687B463D1F4663810050B64D /* UICollectionView+Reusable.swift */; };
		687B46A51F4663810050B64D /* UITableView+Reusable.swift in Sources */ = {isa = PBXBuildFile; fileRef = 687B463E1F4663810050B64D /* UITableView+Reusable.swift */; };
		687B46A61F4663810050B64D /* Timer+Closure.swift in Sources */ = {isa = PBXBuildFile; fileRef = 687B46401F4663810050B64D /* Timer+Closure.swift */; };
		689869E61E9992E600CE7B77 /* ViewController.swift in Sources */ = {isa = PBXBuildFile; fileRef = 689869DD1E9992E600CE7B77 /* ViewController.swift */; };
		689869E71E9992E600CE7B77 /* AppDelegate.swift in Sources */ = {isa = PBXBuildFile; fileRef = 689869DF1E9992E600CE7B77 /* AppDelegate.swift */; };
		689869E81E9992E600CE7B77 /* Assets.xcassets in Resources */ = {isa = PBXBuildFile; fileRef = 689869E01E9992E600CE7B77 /* Assets.xcassets */; };
		689869E91E9992E600CE7B77 /* LaunchScreen.storyboard in Resources */ = {isa = PBXBuildFile; fileRef = 689869E11E9992E600CE7B77 /* LaunchScreen.storyboard */; };
		689869EA1E9992E600CE7B77 /* Main.storyboard in Resources */ = {isa = PBXBuildFile; fileRef = 689869E31E9992E600CE7B77 /* Main.storyboard */; };
		689D0D1B1D8DBE6400145E0B /* XcoreTests.swift in Sources */ = {isa = PBXBuildFile; fileRef = 689D0D181D8DBE5C00145E0B /* XcoreTests.swift */; };
		68C392FE1E99D327009D8D58 /* PredicateQueryTests.swift in Sources */ = {isa = PBXBuildFile; fileRef = 68C392FD1E99D327009D8D58 /* PredicateQueryTests.swift */; };
		975C9436F0C35B14D6B8FFF0 /* Pods_Example.framework in Frameworks */ = {isa = PBXBuildFile; fileRef = C773C4D476BF4309831EDE03 /* Pods_Example.framework */; };
		CDE69BBCB1B78A0EB89C5FCD /* Pods_Tests.framework in Frameworks */ = {isa = PBXBuildFile; fileRef = 84F555E9FA859A59DB03B60C /* Pods_Tests.framework */; };
/* End PBXBuildFile section */

/* Begin PBXContainerItemProxy section */
		68B1DB2C1E999C10007CD621 /* PBXContainerItemProxy */ = {
			isa = PBXContainerItemProxy;
			containerPortal = 689D0C6C1D8DBB9500145E0B /* Project object */;
			proxyType = 1;
			remoteGlobalIDString = 689869C71E99926100CE7B77;
			remoteInfo = Example;
		};
/* End PBXContainerItemProxy section */

/* Begin PBXFileReference section */
		0E028CA527265C27C4FB6507 /* Pods-Tests.debug.xcconfig */ = {isa = PBXFileReference; includeInIndex = 1; lastKnownFileType = text.xcconfig; name = "Pods-Tests.debug.xcconfig"; path = "Pods/Target Support Files/Pods-Tests/Pods-Tests.debug.xcconfig"; sourceTree = "<group>"; };
		446C91589F40B969C0CF0706 /* Pods-Example.debug.xcconfig */ = {isa = PBXFileReference; includeInIndex = 1; lastKnownFileType = text.xcconfig; name = "Pods-Example.debug.xcconfig"; path = "Pods/Target Support Files/Pods-Example/Pods-Example.debug.xcconfig"; sourceTree = "<group>"; };
		4F7DCE5F8350BCAF06C38805 /* Pods_Xcore.framework */ = {isa = PBXFileReference; explicitFileType = wrapper.framework; includeInIndex = 0; path = Pods_Xcore.framework; sourceTree = BUILT_PRODUCTS_DIR; };
		56D96A853E1B0EC4E75E0691 /* Pods-Tests.release.xcconfig */ = {isa = PBXFileReference; includeInIndex = 1; lastKnownFileType = text.xcconfig; name = "Pods-Tests.release.xcconfig"; path = "Pods/Target Support Files/Pods-Tests/Pods-Tests.release.xcconfig"; sourceTree = "<group>"; };
		5D3CFC269887586363462B4B /* Pods-Example.release.xcconfig */ = {isa = PBXFileReference; includeInIndex = 1; lastKnownFileType = text.xcconfig; name = "Pods-Example.release.xcconfig"; path = "Pods/Target Support Files/Pods-Example/Pods-Example.release.xcconfig"; sourceTree = "<group>"; };
		6872902A1F3C1F3000A0C1D0 /* Assets.xcassets */ = {isa = PBXFileReference; lastKnownFileType = folder.assetcatalog; path = Assets.xcassets; sourceTree = "<group>"; };
		6872902B1F3C1F3000A0C1D0 /* Info.plist */ = {isa = PBXFileReference; fileEncoding = 4; lastKnownFileType = text.plist.xml; path = Info.plist; sourceTree = "<group>"; };
		6872902C1F3C1F3000A0C1D0 /* Xcore.h */ = {isa = PBXFileReference; fileEncoding = 4; lastKnownFileType = sourcecode.c.h; path = Xcore.h; sourceTree = "<group>"; };
		687B45CD1F4663810050B64D /* FadeAnimator.swift */ = {isa = PBXFileReference; fileEncoding = 4; lastKnownFileType = sourcecode.swift; path = FadeAnimator.swift; sourceTree = "<group>"; };
		687B45CE1F4663810050B64D /* TransitionAnimator.swift */ = {isa = PBXFileReference; fileEncoding = 4; lastKnownFileType = sourcecode.swift; path = TransitionAnimator.swift; sourceTree = "<group>"; };
		687B45D01F4663810050B64D /* ZoomAnimator.swift */ = {isa = PBXFileReference; fileEncoding = 4; lastKnownFileType = sourcecode.swift; path = ZoomAnimator.swift; sourceTree = "<group>"; };
		687B45D11F4663810050B64D /* ZoomAnimatorInteractiveTransition.swift */ = {isa = PBXFileReference; fileEncoding = 4; lastKnownFileType = sourcecode.swift; path = ZoomAnimatorInteractiveTransition.swift; sourceTree = "<group>"; };
		687B45D21F4663810050B64D /* ZoomAnimatorNavigationControllerDelegate.swift */ = {isa = PBXFileReference; fileEncoding = 4; lastKnownFileType = sourcecode.swift; path = ZoomAnimatorNavigationControllerDelegate.swift; sourceTree = "<group>"; };
		687B45D31F4663810050B64D /* ZoomAnimatorSourceDestination.swift */ = {isa = PBXFileReference; fileEncoding = 4; lastKnownFileType = sourcecode.swift; path = ZoomAnimatorSourceDestination.swift; sourceTree = "<group>"; };
		687B45D51F4663810050B64D /* MFMailComposeViewController+Blocks.swift */ = {isa = PBXFileReference; fileEncoding = 4; lastKnownFileType = sourcecode.swift; path = "MFMailComposeViewController+Blocks.swift"; sourceTree = "<group>"; };
		687B45D61F4663810050B64D /* TargetActionBlockRepresentable.swift */ = {isa = PBXFileReference; fileEncoding = 4; lastKnownFileType = sourcecode.swift; path = TargetActionBlockRepresentable.swift; sourceTree = "<group>"; };
		687B45D71F4663810050B64D /* UIBarButtonItem+Blocks.swift */ = {isa = PBXFileReference; fileEncoding = 4; lastKnownFileType = sourcecode.swift; path = "UIBarButtonItem+Blocks.swift"; sourceTree = "<group>"; };
		687B45D81F4663810050B64D /* UIControl+Blocks.swift */ = {isa = PBXFileReference; fileEncoding = 4; lastKnownFileType = sourcecode.swift; path = "UIControl+Blocks.swift"; sourceTree = "<group>"; };
		687B45D91F4663810050B64D /* UIGestureRecognizer+Blocks.swift */ = {isa = PBXFileReference; fileEncoding = 4; lastKnownFileType = sourcecode.swift; path = "UIGestureRecognizer+Blocks.swift"; sourceTree = "<group>"; };
		687B45DB1F4663810050B64D /* AnyEquatable.swift */ = {isa = PBXFileReference; fileEncoding = 4; lastKnownFileType = sourcecode.swift; path = AnyEquatable.swift; sourceTree = "<group>"; };
		687B45DC1F4663810050B64D /* Benchmark.swift */ = {isa = PBXFileReference; fileEncoding = 4; lastKnownFileType = sourcecode.swift; path = Benchmark.swift; sourceTree = "<group>"; };
		687B45DD1F4663810050B64D /* Console.swift */ = {isa = PBXFileReference; fileEncoding = 4; lastKnownFileType = sourcecode.swift; path = Console.swift; sourceTree = "<group>"; };
		687B45DE1F4663810050B64D /* Debugger.swift */ = {isa = PBXFileReference; fileEncoding = 4; lastKnownFileType = sourcecode.swift; path = Debugger.swift; sourceTree = "<group>"; };
		687B45DF1F4663810050B64D /* Environment.swift */ = {isa = PBXFileReference; fileEncoding = 4; lastKnownFileType = sourcecode.swift; path = Environment.swift; sourceTree = "<group>"; };
		687B45E01F4663810050B64D /* JSONHelpers.swift */ = {isa = PBXFileReference; fileEncoding = 4; lastKnownFileType = sourcecode.swift; path = JSONHelpers.swift; sourceTree = "<group>"; };
		687B45E11F4663810050B64D /* Observer.swift */ = {isa = PBXFileReference; fileEncoding = 4; lastKnownFileType = sourcecode.swift; path = Observer.swift; sourceTree = "<group>"; };
		687B45E21F4663810050B64D /* PredicateQuery.swift */ = {isa = PBXFileReference; fileEncoding = 4; lastKnownFileType = sourcecode.swift; path = PredicateQuery.swift; sourceTree = "<group>"; };
		687B45E31F4663810050B64D /* Request.swift */ = {isa = PBXFileReference; fileEncoding = 4; lastKnownFileType = sourcecode.swift; path = Request.swift; sourceTree = "<group>"; };
		687B45E41F4663810050B64D /* Swizzle.swift */ = {isa = PBXFileReference; fileEncoding = 4; lastKnownFileType = sourcecode.swift; path = Swizzle.swift; sourceTree = "<group>"; };
		687B45E51F4663810050B64D /* Weak.swift */ = {isa = PBXFileReference; fileEncoding = 4; lastKnownFileType = sourcecode.swift; path = Weak.swift; sourceTree = "<group>"; };
		687B45E61F4663810050B64D /* WKWeakDelegate.swift */ = {isa = PBXFileReference; fileEncoding = 4; lastKnownFileType = sourcecode.swift; path = WKWeakDelegate.swift; sourceTree = "<group>"; };
		687B45E71F4663810050B64D /* XCConfiguration.swift */ = {isa = PBXFileReference; fileEncoding = 4; lastKnownFileType = sourcecode.swift; path = XCConfiguration.swift; sourceTree = "<group>"; };
		687B45E81F4663810050B64D /* XcoreSwizzle.swift */ = {isa = PBXFileReference; fileEncoding = 4; lastKnownFileType = sourcecode.swift; path = XcoreSwizzle.swift; sourceTree = "<group>"; };
		687B45E91F4663810050B64D /* XCUserDefault.swift */ = {isa = PBXFileReference; fileEncoding = 4; lastKnownFileType = sourcecode.swift; path = XCUserDefault.swift; sourceTree = "<group>"; };
		687B45EC1F4663810050B64D /* DataSourceIndex.swift */ = {isa = PBXFileReference; fileEncoding = 4; lastKnownFileType = sourcecode.swift; path = DataSourceIndex.swift; sourceTree = "<group>"; };
		687B45EE1F4663810050B64D /* XCCollectionViewComposedDataSource.swift */ = {isa = PBXFileReference; fileEncoding = 4; lastKnownFileType = sourcecode.swift; path = XCCollectionViewComposedDataSource.swift; sourceTree = "<group>"; };
		687B45EF1F4663810050B64D /* XCCollectionViewDataSource.swift */ = {isa = PBXFileReference; fileEncoding = 4; lastKnownFileType = sourcecode.swift; path = XCCollectionViewDataSource.swift; sourceTree = "<group>"; };
		687B45F01F4663810050B64D /* XCComposedCollectionViewController.swift */ = {isa = PBXFileReference; fileEncoding = 4; lastKnownFileType = sourcecode.swift; path = XCComposedCollectionViewController.swift; sourceTree = "<group>"; };
		687B45F21F4663810050B64D /* XCComposedTableViewController.swift */ = {isa = PBXFileReference; fileEncoding = 4; lastKnownFileType = sourcecode.swift; path = XCComposedTableViewController.swift; sourceTree = "<group>"; };
		687B45F31F4663810050B64D /* XCTableViewComposedDataSource.swift */ = {isa = PBXFileReference; fileEncoding = 4; lastKnownFileType = sourcecode.swift; path = XCTableViewComposedDataSource.swift; sourceTree = "<group>"; };
		687B45F41F4663810050B64D /* XCTableViewDataSource.swift */ = {isa = PBXFileReference; fileEncoding = 4; lastKnownFileType = sourcecode.swift; path = XCTableViewDataSource.swift; sourceTree = "<group>"; };
		687B45F61F4663810050B64D /* DynamicTableView.swift */ = {isa = PBXFileReference; fileEncoding = 4; lastKnownFileType = sourcecode.swift; path = DynamicTableView.swift; sourceTree = "<group>"; };
		687B45F71F4663810050B64D /* DynamicTableViewCell.swift */ = {isa = PBXFileReference; fileEncoding = 4; lastKnownFileType = sourcecode.swift; path = DynamicTableViewCell.swift; sourceTree = "<group>"; };
		687B45F81F4663810050B64D /* DynamicTableViewController.swift */ = {isa = PBXFileReference; fileEncoding = 4; lastKnownFileType = sourcecode.swift; path = DynamicTableViewController.swift; sourceTree = "<group>"; };
		687B45F91F4663810050B64D /* DynamicTableViewTypes.swift */ = {isa = PBXFileReference; fileEncoding = 4; lastKnownFileType = sourcecode.swift; path = DynamicTableViewTypes.swift; sourceTree = "<group>"; };
		687B45FA1F4663810050B64D /* TestDynamicTableViewController.swift */ = {isa = PBXFileReference; fileEncoding = 4; lastKnownFileType = sourcecode.swift; path = TestDynamicTableViewController.swift; sourceTree = "<group>"; };
		687B45FC1F4663810050B64D /* IconLabelCollectionView.swift */ = {isa = PBXFileReference; fileEncoding = 4; lastKnownFileType = sourcecode.swift; path = IconLabelCollectionView.swift; sourceTree = "<group>"; };
		687B45FD1F4663810050B64D /* IconLabelCollectionViewCell.swift */ = {isa = PBXFileReference; fileEncoding = 4; lastKnownFileType = sourcecode.swift; path = IconLabelCollectionViewCell.swift; sourceTree = "<group>"; };
		687B45FE1F4663810050B64D /* IconLabelCollectionViewController.swift */ = {isa = PBXFileReference; fileEncoding = 4; lastKnownFileType = sourcecode.swift; path = IconLabelCollectionViewController.swift; sourceTree = "<group>"; };
		687B45FF1F4663810050B64D /* IconLabelView.swift */ = {isa = PBXFileReference; fileEncoding = 4; lastKnownFileType = sourcecode.swift; path = IconLabelView.swift; sourceTree = "<group>"; };
		687B46001F4663810050B64D /* ImageTitleDisplayable.swift */ = {isa = PBXFileReference; fileEncoding = 4; lastKnownFileType = sourcecode.swift; path = ImageTitleDisplayable.swift; sourceTree = "<group>"; };
		687B46011F4663810050B64D /* IndexPathCache.swift */ = {isa = PBXFileReference; fileEncoding = 4; lastKnownFileType = sourcecode.swift; path = IndexPathCache.swift; sourceTree = "<group>"; };
		687B46021F4663810050B64D /* IntrinsicContentSizeView.swift */ = {isa = PBXFileReference; fileEncoding = 4; lastKnownFileType = sourcecode.swift; path = IntrinsicContentSizeView.swift; sourceTree = "<group>"; };
		687B46031F4663810050B64D /* ReorderTableView.swift */ = {isa = PBXFileReference; fileEncoding = 4; lastKnownFileType = sourcecode.swift; path = ReorderTableView.swift; sourceTree = "<group>"; };
		687B46041F4663810050B64D /* Section.swift */ = {isa = PBXFileReference; fileEncoding = 4; lastKnownFileType = sourcecode.swift; path = Section.swift; sourceTree = "<group>"; };
		687B46051F4663810050B64D /* SplitScreenViewController.swift */ = {isa = PBXFileReference; fileEncoding = 4; lastKnownFileType = sourcecode.swift; path = SplitScreenViewController.swift; sourceTree = "<group>"; };
		687B46061F4663810050B64D /* TextViewController.swift */ = {isa = PBXFileReference; fileEncoding = 4; lastKnownFileType = sourcecode.swift; path = TextViewController.swift; sourceTree = "<group>"; };
		687B46071F4663810050B64D /* UIImage+AssetIdentifier.swift */ = {isa = PBXFileReference; fileEncoding = 4; lastKnownFileType = sourcecode.swift; path = "UIImage+AssetIdentifier.swift"; sourceTree = "<group>"; };
		687B46081F4663810050B64D /* XCButton.swift */ = {isa = PBXFileReference; fileEncoding = 4; lastKnownFileType = sourcecode.swift; path = XCButton.swift; sourceTree = "<group>"; };
		687B46091F4663810050B64D /* XCGradientLayer.swift */ = {isa = PBXFileReference; fileEncoding = 4; lastKnownFileType = sourcecode.swift; path = XCGradientLayer.swift; sourceTree = "<group>"; };
		687B460A1F4663810050B64D /* XCPageViewController.swift */ = {isa = PBXFileReference; fileEncoding = 4; lastKnownFileType = sourcecode.swift; path = XCPageViewController.swift; sourceTree = "<group>"; };
		687B460B1F4663810050B64D /* XCScrollViewController.swift */ = {isa = PBXFileReference; fileEncoding = 4; lastKnownFileType = sourcecode.swift; path = XCScrollViewController.swift; sourceTree = "<group>"; };
		687B460C1F4663810050B64D /* XCTableViewCell.swift */ = {isa = PBXFileReference; fileEncoding = 4; lastKnownFileType = sourcecode.swift; path = XCTableViewCell.swift; sourceTree = "<group>"; };
		687B460D1F4663810050B64D /* XCTextField.swift */ = {isa = PBXFileReference; fileEncoding = 4; lastKnownFileType = sourcecode.swift; path = XCTextField.swift; sourceTree = "<group>"; };
		687B460E1F4663810050B64D /* XCToolbar.swift */ = {isa = PBXFileReference; fileEncoding = 4; lastKnownFileType = sourcecode.swift; path = XCToolbar.swift; sourceTree = "<group>"; };
		687B460F1F4663810050B64D /* XCView.swift */ = {isa = PBXFileReference; fileEncoding = 4; lastKnownFileType = sourcecode.swift; path = XCView.swift; sourceTree = "<group>"; };
		687B46111F4663810050B64D /* AVFoundationExtensions.swift */ = {isa = PBXFileReference; fileEncoding = 4; lastKnownFileType = sourcecode.swift; path = AVFoundationExtensions.swift; sourceTree = "<group>"; };
		687B46121F4663810050B64D /* BundleExtensions.swift */ = {isa = PBXFileReference; fileEncoding = 4; lastKnownFileType = sourcecode.swift; path = BundleExtensions.swift; sourceTree = "<group>"; };
		687B46131F4663810050B64D /* CoreAnimationExtensions.swift */ = {isa = PBXFileReference; fileEncoding = 4; lastKnownFileType = sourcecode.swift; path = CoreAnimationExtensions.swift; sourceTree = "<group>"; };
		687B46141F4663810050B64D /* DateExtensions.swift */ = {isa = PBXFileReference; fileEncoding = 4; lastKnownFileType = sourcecode.swift; path = DateExtensions.swift; sourceTree = "<group>"; };
		687B46151F4663810050B64D /* DispatchQueueExtensions.swift */ = {isa = PBXFileReference; fileEncoding = 4; lastKnownFileType = sourcecode.swift; path = DispatchQueueExtensions.swift; sourceTree = "<group>"; };
		687B46161F4663810050B64D /* FoundationExtensions.swift */ = {isa = PBXFileReference; fileEncoding = 4; lastKnownFileType = sourcecode.swift; path = FoundationExtensions.swift; sourceTree = "<group>"; };
		687B46171F4663810050B64D /* InternalExtensions.swift */ = {isa = PBXFileReference; fileEncoding = 4; lastKnownFileType = sourcecode.swift; path = InternalExtensions.swift; sourceTree = "<group>"; };
		687B46181F4663810050B64D /* NSAttributedStringExtensions.swift */ = {isa = PBXFileReference; fileEncoding = 4; lastKnownFileType = sourcecode.swift; path = NSAttributedStringExtensions.swift; sourceTree = "<group>"; };
		687B46191F4663810050B64D /* NSLayoutConstraintExtensions.swift */ = {isa = PBXFileReference; fileEncoding = 4; lastKnownFileType = sourcecode.swift; path = NSLayoutConstraintExtensions.swift; sourceTree = "<group>"; };
		687B461A1F4663810050B64D /* SDWebImage+Helpers.swift */ = {isa = PBXFileReference; fileEncoding = 4; lastKnownFileType = sourcecode.swift; path = "SDWebImage+Helpers.swift"; sourceTree = "<group>"; };
		687B461B1F4663810050B64D /* SwiftExtensions.swift */ = {isa = PBXFileReference; fileEncoding = 4; lastKnownFileType = sourcecode.swift; path = SwiftExtensions.swift; sourceTree = "<group>"; };
		687B461C1F4663810050B64D /* UIAlertControllerExtensions.swift */ = {isa = PBXFileReference; fileEncoding = 4; lastKnownFileType = sourcecode.swift; path = UIAlertControllerExtensions.swift; sourceTree = "<group>"; };
		687B461D1F4663810050B64D /* UIBarExtensions.swift */ = {isa = PBXFileReference; fileEncoding = 4; lastKnownFileType = sourcecode.swift; path = UIBarExtensions.swift; sourceTree = "<group>"; };
		687B461E1F4663810050B64D /* UIButtonExtensions.swift */ = {isa = PBXFileReference; fileEncoding = 4; lastKnownFileType = sourcecode.swift; path = UIButtonExtensions.swift; sourceTree = "<group>"; };
		687B461F1F4663810050B64D /* UICollectionViewExtensions.swift */ = {isa = PBXFileReference; fileEncoding = 4; lastKnownFileType = sourcecode.swift; path = UICollectionViewExtensions.swift; sourceTree = "<group>"; };
		687B46201F4663810050B64D /* UIColorExtensions.swift */ = {isa = PBXFileReference; fileEncoding = 4; lastKnownFileType = sourcecode.swift; path = UIColorExtensions.swift; sourceTree = "<group>"; };
		687B46211F4663810050B64D /* UIDevice+Model.swift */ = {isa = PBXFileReference; fileEncoding = 4; lastKnownFileType = sourcecode.swift; path = "UIDevice+Model.swift"; sourceTree = "<group>"; };
		687B46221F4663810050B64D /* UIDeviceExtensions.swift */ = {isa = PBXFileReference; fileEncoding = 4; lastKnownFileType = sourcecode.swift; path = UIDeviceExtensions.swift; sourceTree = "<group>"; };
		687B46231F4663810050B64D /* UIFontExtensions.swift */ = {isa = PBXFileReference; fileEncoding = 4; lastKnownFileType = sourcecode.swift; path = UIFontExtensions.swift; sourceTree = "<group>"; };
		687B46241F4663810050B64D /* UIGeometryExtensions.swift */ = {isa = PBXFileReference; fileEncoding = 4; lastKnownFileType = sourcecode.swift; path = UIGeometryExtensions.swift; sourceTree = "<group>"; };
		687B46251F4663810050B64D /* UIImageExtensions.swift */ = {isa = PBXFileReference; fileEncoding = 4; lastKnownFileType = sourcecode.swift; path = UIImageExtensions.swift; sourceTree = "<group>"; };
		687B46261F4663810050B64D /* UIImageViewExtensions.swift */ = {isa = PBXFileReference; fileEncoding = 4; lastKnownFileType = sourcecode.swift; path = UIImageViewExtensions.swift; sourceTree = "<group>"; };
		687B46271F4663810050B64D /* UIKitExtensions.swift */ = {isa = PBXFileReference; fileEncoding = 4; lastKnownFileType = sourcecode.swift; path = UIKitExtensions.swift; sourceTree = "<group>"; };
		687B46281F4663810050B64D /* UILabelExtensions.swift */ = {isa = PBXFileReference; fileEncoding = 4; lastKnownFileType = sourcecode.swift; path = UILabelExtensions.swift; sourceTree = "<group>"; };
		687B46291F4663810050B64D /* UINavigationController+HidesBottomBarWhenPushed.swift */ = {isa = PBXFileReference; fileEncoding = 4; lastKnownFileType = sourcecode.swift; path = "UINavigationController+HidesBottomBarWhenPushed.swift"; sourceTree = "<group>"; };
		687B462A1F4663810050B64D /* UINavigationControllerExtensions.swift */ = {isa = PBXFileReference; fileEncoding = 4; lastKnownFileType = sourcecode.swift; path = UINavigationControllerExtensions.swift; sourceTree = "<group>"; };
		687B462B1F4663810050B64D /* UIScrollViewExtensions.swift */ = {isa = PBXFileReference; fileEncoding = 4; lastKnownFileType = sourcecode.swift; path = UIScrollViewExtensions.swift; sourceTree = "<group>"; };
		687B462C1F4663810050B64D /* UITabBarControllerExtensions.swift */ = {isa = PBXFileReference; fileEncoding = 4; lastKnownFileType = sourcecode.swift; path = UITabBarControllerExtensions.swift; sourceTree = "<group>"; };
		687B462D1F4663810050B64D /* UITableViewExtensions.swift */ = {isa = PBXFileReference; fileEncoding = 4; lastKnownFileType = sourcecode.swift; path = UITableViewExtensions.swift; sourceTree = "<group>"; };
		687B462E1F4663810050B64D /* UIViewControllerExtensions.swift */ = {isa = PBXFileReference; fileEncoding = 4; lastKnownFileType = sourcecode.swift; path = UIViewControllerExtensions.swift; sourceTree = "<group>"; };
		687B462F1F4663810050B64D /* UIViewExtensions.swift */ = {isa = PBXFileReference; fileEncoding = 4; lastKnownFileType = sourcecode.swift; path = UIViewExtensions.swift; sourceTree = "<group>"; };
		687B46311F4663810050B64D /* Collectionify.swift */ = {isa = PBXFileReference; fileEncoding = 4; lastKnownFileType = sourcecode.swift; path = Collectionify.swift; sourceTree = "<group>"; };
		687B46321F4663810050B64D /* TODO.swift */ = {isa = PBXFileReference; fileEncoding = 4; lastKnownFileType = sourcecode.swift; path = TODO.swift; sourceTree = "<group>"; };
		687B46341F4663810050B64D /* Colorable.swift */ = {isa = PBXFileReference; fileEncoding = 4; lastKnownFileType = sourcecode.swift; path = Colorable.swift; sourceTree = "<group>"; };
		687B46351F4663810050B64D /* EnumIteratable.swift */ = {isa = PBXFileReference; fileEncoding = 4; lastKnownFileType = sourcecode.swift; path = EnumIteratable.swift; sourceTree = "<group>"; };
		687B46361F4663810050B64D /* EquatableByPointer.swift */ = {isa = PBXFileReference; fileEncoding = 4; lastKnownFileType = sourcecode.swift; path = EquatableByPointer.swift; sourceTree = "<group>"; };
		687B46371F4663810050B64D /* NibInstantiable.swift */ = {isa = PBXFileReference; fileEncoding = 4; lastKnownFileType = sourcecode.swift; path = NibInstantiable.swift; sourceTree = "<group>"; };
		687B46381F4663810050B64D /* OptionsRepresentable.swift */ = {isa = PBXFileReference; fileEncoding = 4; lastKnownFileType = sourcecode.swift; path = OptionsRepresentable.swift; sourceTree = "<group>"; };
		687B46391F4663810050B64D /* Serializable.swift */ = {isa = PBXFileReference; fileEncoding = 4; lastKnownFileType = sourcecode.swift; path = Serializable.swift; sourceTree = "<group>"; };
		687B463A1F4663810050B64D /* StoryboardInstantiable.swift */ = {isa = PBXFileReference; fileEncoding = 4; lastKnownFileType = sourcecode.swift; path = StoryboardInstantiable.swift; sourceTree = "<group>"; };
		687B463C1F4663810050B64D /* Reusable.swift */ = {isa = PBXFileReference; fileEncoding = 4; lastKnownFileType = sourcecode.swift; path = Reusable.swift; sourceTree = "<group>"; };
		687B463D1F4663810050B64D /* UICollectionView+Reusable.swift */ = {isa = PBXFileReference; fileEncoding = 4; lastKnownFileType = sourcecode.swift; path = "UICollectionView+Reusable.swift"; sourceTree = "<group>"; };
		687B463E1F4663810050B64D /* UITableView+Reusable.swift */ = {isa = PBXFileReference; fileEncoding = 4; lastKnownFileType = sourcecode.swift; path = "UITableView+Reusable.swift"; sourceTree = "<group>"; };
		687B46401F4663810050B64D /* Timer+Closure.swift */ = {isa = PBXFileReference; fileEncoding = 4; lastKnownFileType = sourcecode.swift; path = "Timer+Closure.swift"; sourceTree = "<group>"; };
		689869C81E99926100CE7B77 /* Example.app */ = {isa = PBXFileReference; explicitFileType = wrapper.application; includeInIndex = 0; path = Example.app; sourceTree = BUILT_PRODUCTS_DIR; };
		689869DB1E9992E600CE7B77 /* Info.plist */ = {isa = PBXFileReference; fileEncoding = 4; lastKnownFileType = text.plist.xml; path = Info.plist; sourceTree = "<group>"; };
		689869DD1E9992E600CE7B77 /* ViewController.swift */ = {isa = PBXFileReference; fileEncoding = 4; lastKnownFileType = sourcecode.swift; path = ViewController.swift; sourceTree = "<group>"; };
		689869DF1E9992E600CE7B77 /* AppDelegate.swift */ = {isa = PBXFileReference; fileEncoding = 4; lastKnownFileType = sourcecode.swift; path = AppDelegate.swift; sourceTree = "<group>"; };
		689869E01E9992E600CE7B77 /* Assets.xcassets */ = {isa = PBXFileReference; lastKnownFileType = folder.assetcatalog; path = Assets.xcassets; sourceTree = "<group>"; };
		689869E21E9992E600CE7B77 /* Base */ = {isa = PBXFileReference; lastKnownFileType = file.storyboard; name = Base; path = Base.lproj/LaunchScreen.storyboard; sourceTree = "<group>"; };
		689869E41E9992E600CE7B77 /* Base */ = {isa = PBXFileReference; lastKnownFileType = file.storyboard; name = Base; path = Base.lproj/Main.storyboard; sourceTree = "<group>"; };
		689D0C751D8DBB9500145E0B /* Xcore.framework */ = {isa = PBXFileReference; explicitFileType = wrapper.framework; includeInIndex = 0; path = Xcore.framework; sourceTree = BUILT_PRODUCTS_DIR; };
		689D0C7E1D8DBB9600145E0B /* Tests.xctest */ = {isa = PBXFileReference; explicitFileType = wrapper.cfbundle; includeInIndex = 0; path = Tests.xctest; sourceTree = BUILT_PRODUCTS_DIR; };
		689D0D171D8DBE5C00145E0B /* Info.plist */ = {isa = PBXFileReference; fileEncoding = 4; lastKnownFileType = text.plist.xml; path = Info.plist; sourceTree = "<group>"; };
		689D0D181D8DBE5C00145E0B /* XcoreTests.swift */ = {isa = PBXFileReference; fileEncoding = 4; lastKnownFileType = sourcecode.swift; path = XcoreTests.swift; sourceTree = "<group>"; };
		68C392FD1E99D327009D8D58 /* PredicateQueryTests.swift */ = {isa = PBXFileReference; fileEncoding = 4; lastKnownFileType = sourcecode.swift; path = PredicateQueryTests.swift; sourceTree = "<group>"; };
		84F555E9FA859A59DB03B60C /* Pods_Tests.framework */ = {isa = PBXFileReference; explicitFileType = wrapper.framework; includeInIndex = 0; path = Pods_Tests.framework; sourceTree = BUILT_PRODUCTS_DIR; };
		C773C4D476BF4309831EDE03 /* Pods_Example.framework */ = {isa = PBXFileReference; explicitFileType = wrapper.framework; includeInIndex = 0; path = Pods_Example.framework; sourceTree = BUILT_PRODUCTS_DIR; };
/* End PBXFileReference section */

/* Begin PBXFrameworksBuildPhase section */
		689869C51E99926100CE7B77 /* Frameworks */ = {
			isa = PBXFrameworksBuildPhase;
			buildActionMask = 2147483647;
			files = (
				975C9436F0C35B14D6B8FFF0 /* Pods_Example.framework in Frameworks */,
			);
			runOnlyForDeploymentPostprocessing = 0;
		};
		689D0C711D8DBB9500145E0B /* Frameworks */ = {
			isa = PBXFrameworksBuildPhase;
			buildActionMask = 2147483647;
			files = (
			);
			runOnlyForDeploymentPostprocessing = 0;
		};
		689D0C7B1D8DBB9600145E0B /* Frameworks */ = {
			isa = PBXFrameworksBuildPhase;
			buildActionMask = 2147483647;
			files = (
				CDE69BBCB1B78A0EB89C5FCD /* Pods_Tests.framework in Frameworks */,
			);
			runOnlyForDeploymentPostprocessing = 0;
		};
/* End PBXFrameworksBuildPhase section */

/* Begin PBXGroup section */
		30FA4F55EBD144846EB5BC5D /* Pods */ = {
			isa = PBXGroup;
			children = (
				446C91589F40B969C0CF0706 /* Pods-Example.debug.xcconfig */,
				5D3CFC269887586363462B4B /* Pods-Example.release.xcconfig */,
				0E028CA527265C27C4FB6507 /* Pods-Tests.debug.xcconfig */,
				56D96A853E1B0EC4E75E0691 /* Pods-Tests.release.xcconfig */,
			);
			name = Pods;
			sourceTree = "<group>";
		};
		681BD58B1D8DD5C7008E68C3 /* Frameworks */ = {
			isa = PBXGroup;
			children = (
				84F555E9FA859A59DB03B60C /* Pods_Tests.framework */,
				4F7DCE5F8350BCAF06C38805 /* Pods_Xcore.framework */,
				C773C4D476BF4309831EDE03 /* Pods_Example.framework */,
			);
			name = Frameworks;
			sourceTree = "<group>";
		};
		68728FBA1F3C1F3000A0C1D0 /* Sources */ = {
			isa = PBXGroup;
			children = (
				687B45CC1F4663810050B64D /* Animations */,
				687B45D41F4663810050B64D /* Blocks */,
				687B45DA1F4663810050B64D /* Classes */,
				687B45EA1F4663810050B64D /* Components */,
				687B46101F4663810050B64D /* Extensions */,
				687B46301F4663810050B64D /* Helpers */,
				687B46331F4663810050B64D /* Protocols */,
				687B463B1F4663810050B64D /* Reusable */,
				687B463F1F4663810050B64D /* ThirdParty */,
				687290291F3C1F3000A0C1D0 /* Supporting Files */,
			);
			path = Sources;
			sourceTree = "<group>";
		};
		687290291F3C1F3000A0C1D0 /* Supporting Files */ = {
			isa = PBXGroup;
			children = (
				6872902A1F3C1F3000A0C1D0 /* Assets.xcassets */,
				6872902B1F3C1F3000A0C1D0 /* Info.plist */,
				6872902C1F3C1F3000A0C1D0 /* Xcore.h */,
			);
			path = "Supporting Files";
			sourceTree = "<group>";
		};
		687B45CC1F4663810050B64D /* Animations */ = {
			isa = PBXGroup;
			children = (
				687B45CD1F4663810050B64D /* FadeAnimator.swift */,
				687B45CE1F4663810050B64D /* TransitionAnimator.swift */,
				687B45CF1F4663810050B64D /* ZoomAnimator */,
			);
			path = Animations;
			sourceTree = "<group>";
		};
		687B45CF1F4663810050B64D /* ZoomAnimator */ = {
			isa = PBXGroup;
			children = (
				687B45D01F4663810050B64D /* ZoomAnimator.swift */,
				687B45D11F4663810050B64D /* ZoomAnimatorInteractiveTransition.swift */,
				687B45D21F4663810050B64D /* ZoomAnimatorNavigationControllerDelegate.swift */,
				687B45D31F4663810050B64D /* ZoomAnimatorSourceDestination.swift */,
			);
			path = ZoomAnimator;
			sourceTree = "<group>";
		};
		687B45D41F4663810050B64D /* Blocks */ = {
			isa = PBXGroup;
			children = (
				687B45D51F4663810050B64D /* MFMailComposeViewController+Blocks.swift */,
				687B45D61F4663810050B64D /* TargetActionBlockRepresentable.swift */,
				687B45D71F4663810050B64D /* UIBarButtonItem+Blocks.swift */,
				687B45D81F4663810050B64D /* UIControl+Blocks.swift */,
				687B45D91F4663810050B64D /* UIGestureRecognizer+Blocks.swift */,
			);
			path = Blocks;
			sourceTree = "<group>";
		};
		687B45DA1F4663810050B64D /* Classes */ = {
			isa = PBXGroup;
			children = (
				687B45DB1F4663810050B64D /* AnyEquatable.swift */,
				687B45DC1F4663810050B64D /* Benchmark.swift */,
				687B45DD1F4663810050B64D /* Console.swift */,
				687B45DE1F4663810050B64D /* Debugger.swift */,
				687B45DF1F4663810050B64D /* Environment.swift */,
				687B45E01F4663810050B64D /* JSONHelpers.swift */,
				687B45E11F4663810050B64D /* Observer.swift */,
				687B45E21F4663810050B64D /* PredicateQuery.swift */,
				687B45E31F4663810050B64D /* Request.swift */,
				687B45E41F4663810050B64D /* Swizzle.swift */,
				687B45E51F4663810050B64D /* Weak.swift */,
				687B45E61F4663810050B64D /* WKWeakDelegate.swift */,
				687B45E71F4663810050B64D /* XCConfiguration.swift */,
				687B45E81F4663810050B64D /* XcoreSwizzle.swift */,
				687B45E91F4663810050B64D /* XCUserDefault.swift */,
			);
			path = Classes;
			sourceTree = "<group>";
		};
		687B45EA1F4663810050B64D /* Components */ = {
			isa = PBXGroup;
			children = (
				687B45EB1F4663810050B64D /* DataSources */,
				687B45F51F4663810050B64D /* DynamicTableView */,
				687B45FB1F4663810050B64D /* IconLabelView */,
				687B46011F4663810050B64D /* IndexPathCache.swift */,
				687B46021F4663810050B64D /* IntrinsicContentSizeView.swift */,
				687B46031F4663810050B64D /* ReorderTableView.swift */,
				687B46041F4663810050B64D /* Section.swift */,
				687B46051F4663810050B64D /* SplitScreenViewController.swift */,
				687B46061F4663810050B64D /* TextViewController.swift */,
				687B46071F4663810050B64D /* UIImage+AssetIdentifier.swift */,
				687B46081F4663810050B64D /* XCButton.swift */,
				687B46091F4663810050B64D /* XCGradientLayer.swift */,
				687B460A1F4663810050B64D /* XCPageViewController.swift */,
				687B460B1F4663810050B64D /* XCScrollViewController.swift */,
				687B460C1F4663810050B64D /* XCTableViewCell.swift */,
				687B460D1F4663810050B64D /* XCTextField.swift */,
				687B460E1F4663810050B64D /* XCToolbar.swift */,
				687B460F1F4663810050B64D /* XCView.swift */,
			);
			path = Components;
			sourceTree = "<group>";
		};
		687B45EB1F4663810050B64D /* DataSources */ = {
			isa = PBXGroup;
			children = (
				687B45EC1F4663810050B64D /* DataSourceIndex.swift */,
				687B45ED1F4663810050B64D /* XCCollectionViewComposedDataSource */,
				687B45F11F4663810050B64D /* XCTableViewComposedDataSource */,
			);
			path = DataSources;
			sourceTree = "<group>";
		};
		687B45ED1F4663810050B64D /* XCCollectionViewComposedDataSource */ = {
			isa = PBXGroup;
			children = (
				687B45EE1F4663810050B64D /* XCCollectionViewComposedDataSource.swift */,
				687B45EF1F4663810050B64D /* XCCollectionViewDataSource.swift */,
				687B45F01F4663810050B64D /* XCComposedCollectionViewController.swift */,
			);
			path = XCCollectionViewComposedDataSource;
			sourceTree = "<group>";
		};
		687B45F11F4663810050B64D /* XCTableViewComposedDataSource */ = {
			isa = PBXGroup;
			children = (
				687B45F21F4663810050B64D /* XCComposedTableViewController.swift */,
				687B45F31F4663810050B64D /* XCTableViewComposedDataSource.swift */,
				687B45F41F4663810050B64D /* XCTableViewDataSource.swift */,
			);
			path = XCTableViewComposedDataSource;
			sourceTree = "<group>";
		};
		687B45F51F4663810050B64D /* DynamicTableView */ = {
			isa = PBXGroup;
			children = (
				687B45F61F4663810050B64D /* DynamicTableView.swift */,
				687B45F71F4663810050B64D /* DynamicTableViewCell.swift */,
				687B45F81F4663810050B64D /* DynamicTableViewController.swift */,
				687B45F91F4663810050B64D /* DynamicTableViewTypes.swift */,
				687B45FA1F4663810050B64D /* TestDynamicTableViewController.swift */,
			);
			path = DynamicTableView;
			sourceTree = "<group>";
		};
		687B45FB1F4663810050B64D /* IconLabelView */ = {
			isa = PBXGroup;
			children = (
				687B45FC1F4663810050B64D /* IconLabelCollectionView.swift */,
				687B45FD1F4663810050B64D /* IconLabelCollectionViewCell.swift */,
				687B45FE1F4663810050B64D /* IconLabelCollectionViewController.swift */,
				687B45FF1F4663810050B64D /* IconLabelView.swift */,
				687B46001F4663810050B64D /* ImageTitleDisplayable.swift */,
			);
			path = IconLabelView;
			sourceTree = "<group>";
		};
		687B46101F4663810050B64D /* Extensions */ = {
			isa = PBXGroup;
			children = (
				687B46111F4663810050B64D /* AVFoundationExtensions.swift */,
				687B46121F4663810050B64D /* BundleExtensions.swift */,
				687B46131F4663810050B64D /* CoreAnimationExtensions.swift */,
				687B46141F4663810050B64D /* DateExtensions.swift */,
				687B46151F4663810050B64D /* DispatchQueueExtensions.swift */,
				687B46161F4663810050B64D /* FoundationExtensions.swift */,
				687B46171F4663810050B64D /* InternalExtensions.swift */,
				687B46181F4663810050B64D /* NSAttributedStringExtensions.swift */,
				687B46191F4663810050B64D /* NSLayoutConstraintExtensions.swift */,
				687B461A1F4663810050B64D /* SDWebImage+Helpers.swift */,
				687B461B1F4663810050B64D /* SwiftExtensions.swift */,
				687B461C1F4663810050B64D /* UIAlertControllerExtensions.swift */,
				687B461D1F4663810050B64D /* UIBarExtensions.swift */,
				687B461E1F4663810050B64D /* UIButtonExtensions.swift */,
				687B461F1F4663810050B64D /* UICollectionViewExtensions.swift */,
				687B46201F4663810050B64D /* UIColorExtensions.swift */,
				687B46211F4663810050B64D /* UIDevice+Model.swift */,
				687B46221F4663810050B64D /* UIDeviceExtensions.swift */,
				687B46231F4663810050B64D /* UIFontExtensions.swift */,
				687B46241F4663810050B64D /* UIGeometryExtensions.swift */,
				687B46251F4663810050B64D /* UIImageExtensions.swift */,
				687B46261F4663810050B64D /* UIImageViewExtensions.swift */,
				687B46271F4663810050B64D /* UIKitExtensions.swift */,
				687B46281F4663810050B64D /* UILabelExtensions.swift */,
				687B46291F4663810050B64D /* UINavigationController+HidesBottomBarWhenPushed.swift */,
				687B462A1F4663810050B64D /* UINavigationControllerExtensions.swift */,
				687B462B1F4663810050B64D /* UIScrollViewExtensions.swift */,
				687B462C1F4663810050B64D /* UITabBarControllerExtensions.swift */,
				687B462D1F4663810050B64D /* UITableViewExtensions.swift */,
				687B462E1F4663810050B64D /* UIViewControllerExtensions.swift */,
				687B462F1F4663810050B64D /* UIViewExtensions.swift */,
			);
			path = Extensions;
			sourceTree = "<group>";
		};
		687B46301F4663810050B64D /* Helpers */ = {
			isa = PBXGroup;
			children = (
				687B46311F4663810050B64D /* Collectionify.swift */,
				687B46321F4663810050B64D /* TODO.swift */,
			);
			path = Helpers;
			sourceTree = "<group>";
		};
		687B46331F4663810050B64D /* Protocols */ = {
			isa = PBXGroup;
			children = (
				687B46341F4663810050B64D /* Colorable.swift */,
				687B46351F4663810050B64D /* EnumIteratable.swift */,
				687B46361F4663810050B64D /* EquatableByPointer.swift */,
				687B46371F4663810050B64D /* NibInstantiable.swift */,
				687B46381F4663810050B64D /* OptionsRepresentable.swift */,
				687B46391F4663810050B64D /* Serializable.swift */,
				687B463A1F4663810050B64D /* StoryboardInstantiable.swift */,
			);
			path = Protocols;
			sourceTree = "<group>";
		};
		687B463B1F4663810050B64D /* Reusable */ = {
			isa = PBXGroup;
			children = (
				687B463C1F4663810050B64D /* Reusable.swift */,
				687B463D1F4663810050B64D /* UICollectionView+Reusable.swift */,
				687B463E1F4663810050B64D /* UITableView+Reusable.swift */,
			);
			path = Reusable;
			sourceTree = "<group>";
		};
		687B463F1F4663810050B64D /* ThirdParty */ = {
			isa = PBXGroup;
			children = (
				687B46401F4663810050B64D /* Timer+Closure.swift */,
			);
			path = ThirdParty;
			sourceTree = "<group>";
		};
		689869C91E99926100CE7B77 /* Example */ = {
			isa = PBXGroup;
			children = (
				689869DE1E9992E600CE7B77 /* Application */,
				689869DC1E9992E600CE7B77 /* Controllers */,
				689869DA1E9992E600CE7B77 /* Supporting Files */,
			);
			path = Example;
			sourceTree = "<group>";
		};
		689869DA1E9992E600CE7B77 /* Supporting Files */ = {
			isa = PBXGroup;
			children = (
				689869DB1E9992E600CE7B77 /* Info.plist */,
			);
			path = "Supporting Files";
			sourceTree = "<group>";
		};
		689869DC1E9992E600CE7B77 /* Controllers */ = {
			isa = PBXGroup;
			children = (
				689869DD1E9992E600CE7B77 /* ViewController.swift */,
			);
			path = Controllers;
			sourceTree = "<group>";
		};
		689869DE1E9992E600CE7B77 /* Application */ = {
			isa = PBXGroup;
			children = (
				689869DF1E9992E600CE7B77 /* AppDelegate.swift */,
				689869E31E9992E600CE7B77 /* Main.storyboard */,
				689869E11E9992E600CE7B77 /* LaunchScreen.storyboard */,
				689869E01E9992E600CE7B77 /* Assets.xcassets */,
			);
			path = Application;
			sourceTree = "<group>";
		};
		689D0C6B1D8DBB9500145E0B = {
			isa = PBXGroup;
			children = (
				689869C91E99926100CE7B77 /* Example */,
				68728FBA1F3C1F3000A0C1D0 /* Sources */,
				689D0D161D8DBE5C00145E0B /* Tests */,
				689D0C761D8DBB9500145E0B /* Products */,
				681BD58B1D8DD5C7008E68C3 /* Frameworks */,
				30FA4F55EBD144846EB5BC5D /* Pods */,
			);
			sourceTree = "<group>";
		};
		689D0C761D8DBB9500145E0B /* Products */ = {
			isa = PBXGroup;
			children = (
				689D0C751D8DBB9500145E0B /* Xcore.framework */,
				689D0C7E1D8DBB9600145E0B /* Tests.xctest */,
				689869C81E99926100CE7B77 /* Example.app */,
			);
			name = Products;
			sourceTree = "<group>";
		};
		689D0D161D8DBE5C00145E0B /* Tests */ = {
			isa = PBXGroup;
			children = (
				689D0D171D8DBE5C00145E0B /* Info.plist */,
				689D0D181D8DBE5C00145E0B /* XcoreTests.swift */,
				68C392FD1E99D327009D8D58 /* PredicateQueryTests.swift */,
			);
			path = Tests;
			sourceTree = "<group>";
		};
/* End PBXGroup section */

/* Begin PBXHeadersBuildPhase section */
		689D0C721D8DBB9500145E0B /* Headers */ = {
			isa = PBXHeadersBuildPhase;
			buildActionMask = 2147483647;
			files = (
				687290911F3C1F3100A0C1D0 /* Xcore.h in Headers */,
			);
			runOnlyForDeploymentPostprocessing = 0;
		};
/* End PBXHeadersBuildPhase section */

/* Begin PBXNativeTarget section */
		689869C71E99926100CE7B77 /* Example */ = {
			isa = PBXNativeTarget;
			buildConfigurationList = 689869D71E99926100CE7B77 /* Build configuration list for PBXNativeTarget "Example" */;
			buildPhases = (
				528D2BC006CC88A5E6D9B20E /* [CP] Check Pods Manifest.lock */,
				689869C41E99926100CE7B77 /* Sources */,
				689869C51E99926100CE7B77 /* Frameworks */,
				689869C61E99926100CE7B77 /* Resources */,
				A2011E0EF9E7BBCFC1BB51B5 /* [CP] Embed Pods Frameworks */,
				CC127E2582880FEC5AAA2FED /* [CP] Copy Pods Resources */,
			);
			buildRules = (
			);
			dependencies = (
			);
			name = Example;
			productName = Example;
			productReference = 689869C81E99926100CE7B77 /* Example.app */;
			productType = "com.apple.product-type.application";
		};
		689D0C741D8DBB9500145E0B /* Xcore */ = {
			isa = PBXNativeTarget;
			buildConfigurationList = 689D0C891D8DBB9600145E0B /* Build configuration list for PBXNativeTarget "Xcore" */;
			buildPhases = (
				689D0C701D8DBB9500145E0B /* Sources */,
				689D0C711D8DBB9500145E0B /* Frameworks */,
				689D0C721D8DBB9500145E0B /* Headers */,
				689D0C731D8DBB9500145E0B /* Resources */,
			);
			buildRules = (
			);
			dependencies = (
			);
			name = Xcore;
			productName = Xcore;
			productReference = 689D0C751D8DBB9500145E0B /* Xcore.framework */;
			productType = "com.apple.product-type.framework";
		};
		689D0C7D1D8DBB9600145E0B /* Tests */ = {
			isa = PBXNativeTarget;
			buildConfigurationList = 689D0C8C1D8DBB9600145E0B /* Build configuration list for PBXNativeTarget "Tests" */;
			buildPhases = (
				AA8AF57F04C008D6385F7344 /* [CP] Check Pods Manifest.lock */,
				689D0C7A1D8DBB9600145E0B /* Sources */,
				689D0C7B1D8DBB9600145E0B /* Frameworks */,
				689D0C7C1D8DBB9600145E0B /* Resources */,
				45860ABEB26577339DC0FE22 /* [CP] Embed Pods Frameworks */,
				5BE9722313574F744C1C0FDB /* [CP] Copy Pods Resources */,
			);
			buildRules = (
			);
			dependencies = (
				68B1DB2D1E999C10007CD621 /* PBXTargetDependency */,
			);
			name = Tests;
			productName = XcoreTests;
			productReference = 689D0C7E1D8DBB9600145E0B /* Tests.xctest */;
			productType = "com.apple.product-type.bundle.unit-test";
		};
/* End PBXNativeTarget section */

/* Begin PBXProject section */
		689D0C6C1D8DBB9500145E0B /* Project object */ = {
			isa = PBXProject;
			attributes = {
				LastSwiftUpdateCheck = 0830;
				LastUpgradeCheck = 0830;
				ORGANIZATIONNAME = Xcore;
				TargetAttributes = {
					689869C71E99926100CE7B77 = {
						CreatedOnToolsVersion = 8.3;
						ProvisioningStyle = Automatic;
					};
					689D0C741D8DBB9500145E0B = {
						CreatedOnToolsVersion = 8.0;
						LastSwiftMigration = 0800;
						ProvisioningStyle = Automatic;
					};
					689D0C7D1D8DBB9600145E0B = {
						CreatedOnToolsVersion = 8.0;
						LastSwiftMigration = 0800;
						ProvisioningStyle = Automatic;
						TestTargetID = 689869C71E99926100CE7B77;
					};
				};
			};
			buildConfigurationList = 689D0C6F1D8DBB9500145E0B /* Build configuration list for PBXProject "Xcore" */;
			compatibilityVersion = "Xcode 3.2";
			developmentRegion = English;
			hasScannedForEncodings = 0;
			knownRegions = (
				en,
				Base,
			);
			mainGroup = 689D0C6B1D8DBB9500145E0B;
			productRefGroup = 689D0C761D8DBB9500145E0B /* Products */;
			projectDirPath = "";
			projectRoot = "";
			targets = (
				689869C71E99926100CE7B77 /* Example */,
				689D0C741D8DBB9500145E0B /* Xcore */,
				689D0C7D1D8DBB9600145E0B /* Tests */,
			);
		};
/* End PBXProject section */

/* Begin PBXResourcesBuildPhase section */
		689869C61E99926100CE7B77 /* Resources */ = {
			isa = PBXResourcesBuildPhase;
			buildActionMask = 2147483647;
			files = (
				689869E91E9992E600CE7B77 /* LaunchScreen.storyboard in Resources */,
				689869E81E9992E600CE7B77 /* Assets.xcassets in Resources */,
				689869EA1E9992E600CE7B77 /* Main.storyboard in Resources */,
			);
			runOnlyForDeploymentPostprocessing = 0;
		};
		689D0C731D8DBB9500145E0B /* Resources */ = {
			isa = PBXResourcesBuildPhase;
			buildActionMask = 2147483647;
			files = (
				687290901F3C1F3100A0C1D0 /* Info.plist in Resources */,
				6872908F1F3C1F3100A0C1D0 /* Assets.xcassets in Resources */,
			);
			runOnlyForDeploymentPostprocessing = 0;
		};
		689D0C7C1D8DBB9600145E0B /* Resources */ = {
			isa = PBXResourcesBuildPhase;
			buildActionMask = 2147483647;
			files = (
			);
			runOnlyForDeploymentPostprocessing = 0;
		};
/* End PBXResourcesBuildPhase section */

/* Begin PBXShellScriptBuildPhase section */
		45860ABEB26577339DC0FE22 /* [CP] Embed Pods Frameworks */ = {
			isa = PBXShellScriptBuildPhase;
			buildActionMask = 2147483647;
			files = (
			);
			inputPaths = (
			);
			name = "[CP] Embed Pods Frameworks";
			outputPaths = (
			);
			runOnlyForDeploymentPostprocessing = 0;
			shellPath = /bin/sh;
			shellScript = "\"${SRCROOT}/Pods/Target Support Files/Pods-Tests/Pods-Tests-frameworks.sh\"\n";
			showEnvVarsInLog = 0;
		};
		528D2BC006CC88A5E6D9B20E /* [CP] Check Pods Manifest.lock */ = {
			isa = PBXShellScriptBuildPhase;
			buildActionMask = 2147483647;
			files = (
			);
			inputPaths = (
				"${PODS_PODFILE_DIR_PATH}/Podfile.lock",
				"${PODS_ROOT}/Manifest.lock",
			);
			name = "[CP] Check Pods Manifest.lock";
			outputPaths = (
				"$(DERIVED_FILE_DIR)/Pods-Example-checkManifestLockResult.txt",
			);
			runOnlyForDeploymentPostprocessing = 0;
			shellPath = /bin/sh;
			shellScript = "diff \"${PODS_PODFILE_DIR_PATH}/Podfile.lock\" \"${PODS_ROOT}/Manifest.lock\" > /dev/null\nif [ $? != 0 ] ; then\n    # print error to STDERR\n    echo \"error: The sandbox is not in sync with the Podfile.lock. Run 'pod install' or update your CocoaPods installation.\" >&2\n    exit 1\nfi\n# This output is used by Xcode 'outputs' to avoid re-running this script phase.\necho \"SUCCESS\" > \"${SCRIPT_OUTPUT_FILE_0}\"\n";
			showEnvVarsInLog = 0;
		};
		5BE9722313574F744C1C0FDB /* [CP] Copy Pods Resources */ = {
			isa = PBXShellScriptBuildPhase;
			buildActionMask = 2147483647;
			files = (
			);
			inputPaths = (
			);
			name = "[CP] Copy Pods Resources";
			outputPaths = (
			);
			runOnlyForDeploymentPostprocessing = 0;
			shellPath = /bin/sh;
			shellScript = "\"${SRCROOT}/Pods/Target Support Files/Pods-Tests/Pods-Tests-resources.sh\"\n";
			showEnvVarsInLog = 0;
		};
		A2011E0EF9E7BBCFC1BB51B5 /* [CP] Embed Pods Frameworks */ = {
			isa = PBXShellScriptBuildPhase;
			buildActionMask = 2147483647;
			files = (
			);
			inputPaths = (
				"${SRCROOT}/Pods/Target Support Files/Pods-Example/Pods-Example-frameworks.sh",
				"${BUILT_PRODUCTS_DIR}/BEMCheckBox/BEMCheckBox.framework",
				"${BUILT_PRODUCTS_DIR}/MDHTMLLabel/MDHTMLLabel.framework",
				"${BUILT_PRODUCTS_DIR}/SDWebImage/SDWebImage.framework",
				"${BUILT_PRODUCTS_DIR}/Xcore/Xcore.framework",
			);
			name = "[CP] Embed Pods Frameworks";
			outputPaths = (
				"${TARGET_BUILD_DIR}/${FRAMEWORKS_FOLDER_PATH}/BEMCheckBox.framework",
				"${TARGET_BUILD_DIR}/${FRAMEWORKS_FOLDER_PATH}/MDHTMLLabel.framework",
				"${TARGET_BUILD_DIR}/${FRAMEWORKS_FOLDER_PATH}/SDWebImage.framework",
				"${TARGET_BUILD_DIR}/${FRAMEWORKS_FOLDER_PATH}/Xcore.framework",
			);
			runOnlyForDeploymentPostprocessing = 0;
			shellPath = /bin/sh;
			shellScript = "\"${SRCROOT}/Pods/Target Support Files/Pods-Example/Pods-Example-frameworks.sh\"\n";
			showEnvVarsInLog = 0;
		};
		AA8AF57F04C008D6385F7344 /* [CP] Check Pods Manifest.lock */ = {
			isa = PBXShellScriptBuildPhase;
			buildActionMask = 2147483647;
			files = (
			);
			inputPaths = (
				"${PODS_PODFILE_DIR_PATH}/Podfile.lock",
				"${PODS_ROOT}/Manifest.lock",
			);
			name = "[CP] Check Pods Manifest.lock";
			outputPaths = (
				"$(DERIVED_FILE_DIR)/Pods-Tests-checkManifestLockResult.txt",
			);
			runOnlyForDeploymentPostprocessing = 0;
			shellPath = /bin/sh;
			shellScript = "diff \"${PODS_PODFILE_DIR_PATH}/Podfile.lock\" \"${PODS_ROOT}/Manifest.lock\" > /dev/null\nif [ $? != 0 ] ; then\n    # print error to STDERR\n    echo \"error: The sandbox is not in sync with the Podfile.lock. Run 'pod install' or update your CocoaPods installation.\" >&2\n    exit 1\nfi\n# This output is used by Xcode 'outputs' to avoid re-running this script phase.\necho \"SUCCESS\" > \"${SCRIPT_OUTPUT_FILE_0}\"\n";
			showEnvVarsInLog = 0;
		};
		CC127E2582880FEC5AAA2FED /* [CP] Copy Pods Resources */ = {
			isa = PBXShellScriptBuildPhase;
			buildActionMask = 2147483647;
			files = (
			);
			inputPaths = (
			);
			name = "[CP] Copy Pods Resources";
			outputPaths = (
			);
			runOnlyForDeploymentPostprocessing = 0;
			shellPath = /bin/sh;
			shellScript = "\"${SRCROOT}/Pods/Target Support Files/Pods-Example/Pods-Example-resources.sh\"\n";
			showEnvVarsInLog = 0;
		};
/* End PBXShellScriptBuildPhase section */

/* Begin PBXSourcesBuildPhase section */
		689869C41E99926100CE7B77 /* Sources */ = {
			isa = PBXSourcesBuildPhase;
			buildActionMask = 2147483647;
			files = (
				689869E71E9992E600CE7B77 /* AppDelegate.swift in Sources */,
				689869E61E9992E600CE7B77 /* ViewController.swift in Sources */,
			);
			runOnlyForDeploymentPostprocessing = 0;
		};
		689D0C701D8DBB9500145E0B /* Sources */ = {
			isa = PBXSourcesBuildPhase;
			buildActionMask = 2147483647;
			files = (
				687B46971F4663810050B64D /* UITableViewExtensions.swift in Sources */,
				687B46471F4663810050B64D /* MFMailComposeViewController+Blocks.swift in Sources */,
				687B468C1F4663810050B64D /* UIDeviceExtensions.swift in Sources */,
				687B46521F4663810050B64D /* Observer.swift in Sources */,
				687B46861F4663810050B64D /* UIAlertControllerExtensions.swift in Sources */,
				687B469E1F4663810050B64D /* EquatableByPointer.swift in Sources */,
				687B469F1F4663810050B64D /* NibInstantiable.swift in Sources */,
				687B46811F4663810050B64D /* InternalExtensions.swift in Sources */,
				687B46501F4663810050B64D /* Environment.swift in Sources */,
				687B467E1F4663810050B64D /* DateExtensions.swift in Sources */,
				687B46941F4663810050B64D /* UINavigationControllerExtensions.swift in Sources */,
				687B464C1F4663810050B64D /* AnyEquatable.swift in Sources */,
				687B46A31F4663810050B64D /* Reusable.swift in Sources */,
				687B46411F4663810050B64D /* FadeAnimator.swift in Sources */,
				687B46A01F4663810050B64D /* OptionsRepresentable.swift in Sources */,
				687B46711F4663810050B64D /* TextViewController.swift in Sources */,
				687B46741F4663810050B64D /* XCGradientLayer.swift in Sources */,
				687B46561F4663810050B64D /* Weak.swift in Sources */,
				687B46961F4663810050B64D /* UITabBarControllerExtensions.swift in Sources */,
				687B46781F4663810050B64D /* XCTextField.swift in Sources */,
				687B464F1F4663810050B64D /* Debugger.swift in Sources */,
				687B46A11F4663810050B64D /* Serializable.swift in Sources */,
				687B469B1F4663810050B64D /* TODO.swift in Sources */,
				687B46621F4663810050B64D /* DynamicTableView.swift in Sources */,
				687B46A51F4663810050B64D /* UITableView+Reusable.swift in Sources */,
				687B46761F4663810050B64D /* XCScrollViewController.swift in Sources */,
				687B464E1F4663810050B64D /* Console.swift in Sources */,
				687B46491F4663810050B64D /* UIBarButtonItem+Blocks.swift in Sources */,
				687B46901F4663810050B64D /* UIImageViewExtensions.swift in Sources */,
				687B466F1F4663810050B64D /* Section.swift in Sources */,
				687B46841F4663810050B64D /* SDWebImage+Helpers.swift in Sources */,
				687B46931F4663810050B64D /* UINavigationController+HidesBottomBarWhenPushed.swift in Sources */,
				687B46691F4663810050B64D /* IconLabelCollectionViewController.swift in Sources */,
				687B469A1F4663810050B64D /* Collectionify.swift in Sources */,
				687B46601F4663810050B64D /* XCTableViewComposedDataSource.swift in Sources */,
				687B467F1F4663810050B64D /* DispatchQueueExtensions.swift in Sources */,
				687B46421F4663810050B64D /* TransitionAnimator.swift in Sources */,
				687B466E1F4663810050B64D /* ReorderTableView.swift in Sources */,
				687B468B1F4663810050B64D /* UIDevice+Model.swift in Sources */,
				687B46551F4663810050B64D /* Swizzle.swift in Sources */,
				687B468A1F4663810050B64D /* UIColorExtensions.swift in Sources */,
				687B466A1F4663810050B64D /* IconLabelView.swift in Sources */,
				687B46A41F4663810050B64D /* UICollectionView+Reusable.swift in Sources */,
				687B465B1F4663810050B64D /* DataSourceIndex.swift in Sources */,
				687B466B1F4663810050B64D /* ImageTitleDisplayable.swift in Sources */,
				687B465F1F4663810050B64D /* XCComposedTableViewController.swift in Sources */,
				687B46871F4663810050B64D /* UIBarExtensions.swift in Sources */,
				687B46531F4663810050B64D /* PredicateQuery.swift in Sources */,
				687B46791F4663810050B64D /* XCToolbar.swift in Sources */,
				687B46A21F4663810050B64D /* StoryboardInstantiable.swift in Sources */,
				687B46511F4663810050B64D /* JSONHelpers.swift in Sources */,
				687B466C1F4663810050B64D /* IndexPathCache.swift in Sources */,
				687B468D1F4663810050B64D /* UIFontExtensions.swift in Sources */,
				687B465D1F4663810050B64D /* XCCollectionViewDataSource.swift in Sources */,
				687B46481F4663810050B64D /* TargetActionBlockRepresentable.swift in Sources */,
				687B46661F4663810050B64D /* TestDynamicTableViewController.swift in Sources */,
				687B467A1F4663810050B64D /* XCView.swift in Sources */,
				687B46891F4663810050B64D /* UICollectionViewExtensions.swift in Sources */,
				687B468E1F4663810050B64D /* UIGeometryExtensions.swift in Sources */,
				687B46721F4663810050B64D /* UIImage+AssetIdentifier.swift in Sources */,
				687B46681F4663810050B64D /* IconLabelCollectionViewCell.swift in Sources */,
				687B46671F4663810050B64D /* IconLabelCollectionView.swift in Sources */,
				687B46611F4663810050B64D /* XCTableViewDataSource.swift in Sources */,
				687B464A1F4663810050B64D /* UIControl+Blocks.swift in Sources */,
				687B46591F4663810050B64D /* XcoreSwizzle.swift in Sources */,
				687B464D1F4663810050B64D /* Benchmark.swift in Sources */,
				687B46981F4663810050B64D /* UIViewControllerExtensions.swift in Sources */,
				687B465C1F4663810050B64D /* XCCollectionViewComposedDataSource.swift in Sources */,
				687B465A1F4663810050B64D /* XCUserDefault.swift in Sources */,
				687B469C1F4663810050B64D /* Colorable.swift in Sources */,
				687B46631F4663810050B64D /* DynamicTableViewCell.swift in Sources */,
				687B46831F4663810050B64D /* NSLayoutConstraintExtensions.swift in Sources */,
				687B465E1F4663810050B64D /* XCComposedCollectionViewController.swift in Sources */,
				687B464B1F4663810050B64D /* UIGestureRecognizer+Blocks.swift in Sources */,
				687B467B1F4663810050B64D /* AVFoundationExtensions.swift in Sources */,
				687B46701F4663810050B64D /* SplitScreenViewController.swift in Sources */,
				687B466D1F4663810050B64D /* IntrinsicContentSizeView.swift in Sources */,
				687B46991F4663810050B64D /* UIViewExtensions.swift in Sources */,
				687B46571F4663810050B64D /* WKWeakDelegate.swift in Sources */,
				687B46A61F4663810050B64D /* Timer+Closure.swift in Sources */,
				687B46851F4663810050B64D /* SwiftExtensions.swift in Sources */,
				687B46431F4663810050B64D /* ZoomAnimator.swift in Sources */,
				687B46921F4663810050B64D /* UILabelExtensions.swift in Sources */,
				687B46581F4663810050B64D /* XCConfiguration.swift in Sources */,
				687B46951F4663810050B64D /* UIScrollViewExtensions.swift in Sources */,
				687B468F1F4663810050B64D /* UIImageExtensions.swift in Sources */,
				687B46821F4663810050B64D /* NSAttributedStringExtensions.swift in Sources */,
				687B46751F4663810050B64D /* XCPageViewController.swift in Sources */,
				687B46451F4663810050B64D /* ZoomAnimatorNavigationControllerDelegate.swift in Sources */,
				687B46541F4663810050B64D /* Request.swift in Sources */,
				687B46731F4663810050B64D /* XCButton.swift in Sources */,
				687B46771F4663810050B64D /* XCTableViewCell.swift in Sources */,
				687B46651F4663810050B64D /* DynamicTableViewTypes.swift in Sources */,
				687B46441F4663810050B64D /* ZoomAnimatorInteractiveTransition.swift in Sources */,
				687B46911F4663810050B64D /* UIKitExtensions.swift in Sources */,
				687B46641F4663810050B64D /* DynamicTableViewController.swift in Sources */,
				687B46801F4663810050B64D /* FoundationExtensions.swift in Sources */,
				687B46461F4663810050B64D /* ZoomAnimatorSourceDestination.swift in Sources */,
				687B469D1F4663810050B64D /* EnumIteratable.swift in Sources */,
				687B46881F4663810050B64D /* UIButtonExtensions.swift in Sources */,
				687B467C1F4663810050B64D /* BundleExtensions.swift in Sources */,
				687B467D1F4663810050B64D /* CoreAnimationExtensions.swift in Sources */,
			);
			runOnlyForDeploymentPostprocessing = 0;
		};
		689D0C7A1D8DBB9600145E0B /* Sources */ = {
			isa = PBXSourcesBuildPhase;
			buildActionMask = 2147483647;
			files = (
				68C392FE1E99D327009D8D58 /* PredicateQueryTests.swift in Sources */,
				689D0D1B1D8DBE6400145E0B /* XcoreTests.swift in Sources */,
			);
			runOnlyForDeploymentPostprocessing = 0;
		};
/* End PBXSourcesBuildPhase section */

/* Begin PBXTargetDependency section */
		68B1DB2D1E999C10007CD621 /* PBXTargetDependency */ = {
			isa = PBXTargetDependency;
			target = 689869C71E99926100CE7B77 /* Example */;
			targetProxy = 68B1DB2C1E999C10007CD621 /* PBXContainerItemProxy */;
		};
/* End PBXTargetDependency section */

/* Begin PBXVariantGroup section */
		689869E11E9992E600CE7B77 /* LaunchScreen.storyboard */ = {
			isa = PBXVariantGroup;
			children = (
				689869E21E9992E600CE7B77 /* Base */,
			);
			name = LaunchScreen.storyboard;
			sourceTree = "<group>";
		};
		689869E31E9992E600CE7B77 /* Main.storyboard */ = {
			isa = PBXVariantGroup;
			children = (
				689869E41E9992E600CE7B77 /* Base */,
			);
			name = Main.storyboard;
			sourceTree = "<group>";
		};
/* End PBXVariantGroup section */

/* Begin XCBuildConfiguration section */
		689869D81E99926100CE7B77 /* Debug */ = {
			isa = XCBuildConfiguration;
			baseConfigurationReference = 446C91589F40B969C0CF0706 /* Pods-Example.debug.xcconfig */;
			buildSettings = {
				ASSETCATALOG_COMPILER_APPICON_NAME = AppIcon;
				CLANG_ANALYZER_NUMBER_OBJECT_CONVERSION = YES_AGGRESSIVE;
				INFOPLIST_FILE = "Example/Supporting Files/Info.plist";
				LD_RUNPATH_SEARCH_PATHS = "$(inherited) @executable_path/Frameworks";
				PRODUCT_BUNDLE_IDENTIFIER = com.xcore.Example;
				PRODUCT_NAME = "$(TARGET_NAME)";
				SWIFT_VERSION = 3.0;
			};
			name = Debug;
		};
		689869D91E99926100CE7B77 /* Release */ = {
			isa = XCBuildConfiguration;
			baseConfigurationReference = 5D3CFC269887586363462B4B /* Pods-Example.release.xcconfig */;
			buildSettings = {
				ASSETCATALOG_COMPILER_APPICON_NAME = AppIcon;
				CLANG_ANALYZER_NUMBER_OBJECT_CONVERSION = YES_AGGRESSIVE;
				INFOPLIST_FILE = "Example/Supporting Files/Info.plist";
				LD_RUNPATH_SEARCH_PATHS = "$(inherited) @executable_path/Frameworks";
				PRODUCT_BUNDLE_IDENTIFIER = com.xcore.Example;
				PRODUCT_NAME = "$(TARGET_NAME)";
				SWIFT_VERSION = 3.0;
			};
			name = Release;
		};
		689D0C871D8DBB9600145E0B /* Debug */ = {
			isa = XCBuildConfiguration;
			buildSettings = {
				ALWAYS_SEARCH_USER_PATHS = NO;
				CLANG_ANALYZER_NONNULL = YES;
				CLANG_CXX_LANGUAGE_STANDARD = "gnu++0x";
				CLANG_CXX_LIBRARY = "libc++";
				CLANG_ENABLE_MODULES = YES;
				CLANG_ENABLE_OBJC_ARC = YES;
				CLANG_WARN_BOOL_CONVERSION = YES;
				CLANG_WARN_CONSTANT_CONVERSION = YES;
				CLANG_WARN_DIRECT_OBJC_ISA_USAGE = YES_ERROR;
				CLANG_WARN_DOCUMENTATION_COMMENTS = YES;
				CLANG_WARN_EMPTY_BODY = YES;
				CLANG_WARN_ENUM_CONVERSION = YES;
				CLANG_WARN_INFINITE_RECURSION = YES;
				CLANG_WARN_INT_CONVERSION = YES;
				CLANG_WARN_OBJC_ROOT_CLASS = YES_ERROR;
				CLANG_WARN_SUSPICIOUS_MOVE = YES;
				CLANG_WARN_SUSPICIOUS_MOVES = YES;
				CLANG_WARN_UNREACHABLE_CODE = YES;
				CLANG_WARN__DUPLICATE_METHOD_MATCH = YES;
				"CODE_SIGN_IDENTITY[sdk=iphoneos*]" = "iPhone Developer";
				COPY_PHASE_STRIP = NO;
				CURRENT_PROJECT_VERSION = 1;
				DEBUG_INFORMATION_FORMAT = dwarf;
				ENABLE_STRICT_OBJC_MSGSEND = YES;
				ENABLE_TESTABILITY = YES;
				GCC_C_LANGUAGE_STANDARD = gnu99;
				GCC_DYNAMIC_NO_PIC = NO;
				GCC_NO_COMMON_BLOCKS = YES;
				GCC_OPTIMIZATION_LEVEL = 0;
				GCC_PREPROCESSOR_DEFINITIONS = (
					"DEBUG=1",
					"$(inherited)",
				);
				GCC_WARN_64_TO_32_BIT_CONVERSION = YES;
				GCC_WARN_ABOUT_RETURN_TYPE = YES_ERROR;
				GCC_WARN_UNDECLARED_SELECTOR = YES;
				GCC_WARN_UNINITIALIZED_AUTOS = YES_AGGRESSIVE;
				GCC_WARN_UNUSED_FUNCTION = YES;
				GCC_WARN_UNUSED_VARIABLE = YES;
				IPHONEOS_DEPLOYMENT_TARGET = 9.3;
				MTL_ENABLE_DEBUG_INFO = YES;
				ONLY_ACTIVE_ARCH = YES;
				SDKROOT = iphoneos;
				SWIFT_ACTIVE_COMPILATION_CONDITIONS = DEBUG;
				SWIFT_OPTIMIZATION_LEVEL = "-Onone";
				TARGETED_DEVICE_FAMILY = "1,2";
				VERSIONING_SYSTEM = "apple-generic";
				VERSION_INFO_PREFIX = "";
			};
			name = Debug;
		};
		689D0C881D8DBB9600145E0B /* Release */ = {
			isa = XCBuildConfiguration;
			buildSettings = {
				ALWAYS_SEARCH_USER_PATHS = NO;
				CLANG_ANALYZER_NONNULL = YES;
				CLANG_CXX_LANGUAGE_STANDARD = "gnu++0x";
				CLANG_CXX_LIBRARY = "libc++";
				CLANG_ENABLE_MODULES = YES;
				CLANG_ENABLE_OBJC_ARC = YES;
				CLANG_WARN_BOOL_CONVERSION = YES;
				CLANG_WARN_CONSTANT_CONVERSION = YES;
				CLANG_WARN_DIRECT_OBJC_ISA_USAGE = YES_ERROR;
				CLANG_WARN_DOCUMENTATION_COMMENTS = YES;
				CLANG_WARN_EMPTY_BODY = YES;
				CLANG_WARN_ENUM_CONVERSION = YES;
				CLANG_WARN_INFINITE_RECURSION = YES;
				CLANG_WARN_INT_CONVERSION = YES;
				CLANG_WARN_OBJC_ROOT_CLASS = YES_ERROR;
				CLANG_WARN_SUSPICIOUS_MOVE = YES;
				CLANG_WARN_SUSPICIOUS_MOVES = YES;
				CLANG_WARN_UNREACHABLE_CODE = YES;
				CLANG_WARN__DUPLICATE_METHOD_MATCH = YES;
				"CODE_SIGN_IDENTITY[sdk=iphoneos*]" = "iPhone Developer";
				COPY_PHASE_STRIP = NO;
				CURRENT_PROJECT_VERSION = 1;
				DEBUG_INFORMATION_FORMAT = "dwarf-with-dsym";
				ENABLE_NS_ASSERTIONS = NO;
				ENABLE_STRICT_OBJC_MSGSEND = YES;
				GCC_C_LANGUAGE_STANDARD = gnu99;
				GCC_NO_COMMON_BLOCKS = YES;
				GCC_WARN_64_TO_32_BIT_CONVERSION = YES;
				GCC_WARN_ABOUT_RETURN_TYPE = YES_ERROR;
				GCC_WARN_UNDECLARED_SELECTOR = YES;
				GCC_WARN_UNINITIALIZED_AUTOS = YES_AGGRESSIVE;
				GCC_WARN_UNUSED_FUNCTION = YES;
				GCC_WARN_UNUSED_VARIABLE = YES;
				IPHONEOS_DEPLOYMENT_TARGET = 9.3;
				MTL_ENABLE_DEBUG_INFO = NO;
				SDKROOT = iphoneos;
				SWIFT_OPTIMIZATION_LEVEL = "-Owholemodule";
				TARGETED_DEVICE_FAMILY = "1,2";
				VALIDATE_PRODUCT = YES;
				VERSIONING_SYSTEM = "apple-generic";
				VERSION_INFO_PREFIX = "";
			};
			name = Release;
		};
		689D0C8A1D8DBB9600145E0B /* Debug */ = {
			isa = XCBuildConfiguration;
			buildSettings = {
				CODE_SIGN_IDENTITY = "";
				DEFINES_MODULE = YES;
				DYLIB_COMPATIBILITY_VERSION = 1;
				DYLIB_CURRENT_VERSION = 1;
				DYLIB_INSTALL_NAME_BASE = "@rpath";
				INFOPLIST_FILE = "Sources/Supporting Files/Info.plist";
				INSTALL_PATH = "$(LOCAL_LIBRARY_DIR)/Frameworks";
				LD_RUNPATH_SEARCH_PATHS = "$(inherited) @executable_path/Frameworks @loader_path/Frameworks";
				OTHER_LDFLAGS = " $(inherited)";
				PRODUCT_BUNDLE_IDENTIFIER = com.xcore.Xcore;
				PRODUCT_NAME = "$(TARGET_NAME)";
				SKIP_INSTALL = YES;
				SWIFT_VERSION = 3.0;
			};
			name = Debug;
		};
		689D0C8B1D8DBB9600145E0B /* Release */ = {
			isa = XCBuildConfiguration;
			buildSettings = {
				CODE_SIGN_IDENTITY = "";
				DEFINES_MODULE = YES;
				DYLIB_COMPATIBILITY_VERSION = 1;
				DYLIB_CURRENT_VERSION = 1;
				DYLIB_INSTALL_NAME_BASE = "@rpath";
				INFOPLIST_FILE = "Sources/Supporting Files/Info.plist";
				INSTALL_PATH = "$(LOCAL_LIBRARY_DIR)/Frameworks";
				LD_RUNPATH_SEARCH_PATHS = "$(inherited) @executable_path/Frameworks @loader_path/Frameworks";
				OTHER_LDFLAGS = " $(inherited)";
				PRODUCT_BUNDLE_IDENTIFIER = com.xcore.Xcore;
				PRODUCT_NAME = "$(TARGET_NAME)";
				SKIP_INSTALL = YES;
				SWIFT_VERSION = 3.0;
			};
			name = Release;
		};
		689D0C8D1D8DBB9600145E0B /* Debug */ = {
			isa = XCBuildConfiguration;
			baseConfigurationReference = 0E028CA527265C27C4FB6507 /* Pods-Tests.debug.xcconfig */;
			buildSettings = {
				ALWAYS_EMBED_SWIFT_STANDARD_LIBRARIES = YES;
				BUNDLE_LOADER = "$(TEST_HOST)";
				INFOPLIST_FILE = Tests/Info.plist;
				LD_RUNPATH_SEARCH_PATHS = "$(inherited) @executable_path/Frameworks @loader_path/Frameworks";
				PRODUCT_BUNDLE_IDENTIFIER = com.xcore.XcoreTests;
				PRODUCT_NAME = "$(TARGET_NAME)";
				SWIFT_VERSION = 3.0;
				TEST_HOST = "$(BUILT_PRODUCTS_DIR)/Example.app/Example";
			};
			name = Debug;
		};
		689D0C8E1D8DBB9600145E0B /* Release */ = {
			isa = XCBuildConfiguration;
			baseConfigurationReference = 56D96A853E1B0EC4E75E0691 /* Pods-Tests.release.xcconfig */;
			buildSettings = {
				ALWAYS_EMBED_SWIFT_STANDARD_LIBRARIES = YES;
				BUNDLE_LOADER = "$(TEST_HOST)";
				INFOPLIST_FILE = Tests/Info.plist;
				LD_RUNPATH_SEARCH_PATHS = "$(inherited) @executable_path/Frameworks @loader_path/Frameworks";
				PRODUCT_BUNDLE_IDENTIFIER = com.xcore.XcoreTests;
				PRODUCT_NAME = "$(TARGET_NAME)";
				SWIFT_VERSION = 3.0;
				TEST_HOST = "$(BUILT_PRODUCTS_DIR)/Example.app/Example";
			};
			name = Release;
		};
/* End XCBuildConfiguration section */

/* Begin XCConfigurationList section */
		689869D71E99926100CE7B77 /* Build configuration list for PBXNativeTarget "Example" */ = {
			isa = XCConfigurationList;
			buildConfigurations = (
				689869D81E99926100CE7B77 /* Debug */,
				689869D91E99926100CE7B77 /* Release */,
			);
			defaultConfigurationIsVisible = 0;
			defaultConfigurationName = Release;
		};
		689D0C6F1D8DBB9500145E0B /* Build configuration list for PBXProject "Xcore" */ = {
			isa = XCConfigurationList;
			buildConfigurations = (
				689D0C871D8DBB9600145E0B /* Debug */,
				689D0C881D8DBB9600145E0B /* Release */,
			);
			defaultConfigurationIsVisible = 0;
			defaultConfigurationName = Release;
		};
		689D0C891D8DBB9600145E0B /* Build configuration list for PBXNativeTarget "Xcore" */ = {
			isa = XCConfigurationList;
			buildConfigurations = (
				689D0C8A1D8DBB9600145E0B /* Debug */,
				689D0C8B1D8DBB9600145E0B /* Release */,
			);
			defaultConfigurationIsVisible = 0;
			defaultConfigurationName = Release;
		};
		689D0C8C1D8DBB9600145E0B /* Build configuration list for PBXNativeTarget "Tests" */ = {
			isa = XCConfigurationList;
			buildConfigurations = (
				689D0C8D1D8DBB9600145E0B /* Debug */,
				689D0C8E1D8DBB9600145E0B /* Release */,
			);
			defaultConfigurationIsVisible = 0;
			defaultConfigurationName = Release;
		};
/* End XCConfigurationList section */
	};
	rootObject = 689D0C6C1D8DBB9500145E0B /* Project object */;
}
