// !$*UTF8*$!
{
	archiveVersion = 1;
	classes = {
	};
	objectVersion = 46;
	objects = {

/* Begin PBXBuildFile section */
		6872908F1F3C1F3100A0C1D0 /* Assets.xcassets in Resources */ = {isa = PBXBuildFile; fileRef = 6872902A1F3C1F3000A0C1D0 /* Assets.xcassets */; };
		687290901F3C1F3100A0C1D0 /* Info.plist in Resources */ = {isa = PBXBuildFile; fileRef = 6872902B1F3C1F3000A0C1D0 /* Info.plist */; };
		687290911F3C1F3100A0C1D0 /* Xcore.h in Headers */ = {isa = PBXBuildFile; fileRef = 6872902C1F3C1F3000A0C1D0 /* Xcore.h */; settings = {ATTRIBUTES = (Public, ); }; };
		689869E61E9992E600CE7B77 /* ViewController.swift in Sources */ = {isa = PBXBuildFile; fileRef = 689869DD1E9992E600CE7B77 /* ViewController.swift */; };
		689869E71E9992E600CE7B77 /* AppDelegate.swift in Sources */ = {isa = PBXBuildFile; fileRef = 689869DF1E9992E600CE7B77 /* AppDelegate.swift */; };
		689869E81E9992E600CE7B77 /* Assets.xcassets in Resources */ = {isa = PBXBuildFile; fileRef = 689869E01E9992E600CE7B77 /* Assets.xcassets */; };
		689869E91E9992E600CE7B77 /* LaunchScreen.storyboard in Resources */ = {isa = PBXBuildFile; fileRef = 689869E11E9992E600CE7B77 /* LaunchScreen.storyboard */; };
		689869EA1E9992E600CE7B77 /* Main.storyboard in Resources */ = {isa = PBXBuildFile; fileRef = 689869E31E9992E600CE7B77 /* Main.storyboard */; };
		68993CD21F401A3C00DFA6B1 /* FadeAnimator.swift in Sources */ = {isa = PBXBuildFile; fileRef = 68993C611F401A3C00DFA6B1 /* FadeAnimator.swift */; };
		68993CD31F401A3C00DFA6B1 /* TransitionAnimator.swift in Sources */ = {isa = PBXBuildFile; fileRef = 68993C621F401A3C00DFA6B1 /* TransitionAnimator.swift */; };
		68993CD41F401A3C00DFA6B1 /* ZoomAnimator.swift in Sources */ = {isa = PBXBuildFile; fileRef = 68993C641F401A3C00DFA6B1 /* ZoomAnimator.swift */; };
		68993CD51F401A3C00DFA6B1 /* ZoomAnimatorInteractiveTransition.swift in Sources */ = {isa = PBXBuildFile; fileRef = 68993C651F401A3C00DFA6B1 /* ZoomAnimatorInteractiveTransition.swift */; };
		68993CD61F401A3C00DFA6B1 /* ZoomAnimatorNavigationControllerDelegate.swift in Sources */ = {isa = PBXBuildFile; fileRef = 68993C661F401A3C00DFA6B1 /* ZoomAnimatorNavigationControllerDelegate.swift */; };
		68993CD71F401A3C00DFA6B1 /* ZoomAnimatorSourceDestination.swift in Sources */ = {isa = PBXBuildFile; fileRef = 68993C671F401A3C00DFA6B1 /* ZoomAnimatorSourceDestination.swift */; };
		68993CD81F401A3C00DFA6B1 /* MFMailComposeViewController+Blocks.swift in Sources */ = {isa = PBXBuildFile; fileRef = 68993C691F401A3C00DFA6B1 /* MFMailComposeViewController+Blocks.swift */; };
		68993CD91F401A3C00DFA6B1 /* TargetActionBlockRepresentable.swift in Sources */ = {isa = PBXBuildFile; fileRef = 68993C6A1F401A3C00DFA6B1 /* TargetActionBlockRepresentable.swift */; };
		68993CDA1F401A3C00DFA6B1 /* UIBarButtonItem+Blocks.swift in Sources */ = {isa = PBXBuildFile; fileRef = 68993C6B1F401A3C00DFA6B1 /* UIBarButtonItem+Blocks.swift */; };
		68993CDB1F401A3C00DFA6B1 /* UIControl+Blocks.swift in Sources */ = {isa = PBXBuildFile; fileRef = 68993C6C1F401A3C00DFA6B1 /* UIControl+Blocks.swift */; };
		68993CDC1F401A3C00DFA6B1 /* UIGestureRecognizer+Blocks.swift in Sources */ = {isa = PBXBuildFile; fileRef = 68993C6D1F401A3C00DFA6B1 /* UIGestureRecognizer+Blocks.swift */; };
		68993CDD1F401A3C00DFA6B1 /* AnyEquatable.swift in Sources */ = {isa = PBXBuildFile; fileRef = 68993C6F1F401A3C00DFA6B1 /* AnyEquatable.swift */; };
		68993CDE1F401A3C00DFA6B1 /* Benchmark.swift in Sources */ = {isa = PBXBuildFile; fileRef = 68993C701F401A3C00DFA6B1 /* Benchmark.swift */; };
		68993CDF1F401A3C00DFA6B1 /* Console.swift in Sources */ = {isa = PBXBuildFile; fileRef = 68993C711F401A3C00DFA6B1 /* Console.swift */; };
		68993CE01F401A3C00DFA6B1 /* Debugger.swift in Sources */ = {isa = PBXBuildFile; fileRef = 68993C721F401A3C00DFA6B1 /* Debugger.swift */; };
		68993CE11F401A3C00DFA6B1 /* Environment.swift in Sources */ = {isa = PBXBuildFile; fileRef = 68993C731F401A3C00DFA6B1 /* Environment.swift */; };
		68993CE21F401A3C00DFA6B1 /* JSONHelpers.swift in Sources */ = {isa = PBXBuildFile; fileRef = 68993C741F401A3C00DFA6B1 /* JSONHelpers.swift */; };
		68993CE31F401A3C00DFA6B1 /* Observer.swift in Sources */ = {isa = PBXBuildFile; fileRef = 68993C751F401A3C00DFA6B1 /* Observer.swift */; };
		68993CE41F401A3C00DFA6B1 /* PredicateQuery.swift in Sources */ = {isa = PBXBuildFile; fileRef = 68993C761F401A3C00DFA6B1 /* PredicateQuery.swift */; };
		68993CE51F401A3C00DFA6B1 /* Request.swift in Sources */ = {isa = PBXBuildFile; fileRef = 68993C771F401A3C00DFA6B1 /* Request.swift */; };
		68993CE61F401A3C00DFA6B1 /* Weak.swift in Sources */ = {isa = PBXBuildFile; fileRef = 68993C781F401A3C00DFA6B1 /* Weak.swift */; };
		68993CE71F401A3C00DFA6B1 /* XCConfiguration.swift in Sources */ = {isa = PBXBuildFile; fileRef = 68993C791F401A3C00DFA6B1 /* XCConfiguration.swift */; };
		68993CE81F401A3C00DFA6B1 /* XCUserDefault.swift in Sources */ = {isa = PBXBuildFile; fileRef = 68993C7A1F401A3C00DFA6B1 /* XCUserDefault.swift */; };
		68993CE91F401A3C00DFA6B1 /* DataSourceIndex.swift in Sources */ = {isa = PBXBuildFile; fileRef = 68993C7D1F401A3C00DFA6B1 /* DataSourceIndex.swift */; };
		68993CEA1F401A3C00DFA6B1 /* XCCollectionViewComposedDataSource.swift in Sources */ = {isa = PBXBuildFile; fileRef = 68993C7F1F401A3C00DFA6B1 /* XCCollectionViewComposedDataSource.swift */; };
		68993CEB1F401A3C00DFA6B1 /* XCCollectionViewDataSource.swift in Sources */ = {isa = PBXBuildFile; fileRef = 68993C801F401A3C00DFA6B1 /* XCCollectionViewDataSource.swift */; };
		68993CEC1F401A3C00DFA6B1 /* XCComposedCollectionViewController.swift in Sources */ = {isa = PBXBuildFile; fileRef = 68993C811F401A3C00DFA6B1 /* XCComposedCollectionViewController.swift */; };
		68993CED1F401A3C00DFA6B1 /* XCComposedTableViewController.swift in Sources */ = {isa = PBXBuildFile; fileRef = 68993C831F401A3C00DFA6B1 /* XCComposedTableViewController.swift */; };
		68993CEE1F401A3C00DFA6B1 /* XCTableViewComposedDataSource.swift in Sources */ = {isa = PBXBuildFile; fileRef = 68993C841F401A3C00DFA6B1 /* XCTableViewComposedDataSource.swift */; };
		68993CEF1F401A3C00DFA6B1 /* XCTableViewDataSource.swift in Sources */ = {isa = PBXBuildFile; fileRef = 68993C851F401A3C00DFA6B1 /* XCTableViewDataSource.swift */; };
		68993CF01F401A3C00DFA6B1 /* DynamicTableView.swift in Sources */ = {isa = PBXBuildFile; fileRef = 68993C871F401A3C00DFA6B1 /* DynamicTableView.swift */; };
		68993CF11F401A3C00DFA6B1 /* DynamicTableViewCell.swift in Sources */ = {isa = PBXBuildFile; fileRef = 68993C881F401A3C00DFA6B1 /* DynamicTableViewCell.swift */; };
		68993CF21F401A3C00DFA6B1 /* DynamicTableViewController.swift in Sources */ = {isa = PBXBuildFile; fileRef = 68993C891F401A3C00DFA6B1 /* DynamicTableViewController.swift */; };
		68993CF31F401A3C00DFA6B1 /* DynamicTableViewTypes.swift in Sources */ = {isa = PBXBuildFile; fileRef = 68993C8A1F401A3C00DFA6B1 /* DynamicTableViewTypes.swift */; };
		68993CF41F401A3C00DFA6B1 /* TestDynamicTableViewController.swift in Sources */ = {isa = PBXBuildFile; fileRef = 68993C8B1F401A3C00DFA6B1 /* TestDynamicTableViewController.swift */; };
		68993CF51F401A3C00DFA6B1 /* IconLabelCollectionView.swift in Sources */ = {isa = PBXBuildFile; fileRef = 68993C8D1F401A3C00DFA6B1 /* IconLabelCollectionView.swift */; };
		68993CF61F401A3C00DFA6B1 /* IconLabelCollectionViewCell.swift in Sources */ = {isa = PBXBuildFile; fileRef = 68993C8E1F401A3C00DFA6B1 /* IconLabelCollectionViewCell.swift */; };
		68993CF71F401A3C00DFA6B1 /* IconLabelCollectionViewController.swift in Sources */ = {isa = PBXBuildFile; fileRef = 68993C8F1F401A3C00DFA6B1 /* IconLabelCollectionViewController.swift */; };
		68993CF81F401A3C00DFA6B1 /* IconLabelView.swift in Sources */ = {isa = PBXBuildFile; fileRef = 68993C901F401A3C00DFA6B1 /* IconLabelView.swift */; };
		68993CF91F401A3C00DFA6B1 /* ImageTitleDisplayable.swift in Sources */ = {isa = PBXBuildFile; fileRef = 68993C911F401A3C00DFA6B1 /* ImageTitleDisplayable.swift */; };
		68993CFA1F401A3C00DFA6B1 /* IndexPathCache.swift in Sources */ = {isa = PBXBuildFile; fileRef = 68993C921F401A3C00DFA6B1 /* IndexPathCache.swift */; };
		68993CFB1F401A3C00DFA6B1 /* IntrinsicContentSizeView.swift in Sources */ = {isa = PBXBuildFile; fileRef = 68993C931F401A3C00DFA6B1 /* IntrinsicContentSizeView.swift */; };
		68993CFC1F401A3C00DFA6B1 /* ReorderTableView.swift in Sources */ = {isa = PBXBuildFile; fileRef = 68993C941F401A3C00DFA6B1 /* ReorderTableView.swift */; };
		68993CFD1F401A3C00DFA6B1 /* Section.swift in Sources */ = {isa = PBXBuildFile; fileRef = 68993C951F401A3C00DFA6B1 /* Section.swift */; };
		68993CFE1F401A3C00DFA6B1 /* SplitScreenViewController.swift in Sources */ = {isa = PBXBuildFile; fileRef = 68993C961F401A3C00DFA6B1 /* SplitScreenViewController.swift */; };
		68993CFF1F401A3C00DFA6B1 /* TextViewController.swift in Sources */ = {isa = PBXBuildFile; fileRef = 68993C971F401A3C00DFA6B1 /* TextViewController.swift */; };
		68993D001F401A3C00DFA6B1 /* UIImage+AssetIdentifier.swift in Sources */ = {isa = PBXBuildFile; fileRef = 68993C981F401A3C00DFA6B1 /* UIImage+AssetIdentifier.swift */; };
		68993D011F401A3C00DFA6B1 /* XCButton.swift in Sources */ = {isa = PBXBuildFile; fileRef = 68993C991F401A3C00DFA6B1 /* XCButton.swift */; };
		68993D021F401A3C00DFA6B1 /* XCGradientLayer.swift in Sources */ = {isa = PBXBuildFile; fileRef = 68993C9A1F401A3C00DFA6B1 /* XCGradientLayer.swift */; };
		68993D031F401A3C00DFA6B1 /* XCPageViewController.swift in Sources */ = {isa = PBXBuildFile; fileRef = 68993C9B1F401A3C00DFA6B1 /* XCPageViewController.swift */; };
		68993D041F401A3C00DFA6B1 /* XCScrollViewController.swift in Sources */ = {isa = PBXBuildFile; fileRef = 68993C9C1F401A3C00DFA6B1 /* XCScrollViewController.swift */; };
		68993D051F401A3C00DFA6B1 /* XCTableViewCell.swift in Sources */ = {isa = PBXBuildFile; fileRef = 68993C9D1F401A3C00DFA6B1 /* XCTableViewCell.swift */; };
		68993D061F401A3C00DFA6B1 /* XCTextField.swift in Sources */ = {isa = PBXBuildFile; fileRef = 68993C9E1F401A3C00DFA6B1 /* XCTextField.swift */; };
		68993D071F401A3C00DFA6B1 /* XCToolbar.swift in Sources */ = {isa = PBXBuildFile; fileRef = 68993C9F1F401A3C00DFA6B1 /* XCToolbar.swift */; };
		68993D081F401A3C00DFA6B1 /* XCView.swift in Sources */ = {isa = PBXBuildFile; fileRef = 68993CA01F401A3C00DFA6B1 /* XCView.swift */; };
		68993D091F401A3C00DFA6B1 /* AVFoundationExtensions.swift in Sources */ = {isa = PBXBuildFile; fileRef = 68993CA21F401A3C00DFA6B1 /* AVFoundationExtensions.swift */; };
		68993D0A1F401A3C00DFA6B1 /* BundleExtensions.swift in Sources */ = {isa = PBXBuildFile; fileRef = 68993CA31F401A3C00DFA6B1 /* BundleExtensions.swift */; };
		68993D0B1F401A3C00DFA6B1 /* CoreAnimationExtensions.swift in Sources */ = {isa = PBXBuildFile; fileRef = 68993CA41F401A3C00DFA6B1 /* CoreAnimationExtensions.swift */; };
		68993D0C1F401A3C00DFA6B1 /* DateExtensions.swift in Sources */ = {isa = PBXBuildFile; fileRef = 68993CA51F401A3C00DFA6B1 /* DateExtensions.swift */; };
		68993D0D1F401A3C00DFA6B1 /* DispatchQueueExtensions.swift in Sources */ = {isa = PBXBuildFile; fileRef = 68993CA61F401A3C00DFA6B1 /* DispatchQueueExtensions.swift */; };
		68993D0E1F401A3C00DFA6B1 /* FoundationExtensions.swift in Sources */ = {isa = PBXBuildFile; fileRef = 68993CA71F401A3C00DFA6B1 /* FoundationExtensions.swift */; };
		68993D0F1F401A3C00DFA6B1 /* InternalExtensions.swift in Sources */ = {isa = PBXBuildFile; fileRef = 68993CA81F401A3C00DFA6B1 /* InternalExtensions.swift */; };
		68993D101F401A3C00DFA6B1 /* NSAttributedStringExtensions.swift in Sources */ = {isa = PBXBuildFile; fileRef = 68993CA91F401A3C00DFA6B1 /* NSAttributedStringExtensions.swift */; };
		68993D111F401A3C00DFA6B1 /* NSLayoutConstraintExtensions.swift in Sources */ = {isa = PBXBuildFile; fileRef = 68993CAA1F401A3C00DFA6B1 /* NSLayoutConstraintExtensions.swift */; };
		68993D121F401A3C00DFA6B1 /* SDWebImage+Helpers.swift in Sources */ = {isa = PBXBuildFile; fileRef = 68993CAB1F401A3C00DFA6B1 /* SDWebImage+Helpers.swift */; };
		68993D131F401A3C00DFA6B1 /* SwiftExtensions.swift in Sources */ = {isa = PBXBuildFile; fileRef = 68993CAC1F401A3C00DFA6B1 /* SwiftExtensions.swift */; };
		68993D141F401A3C00DFA6B1 /* UIAlertControllerExtensions.swift in Sources */ = {isa = PBXBuildFile; fileRef = 68993CAD1F401A3C00DFA6B1 /* UIAlertControllerExtensions.swift */; };
		68993D151F401A3C00DFA6B1 /* UIBarExtensions.swift in Sources */ = {isa = PBXBuildFile; fileRef = 68993CAE1F401A3C00DFA6B1 /* UIBarExtensions.swift */; };
		68993D161F401A3C00DFA6B1 /* UIButtonExtensions.swift in Sources */ = {isa = PBXBuildFile; fileRef = 68993CAF1F401A3C00DFA6B1 /* UIButtonExtensions.swift */; };
		68993D171F401A3C00DFA6B1 /* UICollectionViewExtensions.swift in Sources */ = {isa = PBXBuildFile; fileRef = 68993CB01F401A3C00DFA6B1 /* UICollectionViewExtensions.swift */; };
		68993D181F401A3C00DFA6B1 /* UIColorExtensions.swift in Sources */ = {isa = PBXBuildFile; fileRef = 68993CB11F401A3C00DFA6B1 /* UIColorExtensions.swift */; };
		68993D191F401A3C00DFA6B1 /* UIDevice+Model.swift in Sources */ = {isa = PBXBuildFile; fileRef = 68993CB21F401A3C00DFA6B1 /* UIDevice+Model.swift */; };
		68993D1A1F401A3C00DFA6B1 /* UIDeviceExtensions.swift in Sources */ = {isa = PBXBuildFile; fileRef = 68993CB31F401A3C00DFA6B1 /* UIDeviceExtensions.swift */; };
		68993D1B1F401A3C00DFA6B1 /* UIFontExtensions.swift in Sources */ = {isa = PBXBuildFile; fileRef = 68993CB41F401A3C00DFA6B1 /* UIFontExtensions.swift */; };
		68993D1C1F401A3C00DFA6B1 /* UIGeometryExtensions.swift in Sources */ = {isa = PBXBuildFile; fileRef = 68993CB51F401A3C00DFA6B1 /* UIGeometryExtensions.swift */; };
		68993D1D1F401A3C00DFA6B1 /* UIImageExtensions.swift in Sources */ = {isa = PBXBuildFile; fileRef = 68993CB61F401A3C00DFA6B1 /* UIImageExtensions.swift */; };
		68993D1E1F401A3C00DFA6B1 /* UIImageViewExtensions.swift in Sources */ = {isa = PBXBuildFile; fileRef = 68993CB71F401A3C00DFA6B1 /* UIImageViewExtensions.swift */; };
		68993D1F1F401A3C00DFA6B1 /* UIKitExtensions.swift in Sources */ = {isa = PBXBuildFile; fileRef = 68993CB81F401A3C00DFA6B1 /* UIKitExtensions.swift */; };
		68993D201F401A3C00DFA6B1 /* UILabelExtensions.swift in Sources */ = {isa = PBXBuildFile; fileRef = 68993CB91F401A3C00DFA6B1 /* UILabelExtensions.swift */; };
		68993D211F401A3C00DFA6B1 /* UINavigationController+HidesBottomBarWhenPushed.swift in Sources */ = {isa = PBXBuildFile; fileRef = 68993CBA1F401A3C00DFA6B1 /* UINavigationController+HidesBottomBarWhenPushed.swift */; };
		68993D221F401A3C00DFA6B1 /* UINavigationControllerExtensions.swift in Sources */ = {isa = PBXBuildFile; fileRef = 68993CBB1F401A3C00DFA6B1 /* UINavigationControllerExtensions.swift */; };
		68993D231F401A3C00DFA6B1 /* UIScrollViewExtensions.swift in Sources */ = {isa = PBXBuildFile; fileRef = 68993CBC1F401A3C00DFA6B1 /* UIScrollViewExtensions.swift */; };
		68993D241F401A3C00DFA6B1 /* UITabBarControllerExtensions.swift in Sources */ = {isa = PBXBuildFile; fileRef = 68993CBD1F401A3C00DFA6B1 /* UITabBarControllerExtensions.swift */; };
		68993D251F401A3C00DFA6B1 /* UITableViewExtensions.swift in Sources */ = {isa = PBXBuildFile; fileRef = 68993CBE1F401A3C00DFA6B1 /* UITableViewExtensions.swift */; };
		68993D261F401A3C00DFA6B1 /* UIViewControllerExtensions.swift in Sources */ = {isa = PBXBuildFile; fileRef = 68993CBF1F401A3C00DFA6B1 /* UIViewControllerExtensions.swift */; };
		68993D271F401A3C00DFA6B1 /* UIViewExtensions.swift in Sources */ = {isa = PBXBuildFile; fileRef = 68993CC01F401A3C00DFA6B1 /* UIViewExtensions.swift */; };
		68993D281F401A3C00DFA6B1 /* Collectionify.swift in Sources */ = {isa = PBXBuildFile; fileRef = 68993CC21F401A3C00DFA6B1 /* Collectionify.swift */; };
		68993D291F401A3C00DFA6B1 /* TODO.swift in Sources */ = {isa = PBXBuildFile; fileRef = 68993CC31F401A3C00DFA6B1 /* TODO.swift */; };
		68993D2A1F401A3C00DFA6B1 /* Colorable.swift in Sources */ = {isa = PBXBuildFile; fileRef = 68993CC51F401A3C00DFA6B1 /* Colorable.swift */; };
		68993D2B1F401A3C00DFA6B1 /* EnumIteratable.swift in Sources */ = {isa = PBXBuildFile; fileRef = 68993CC61F401A3C00DFA6B1 /* EnumIteratable.swift */; };
		68993D2C1F401A3C00DFA6B1 /* EquatableByPointer.swift in Sources */ = {isa = PBXBuildFile; fileRef = 68993CC71F401A3C00DFA6B1 /* EquatableByPointer.swift */; };
		68993D2D1F401A3C00DFA6B1 /* NibInstantiable.swift in Sources */ = {isa = PBXBuildFile; fileRef = 68993CC81F401A3C00DFA6B1 /* NibInstantiable.swift */; };
		68993D2E1F401A3C00DFA6B1 /* OptionsRepresentable.swift in Sources */ = {isa = PBXBuildFile; fileRef = 68993CC91F401A3C00DFA6B1 /* OptionsRepresentable.swift */; };
		68993D2F1F401A3C00DFA6B1 /* Serializable.swift in Sources */ = {isa = PBXBuildFile; fileRef = 68993CCA1F401A3C00DFA6B1 /* Serializable.swift */; };
		68993D301F401A3C00DFA6B1 /* StoryboardInstantiable.swift in Sources */ = {isa = PBXBuildFile; fileRef = 68993CCB1F401A3C00DFA6B1 /* StoryboardInstantiable.swift */; };
		68993D311F401A3C00DFA6B1 /* Reusable.swift in Sources */ = {isa = PBXBuildFile; fileRef = 68993CCD1F401A3C00DFA6B1 /* Reusable.swift */; };
		68993D321F401A3C00DFA6B1 /* UICollectionView+Reusable.swift in Sources */ = {isa = PBXBuildFile; fileRef = 68993CCE1F401A3C00DFA6B1 /* UICollectionView+Reusable.swift */; };
		68993D331F401A3C00DFA6B1 /* UITableView+Reusable.swift in Sources */ = {isa = PBXBuildFile; fileRef = 68993CCF1F401A3C00DFA6B1 /* UITableView+Reusable.swift */; };
		68993D341F401A3C00DFA6B1 /* Timer+Closure.swift in Sources */ = {isa = PBXBuildFile; fileRef = 68993CD11F401A3C00DFA6B1 /* Timer+Closure.swift */; };
		689D0D1B1D8DBE6400145E0B /* XcoreTests.swift in Sources */ = {isa = PBXBuildFile; fileRef = 689D0D181D8DBE5C00145E0B /* XcoreTests.swift */; };
		68C392FE1E99D327009D8D58 /* PredicateQueryTests.swift in Sources */ = {isa = PBXBuildFile; fileRef = 68C392FD1E99D327009D8D58 /* PredicateQueryTests.swift */; };
		975C9436F0C35B14D6B8FFF0 /* Pods_Example.framework in Frameworks */ = {isa = PBXBuildFile; fileRef = C773C4D476BF4309831EDE03 /* Pods_Example.framework */; };
		CDE69BBCB1B78A0EB89C5FCD /* Pods_Tests.framework in Frameworks */ = {isa = PBXBuildFile; fileRef = 84F555E9FA859A59DB03B60C /* Pods_Tests.framework */; };
/* End PBXBuildFile section */

/* Begin PBXContainerItemProxy section */
		68B1DB2C1E999C10007CD621 /* PBXContainerItemProxy */ = {
			isa = PBXContainerItemProxy;
			containerPortal = 689D0C6C1D8DBB9500145E0B /* Project object */;
			proxyType = 1;
			remoteGlobalIDString = 689869C71E99926100CE7B77;
			remoteInfo = Example;
		};
/* End PBXContainerItemProxy section */

/* Begin PBXFileReference section */
		0E028CA527265C27C4FB6507 /* Pods-Tests.debug.xcconfig */ = {isa = PBXFileReference; includeInIndex = 1; lastKnownFileType = text.xcconfig; name = "Pods-Tests.debug.xcconfig"; path = "Pods/Target Support Files/Pods-Tests/Pods-Tests.debug.xcconfig"; sourceTree = "<group>"; };
		446C91589F40B969C0CF0706 /* Pods-Example.debug.xcconfig */ = {isa = PBXFileReference; includeInIndex = 1; lastKnownFileType = text.xcconfig; name = "Pods-Example.debug.xcconfig"; path = "Pods/Target Support Files/Pods-Example/Pods-Example.debug.xcconfig"; sourceTree = "<group>"; };
		4F7DCE5F8350BCAF06C38805 /* Pods_Xcore.framework */ = {isa = PBXFileReference; explicitFileType = wrapper.framework; includeInIndex = 0; path = Pods_Xcore.framework; sourceTree = BUILT_PRODUCTS_DIR; };
		56D96A853E1B0EC4E75E0691 /* Pods-Tests.release.xcconfig */ = {isa = PBXFileReference; includeInIndex = 1; lastKnownFileType = text.xcconfig; name = "Pods-Tests.release.xcconfig"; path = "Pods/Target Support Files/Pods-Tests/Pods-Tests.release.xcconfig"; sourceTree = "<group>"; };
		5D3CFC269887586363462B4B /* Pods-Example.release.xcconfig */ = {isa = PBXFileReference; includeInIndex = 1; lastKnownFileType = text.xcconfig; name = "Pods-Example.release.xcconfig"; path = "Pods/Target Support Files/Pods-Example/Pods-Example.release.xcconfig"; sourceTree = "<group>"; };
		6872902A1F3C1F3000A0C1D0 /* Assets.xcassets */ = {isa = PBXFileReference; lastKnownFileType = folder.assetcatalog; path = Assets.xcassets; sourceTree = "<group>"; };
		6872902B1F3C1F3000A0C1D0 /* Info.plist */ = {isa = PBXFileReference; fileEncoding = 4; lastKnownFileType = text.plist.xml; path = Info.plist; sourceTree = "<group>"; };
		6872902C1F3C1F3000A0C1D0 /* Xcore.h */ = {isa = PBXFileReference; fileEncoding = 4; lastKnownFileType = sourcecode.c.h; path = Xcore.h; sourceTree = "<group>"; };
		689869C81E99926100CE7B77 /* Example.app */ = {isa = PBXFileReference; explicitFileType = wrapper.application; includeInIndex = 0; path = Example.app; sourceTree = BUILT_PRODUCTS_DIR; };
		689869DB1E9992E600CE7B77 /* Info.plist */ = {isa = PBXFileReference; fileEncoding = 4; lastKnownFileType = text.plist.xml; path = Info.plist; sourceTree = "<group>"; };
		689869DD1E9992E600CE7B77 /* ViewController.swift */ = {isa = PBXFileReference; fileEncoding = 4; lastKnownFileType = sourcecode.swift; path = ViewController.swift; sourceTree = "<group>"; };
		689869DF1E9992E600CE7B77 /* AppDelegate.swift */ = {isa = PBXFileReference; fileEncoding = 4; lastKnownFileType = sourcecode.swift; path = AppDelegate.swift; sourceTree = "<group>"; };
		689869E01E9992E600CE7B77 /* Assets.xcassets */ = {isa = PBXFileReference; lastKnownFileType = folder.assetcatalog; path = Assets.xcassets; sourceTree = "<group>"; };
		689869E21E9992E600CE7B77 /* Base */ = {isa = PBXFileReference; lastKnownFileType = file.storyboard; name = Base; path = Base.lproj/LaunchScreen.storyboard; sourceTree = "<group>"; };
		689869E41E9992E600CE7B77 /* Base */ = {isa = PBXFileReference; lastKnownFileType = file.storyboard; name = Base; path = Base.lproj/Main.storyboard; sourceTree = "<group>"; };
		68993C611F401A3C00DFA6B1 /* FadeAnimator.swift */ = {isa = PBXFileReference; fileEncoding = 4; lastKnownFileType = sourcecode.swift; path = FadeAnimator.swift; sourceTree = "<group>"; };
		68993C621F401A3C00DFA6B1 /* TransitionAnimator.swift */ = {isa = PBXFileReference; fileEncoding = 4; lastKnownFileType = sourcecode.swift; path = TransitionAnimator.swift; sourceTree = "<group>"; };
		68993C641F401A3C00DFA6B1 /* ZoomAnimator.swift */ = {isa = PBXFileReference; fileEncoding = 4; lastKnownFileType = sourcecode.swift; path = ZoomAnimator.swift; sourceTree = "<group>"; };
		68993C651F401A3C00DFA6B1 /* ZoomAnimatorInteractiveTransition.swift */ = {isa = PBXFileReference; fileEncoding = 4; lastKnownFileType = sourcecode.swift; path = ZoomAnimatorInteractiveTransition.swift; sourceTree = "<group>"; };
		68993C661F401A3C00DFA6B1 /* ZoomAnimatorNavigationControllerDelegate.swift */ = {isa = PBXFileReference; fileEncoding = 4; lastKnownFileType = sourcecode.swift; path = ZoomAnimatorNavigationControllerDelegate.swift; sourceTree = "<group>"; };
		68993C671F401A3C00DFA6B1 /* ZoomAnimatorSourceDestination.swift */ = {isa = PBXFileReference; fileEncoding = 4; lastKnownFileType = sourcecode.swift; path = ZoomAnimatorSourceDestination.swift; sourceTree = "<group>"; };
		68993C691F401A3C00DFA6B1 /* MFMailComposeViewController+Blocks.swift */ = {isa = PBXFileReference; fileEncoding = 4; lastKnownFileType = sourcecode.swift; path = "MFMailComposeViewController+Blocks.swift"; sourceTree = "<group>"; };
		68993C6A1F401A3C00DFA6B1 /* TargetActionBlockRepresentable.swift */ = {isa = PBXFileReference; fileEncoding = 4; lastKnownFileType = sourcecode.swift; path = TargetActionBlockRepresentable.swift; sourceTree = "<group>"; };
		68993C6B1F401A3C00DFA6B1 /* UIBarButtonItem+Blocks.swift */ = {isa = PBXFileReference; fileEncoding = 4; lastKnownFileType = sourcecode.swift; path = "UIBarButtonItem+Blocks.swift"; sourceTree = "<group>"; };
		68993C6C1F401A3C00DFA6B1 /* UIControl+Blocks.swift */ = {isa = PBXFileReference; fileEncoding = 4; lastKnownFileType = sourcecode.swift; path = "UIControl+Blocks.swift"; sourceTree = "<group>"; };
		68993C6D1F401A3C00DFA6B1 /* UIGestureRecognizer+Blocks.swift */ = {isa = PBXFileReference; fileEncoding = 4; lastKnownFileType = sourcecode.swift; path = "UIGestureRecognizer+Blocks.swift"; sourceTree = "<group>"; };
		68993C6F1F401A3C00DFA6B1 /* AnyEquatable.swift */ = {isa = PBXFileReference; fileEncoding = 4; lastKnownFileType = sourcecode.swift; path = AnyEquatable.swift; sourceTree = "<group>"; };
		68993C701F401A3C00DFA6B1 /* Benchmark.swift */ = {isa = PBXFileReference; fileEncoding = 4; lastKnownFileType = sourcecode.swift; path = Benchmark.swift; sourceTree = "<group>"; };
		68993C711F401A3C00DFA6B1 /* Console.swift */ = {isa = PBXFileReference; fileEncoding = 4; lastKnownFileType = sourcecode.swift; path = Console.swift; sourceTree = "<group>"; };
		68993C721F401A3C00DFA6B1 /* Debugger.swift */ = {isa = PBXFileReference; fileEncoding = 4; lastKnownFileType = sourcecode.swift; path = Debugger.swift; sourceTree = "<group>"; };
		68993C731F401A3C00DFA6B1 /* Environment.swift */ = {isa = PBXFileReference; fileEncoding = 4; lastKnownFileType = sourcecode.swift; path = Environment.swift; sourceTree = "<group>"; };
		68993C741F401A3C00DFA6B1 /* JSONHelpers.swift */ = {isa = PBXFileReference; fileEncoding = 4; lastKnownFileType = sourcecode.swift; path = JSONHelpers.swift; sourceTree = "<group>"; };
		68993C751F401A3C00DFA6B1 /* Observer.swift */ = {isa = PBXFileReference; fileEncoding = 4; lastKnownFileType = sourcecode.swift; path = Observer.swift; sourceTree = "<group>"; };
		68993C761F401A3C00DFA6B1 /* PredicateQuery.swift */ = {isa = PBXFileReference; fileEncoding = 4; lastKnownFileType = sourcecode.swift; path = PredicateQuery.swift; sourceTree = "<group>"; };
		68993C771F401A3C00DFA6B1 /* Request.swift */ = {isa = PBXFileReference; fileEncoding = 4; lastKnownFileType = sourcecode.swift; path = Request.swift; sourceTree = "<group>"; };
		68993C781F401A3C00DFA6B1 /* Weak.swift */ = {isa = PBXFileReference; fileEncoding = 4; lastKnownFileType = sourcecode.swift; path = Weak.swift; sourceTree = "<group>"; };
		68993C791F401A3C00DFA6B1 /* XCConfiguration.swift */ = {isa = PBXFileReference; fileEncoding = 4; lastKnownFileType = sourcecode.swift; path = XCConfiguration.swift; sourceTree = "<group>"; };
		68993C7A1F401A3C00DFA6B1 /* XCUserDefault.swift */ = {isa = PBXFileReference; fileEncoding = 4; lastKnownFileType = sourcecode.swift; path = XCUserDefault.swift; sourceTree = "<group>"; };
		68993C7D1F401A3C00DFA6B1 /* DataSourceIndex.swift */ = {isa = PBXFileReference; fileEncoding = 4; lastKnownFileType = sourcecode.swift; path = DataSourceIndex.swift; sourceTree = "<group>"; };
		68993C7F1F401A3C00DFA6B1 /* XCCollectionViewComposedDataSource.swift */ = {isa = PBXFileReference; fileEncoding = 4; lastKnownFileType = sourcecode.swift; path = XCCollectionViewComposedDataSource.swift; sourceTree = "<group>"; };
		68993C801F401A3C00DFA6B1 /* XCCollectionViewDataSource.swift */ = {isa = PBXFileReference; fileEncoding = 4; lastKnownFileType = sourcecode.swift; path = XCCollectionViewDataSource.swift; sourceTree = "<group>"; };
		68993C811F401A3C00DFA6B1 /* XCComposedCollectionViewController.swift */ = {isa = PBXFileReference; fileEncoding = 4; lastKnownFileType = sourcecode.swift; path = XCComposedCollectionViewController.swift; sourceTree = "<group>"; };
		68993C831F401A3C00DFA6B1 /* XCComposedTableViewController.swift */ = {isa = PBXFileReference; fileEncoding = 4; lastKnownFileType = sourcecode.swift; path = XCComposedTableViewController.swift; sourceTree = "<group>"; };
		68993C841F401A3C00DFA6B1 /* XCTableViewComposedDataSource.swift */ = {isa = PBXFileReference; fileEncoding = 4; lastKnownFileType = sourcecode.swift; path = XCTableViewComposedDataSource.swift; sourceTree = "<group>"; };
		68993C851F401A3C00DFA6B1 /* XCTableViewDataSource.swift */ = {isa = PBXFileReference; fileEncoding = 4; lastKnownFileType = sourcecode.swift; path = XCTableViewDataSource.swift; sourceTree = "<group>"; };
		68993C871F401A3C00DFA6B1 /* DynamicTableView.swift */ = {isa = PBXFileReference; fileEncoding = 4; lastKnownFileType = sourcecode.swift; path = DynamicTableView.swift; sourceTree = "<group>"; };
		68993C881F401A3C00DFA6B1 /* DynamicTableViewCell.swift */ = {isa = PBXFileReference; fileEncoding = 4; lastKnownFileType = sourcecode.swift; path = DynamicTableViewCell.swift; sourceTree = "<group>"; };
		68993C891F401A3C00DFA6B1 /* DynamicTableViewController.swift */ = {isa = PBXFileReference; fileEncoding = 4; lastKnownFileType = sourcecode.swift; path = DynamicTableViewController.swift; sourceTree = "<group>"; };
		68993C8A1F401A3C00DFA6B1 /* DynamicTableViewTypes.swift */ = {isa = PBXFileReference; fileEncoding = 4; lastKnownFileType = sourcecode.swift; path = DynamicTableViewTypes.swift; sourceTree = "<group>"; };
		68993C8B1F401A3C00DFA6B1 /* TestDynamicTableViewController.swift */ = {isa = PBXFileReference; fileEncoding = 4; lastKnownFileType = sourcecode.swift; path = TestDynamicTableViewController.swift; sourceTree = "<group>"; };
		68993C8D1F401A3C00DFA6B1 /* IconLabelCollectionView.swift */ = {isa = PBXFileReference; fileEncoding = 4; lastKnownFileType = sourcecode.swift; path = IconLabelCollectionView.swift; sourceTree = "<group>"; };
		68993C8E1F401A3C00DFA6B1 /* IconLabelCollectionViewCell.swift */ = {isa = PBXFileReference; fileEncoding = 4; lastKnownFileType = sourcecode.swift; path = IconLabelCollectionViewCell.swift; sourceTree = "<group>"; };
		68993C8F1F401A3C00DFA6B1 /* IconLabelCollectionViewController.swift */ = {isa = PBXFileReference; fileEncoding = 4; lastKnownFileType = sourcecode.swift; path = IconLabelCollectionViewController.swift; sourceTree = "<group>"; };
		68993C901F401A3C00DFA6B1 /* IconLabelView.swift */ = {isa = PBXFileReference; fileEncoding = 4; lastKnownFileType = sourcecode.swift; path = IconLabelView.swift; sourceTree = "<group>"; };
		68993C911F401A3C00DFA6B1 /* ImageTitleDisplayable.swift */ = {isa = PBXFileReference; fileEncoding = 4; lastKnownFileType = sourcecode.swift; path = ImageTitleDisplayable.swift; sourceTree = "<group>"; };
		68993C921F401A3C00DFA6B1 /* IndexPathCache.swift */ = {isa = PBXFileReference; fileEncoding = 4; lastKnownFileType = sourcecode.swift; path = IndexPathCache.swift; sourceTree = "<group>"; };
		68993C931F401A3C00DFA6B1 /* IntrinsicContentSizeView.swift */ = {isa = PBXFileReference; fileEncoding = 4; lastKnownFileType = sourcecode.swift; path = IntrinsicContentSizeView.swift; sourceTree = "<group>"; };
		68993C941F401A3C00DFA6B1 /* ReorderTableView.swift */ = {isa = PBXFileReference; fileEncoding = 4; lastKnownFileType = sourcecode.swift; path = ReorderTableView.swift; sourceTree = "<group>"; };
		68993C951F401A3C00DFA6B1 /* Section.swift */ = {isa = PBXFileReference; fileEncoding = 4; lastKnownFileType = sourcecode.swift; path = Section.swift; sourceTree = "<group>"; };
		68993C961F401A3C00DFA6B1 /* SplitScreenViewController.swift */ = {isa = PBXFileReference; fileEncoding = 4; lastKnownFileType = sourcecode.swift; path = SplitScreenViewController.swift; sourceTree = "<group>"; };
		68993C971F401A3C00DFA6B1 /* TextViewController.swift */ = {isa = PBXFileReference; fileEncoding = 4; lastKnownFileType = sourcecode.swift; path = TextViewController.swift; sourceTree = "<group>"; };
		68993C981F401A3C00DFA6B1 /* UIImage+AssetIdentifier.swift */ = {isa = PBXFileReference; fileEncoding = 4; lastKnownFileType = sourcecode.swift; path = "UIImage+AssetIdentifier.swift"; sourceTree = "<group>"; };
		68993C991F401A3C00DFA6B1 /* XCButton.swift */ = {isa = PBXFileReference; fileEncoding = 4; lastKnownFileType = sourcecode.swift; path = XCButton.swift; sourceTree = "<group>"; };
		68993C9A1F401A3C00DFA6B1 /* XCGradientLayer.swift */ = {isa = PBXFileReference; fileEncoding = 4; lastKnownFileType = sourcecode.swift; path = XCGradientLayer.swift; sourceTree = "<group>"; };
		68993C9B1F401A3C00DFA6B1 /* XCPageViewController.swift */ = {isa = PBXFileReference; fileEncoding = 4; lastKnownFileType = sourcecode.swift; path = XCPageViewController.swift; sourceTree = "<group>"; };
		68993C9C1F401A3C00DFA6B1 /* XCScrollViewController.swift */ = {isa = PBXFileReference; fileEncoding = 4; lastKnownFileType = sourcecode.swift; path = XCScrollViewController.swift; sourceTree = "<group>"; };
		68993C9D1F401A3C00DFA6B1 /* XCTableViewCell.swift */ = {isa = PBXFileReference; fileEncoding = 4; lastKnownFileType = sourcecode.swift; path = XCTableViewCell.swift; sourceTree = "<group>"; };
		68993C9E1F401A3C00DFA6B1 /* XCTextField.swift */ = {isa = PBXFileReference; fileEncoding = 4; lastKnownFileType = sourcecode.swift; path = XCTextField.swift; sourceTree = "<group>"; };
		68993C9F1F401A3C00DFA6B1 /* XCToolbar.swift */ = {isa = PBXFileReference; fileEncoding = 4; lastKnownFileType = sourcecode.swift; path = XCToolbar.swift; sourceTree = "<group>"; };
		68993CA01F401A3C00DFA6B1 /* XCView.swift */ = {isa = PBXFileReference; fileEncoding = 4; lastKnownFileType = sourcecode.swift; path = XCView.swift; sourceTree = "<group>"; };
		68993CA21F401A3C00DFA6B1 /* AVFoundationExtensions.swift */ = {isa = PBXFileReference; fileEncoding = 4; lastKnownFileType = sourcecode.swift; path = AVFoundationExtensions.swift; sourceTree = "<group>"; };
		68993CA31F401A3C00DFA6B1 /* BundleExtensions.swift */ = {isa = PBXFileReference; fileEncoding = 4; lastKnownFileType = sourcecode.swift; path = BundleExtensions.swift; sourceTree = "<group>"; };
		68993CA41F401A3C00DFA6B1 /* CoreAnimationExtensions.swift */ = {isa = PBXFileReference; fileEncoding = 4; lastKnownFileType = sourcecode.swift; path = CoreAnimationExtensions.swift; sourceTree = "<group>"; };
		68993CA51F401A3C00DFA6B1 /* DateExtensions.swift */ = {isa = PBXFileReference; fileEncoding = 4; lastKnownFileType = sourcecode.swift; path = DateExtensions.swift; sourceTree = "<group>"; };
		68993CA61F401A3C00DFA6B1 /* DispatchQueueExtensions.swift */ = {isa = PBXFileReference; fileEncoding = 4; lastKnownFileType = sourcecode.swift; path = DispatchQueueExtensions.swift; sourceTree = "<group>"; };
		68993CA71F401A3C00DFA6B1 /* FoundationExtensions.swift */ = {isa = PBXFileReference; fileEncoding = 4; lastKnownFileType = sourcecode.swift; path = FoundationExtensions.swift; sourceTree = "<group>"; };
		68993CA81F401A3C00DFA6B1 /* InternalExtensions.swift */ = {isa = PBXFileReference; fileEncoding = 4; lastKnownFileType = sourcecode.swift; path = InternalExtensions.swift; sourceTree = "<group>"; };
		68993CA91F401A3C00DFA6B1 /* NSAttributedStringExtensions.swift */ = {isa = PBXFileReference; fileEncoding = 4; lastKnownFileType = sourcecode.swift; path = NSAttributedStringExtensions.swift; sourceTree = "<group>"; };
		68993CAA1F401A3C00DFA6B1 /* NSLayoutConstraintExtensions.swift */ = {isa = PBXFileReference; fileEncoding = 4; lastKnownFileType = sourcecode.swift; path = NSLayoutConstraintExtensions.swift; sourceTree = "<group>"; };
		68993CAB1F401A3C00DFA6B1 /* SDWebImage+Helpers.swift */ = {isa = PBXFileReference; fileEncoding = 4; lastKnownFileType = sourcecode.swift; path = "SDWebImage+Helpers.swift"; sourceTree = "<group>"; };
		68993CAC1F401A3C00DFA6B1 /* SwiftExtensions.swift */ = {isa = PBXFileReference; fileEncoding = 4; lastKnownFileType = sourcecode.swift; path = SwiftExtensions.swift; sourceTree = "<group>"; };
		68993CAD1F401A3C00DFA6B1 /* UIAlertControllerExtensions.swift */ = {isa = PBXFileReference; fileEncoding = 4; lastKnownFileType = sourcecode.swift; path = UIAlertControllerExtensions.swift; sourceTree = "<group>"; };
		68993CAE1F401A3C00DFA6B1 /* UIBarExtensions.swift */ = {isa = PBXFileReference; fileEncoding = 4; lastKnownFileType = sourcecode.swift; path = UIBarExtensions.swift; sourceTree = "<group>"; };
		68993CAF1F401A3C00DFA6B1 /* UIButtonExtensions.swift */ = {isa = PBXFileReference; fileEncoding = 4; lastKnownFileType = sourcecode.swift; path = UIButtonExtensions.swift; sourceTree = "<group>"; };
		68993CB01F401A3C00DFA6B1 /* UICollectionViewExtensions.swift */ = {isa = PBXFileReference; fileEncoding = 4; lastKnownFileType = sourcecode.swift; path = UICollectionViewExtensions.swift; sourceTree = "<group>"; };
		68993CB11F401A3C00DFA6B1 /* UIColorExtensions.swift */ = {isa = PBXFileReference; fileEncoding = 4; lastKnownFileType = sourcecode.swift; path = UIColorExtensions.swift; sourceTree = "<group>"; };
		68993CB21F401A3C00DFA6B1 /* UIDevice+Model.swift */ = {isa = PBXFileReference; fileEncoding = 4; lastKnownFileType = sourcecode.swift; path = "UIDevice+Model.swift"; sourceTree = "<group>"; };
		68993CB31F401A3C00DFA6B1 /* UIDeviceExtensions.swift */ = {isa = PBXFileReference; fileEncoding = 4; lastKnownFileType = sourcecode.swift; path = UIDeviceExtensions.swift; sourceTree = "<group>"; };
		68993CB41F401A3C00DFA6B1 /* UIFontExtensions.swift */ = {isa = PBXFileReference; fileEncoding = 4; lastKnownFileType = sourcecode.swift; path = UIFontExtensions.swift; sourceTree = "<group>"; };
		68993CB51F401A3C00DFA6B1 /* UIGeometryExtensions.swift */ = {isa = PBXFileReference; fileEncoding = 4; lastKnownFileType = sourcecode.swift; path = UIGeometryExtensions.swift; sourceTree = "<group>"; };
		68993CB61F401A3C00DFA6B1 /* UIImageExtensions.swift */ = {isa = PBXFileReference; fileEncoding = 4; lastKnownFileType = sourcecode.swift; path = UIImageExtensions.swift; sourceTree = "<group>"; };
		68993CB71F401A3C00DFA6B1 /* UIImageViewExtensions.swift */ = {isa = PBXFileReference; fileEncoding = 4; lastKnownFileType = sourcecode.swift; path = UIImageViewExtensions.swift; sourceTree = "<group>"; };
		68993CB81F401A3C00DFA6B1 /* UIKitExtensions.swift */ = {isa = PBXFileReference; fileEncoding = 4; lastKnownFileType = sourcecode.swift; path = UIKitExtensions.swift; sourceTree = "<group>"; };
		68993CB91F401A3C00DFA6B1 /* UILabelExtensions.swift */ = {isa = PBXFileReference; fileEncoding = 4; lastKnownFileType = sourcecode.swift; path = UILabelExtensions.swift; sourceTree = "<group>"; };
		68993CBA1F401A3C00DFA6B1 /* UINavigationController+HidesBottomBarWhenPushed.swift */ = {isa = PBXFileReference; fileEncoding = 4; lastKnownFileType = sourcecode.swift; path = "UINavigationController+HidesBottomBarWhenPushed.swift"; sourceTree = "<group>"; };
		68993CBB1F401A3C00DFA6B1 /* UINavigationControllerExtensions.swift */ = {isa = PBXFileReference; fileEncoding = 4; lastKnownFileType = sourcecode.swift; path = UINavigationControllerExtensions.swift; sourceTree = "<group>"; };
		68993CBC1F401A3C00DFA6B1 /* UIScrollViewExtensions.swift */ = {isa = PBXFileReference; fileEncoding = 4; lastKnownFileType = sourcecode.swift; path = UIScrollViewExtensions.swift; sourceTree = "<group>"; };
		68993CBD1F401A3C00DFA6B1 /* UITabBarControllerExtensions.swift */ = {isa = PBXFileReference; fileEncoding = 4; lastKnownFileType = sourcecode.swift; path = UITabBarControllerExtensions.swift; sourceTree = "<group>"; };
		68993CBE1F401A3C00DFA6B1 /* UITableViewExtensions.swift */ = {isa = PBXFileReference; fileEncoding = 4; lastKnownFileType = sourcecode.swift; path = UITableViewExtensions.swift; sourceTree = "<group>"; };
		68993CBF1F401A3C00DFA6B1 /* UIViewControllerExtensions.swift */ = {isa = PBXFileReference; fileEncoding = 4; lastKnownFileType = sourcecode.swift; path = UIViewControllerExtensions.swift; sourceTree = "<group>"; };
		68993CC01F401A3C00DFA6B1 /* UIViewExtensions.swift */ = {isa = PBXFileReference; fileEncoding = 4; lastKnownFileType = sourcecode.swift; path = UIViewExtensions.swift; sourceTree = "<group>"; };
		68993CC21F401A3C00DFA6B1 /* Collectionify.swift */ = {isa = PBXFileReference; fileEncoding = 4; lastKnownFileType = sourcecode.swift; path = Collectionify.swift; sourceTree = "<group>"; };
		68993CC31F401A3C00DFA6B1 /* TODO.swift */ = {isa = PBXFileReference; fileEncoding = 4; lastKnownFileType = sourcecode.swift; path = TODO.swift; sourceTree = "<group>"; };
		68993CC51F401A3C00DFA6B1 /* Colorable.swift */ = {isa = PBXFileReference; fileEncoding = 4; lastKnownFileType = sourcecode.swift; path = Colorable.swift; sourceTree = "<group>"; };
		68993CC61F401A3C00DFA6B1 /* EnumIteratable.swift */ = {isa = PBXFileReference; fileEncoding = 4; lastKnownFileType = sourcecode.swift; path = EnumIteratable.swift; sourceTree = "<group>"; };
		68993CC71F401A3C00DFA6B1 /* EquatableByPointer.swift */ = {isa = PBXFileReference; fileEncoding = 4; lastKnownFileType = sourcecode.swift; path = EquatableByPointer.swift; sourceTree = "<group>"; };
		68993CC81F401A3C00DFA6B1 /* NibInstantiable.swift */ = {isa = PBXFileReference; fileEncoding = 4; lastKnownFileType = sourcecode.swift; path = NibInstantiable.swift; sourceTree = "<group>"; };
		68993CC91F401A3C00DFA6B1 /* OptionsRepresentable.swift */ = {isa = PBXFileReference; fileEncoding = 4; lastKnownFileType = sourcecode.swift; path = OptionsRepresentable.swift; sourceTree = "<group>"; };
		68993CCA1F401A3C00DFA6B1 /* Serializable.swift */ = {isa = PBXFileReference; fileEncoding = 4; lastKnownFileType = sourcecode.swift; path = Serializable.swift; sourceTree = "<group>"; };
		68993CCB1F401A3C00DFA6B1 /* StoryboardInstantiable.swift */ = {isa = PBXFileReference; fileEncoding = 4; lastKnownFileType = sourcecode.swift; path = StoryboardInstantiable.swift; sourceTree = "<group>"; };
		68993CCD1F401A3C00DFA6B1 /* Reusable.swift */ = {isa = PBXFileReference; fileEncoding = 4; lastKnownFileType = sourcecode.swift; path = Reusable.swift; sourceTree = "<group>"; };
		68993CCE1F401A3C00DFA6B1 /* UICollectionView+Reusable.swift */ = {isa = PBXFileReference; fileEncoding = 4; lastKnownFileType = sourcecode.swift; path = "UICollectionView+Reusable.swift"; sourceTree = "<group>"; };
		68993CCF1F401A3C00DFA6B1 /* UITableView+Reusable.swift */ = {isa = PBXFileReference; fileEncoding = 4; lastKnownFileType = sourcecode.swift; path = "UITableView+Reusable.swift"; sourceTree = "<group>"; };
		68993CD11F401A3C00DFA6B1 /* Timer+Closure.swift */ = {isa = PBXFileReference; fileEncoding = 4; lastKnownFileType = sourcecode.swift; path = "Timer+Closure.swift"; sourceTree = "<group>"; };
		689D0C751D8DBB9500145E0B /* Xcore.framework */ = {isa = PBXFileReference; explicitFileType = wrapper.framework; includeInIndex = 0; path = Xcore.framework; sourceTree = BUILT_PRODUCTS_DIR; };
		689D0C7E1D8DBB9600145E0B /* Tests.xctest */ = {isa = PBXFileReference; explicitFileType = wrapper.cfbundle; includeInIndex = 0; path = Tests.xctest; sourceTree = BUILT_PRODUCTS_DIR; };
		689D0D171D8DBE5C00145E0B /* Info.plist */ = {isa = PBXFileReference; fileEncoding = 4; lastKnownFileType = text.plist.xml; path = Info.plist; sourceTree = "<group>"; };
		689D0D181D8DBE5C00145E0B /* XcoreTests.swift */ = {isa = PBXFileReference; fileEncoding = 4; lastKnownFileType = sourcecode.swift; path = XcoreTests.swift; sourceTree = "<group>"; };
		68C392FD1E99D327009D8D58 /* PredicateQueryTests.swift */ = {isa = PBXFileReference; fileEncoding = 4; lastKnownFileType = sourcecode.swift; path = PredicateQueryTests.swift; sourceTree = "<group>"; };
		84F555E9FA859A59DB03B60C /* Pods_Tests.framework */ = {isa = PBXFileReference; explicitFileType = wrapper.framework; includeInIndex = 0; path = Pods_Tests.framework; sourceTree = BUILT_PRODUCTS_DIR; };
		C773C4D476BF4309831EDE03 /* Pods_Example.framework */ = {isa = PBXFileReference; explicitFileType = wrapper.framework; includeInIndex = 0; path = Pods_Example.framework; sourceTree = BUILT_PRODUCTS_DIR; };
/* End PBXFileReference section */

/* Begin PBXFrameworksBuildPhase section */
		689869C51E99926100CE7B77 /* Frameworks */ = {
			isa = PBXFrameworksBuildPhase;
			buildActionMask = 2147483647;
			files = (
				975C9436F0C35B14D6B8FFF0 /* Pods_Example.framework in Frameworks */,
			);
			runOnlyForDeploymentPostprocessing = 0;
		};
		689D0C711D8DBB9500145E0B /* Frameworks */ = {
			isa = PBXFrameworksBuildPhase;
			buildActionMask = 2147483647;
			files = (
			);
			runOnlyForDeploymentPostprocessing = 0;
		};
		689D0C7B1D8DBB9600145E0B /* Frameworks */ = {
			isa = PBXFrameworksBuildPhase;
			buildActionMask = 2147483647;
			files = (
				CDE69BBCB1B78A0EB89C5FCD /* Pods_Tests.framework in Frameworks */,
			);
			runOnlyForDeploymentPostprocessing = 0;
		};
/* End PBXFrameworksBuildPhase section */

/* Begin PBXGroup section */
		30FA4F55EBD144846EB5BC5D /* Pods */ = {
			isa = PBXGroup;
			children = (
				446C91589F40B969C0CF0706 /* Pods-Example.debug.xcconfig */,
				5D3CFC269887586363462B4B /* Pods-Example.release.xcconfig */,
				0E028CA527265C27C4FB6507 /* Pods-Tests.debug.xcconfig */,
				56D96A853E1B0EC4E75E0691 /* Pods-Tests.release.xcconfig */,
			);
			name = Pods;
			sourceTree = "<group>";
		};
		681BD58B1D8DD5C7008E68C3 /* Frameworks */ = {
			isa = PBXGroup;
			children = (
				84F555E9FA859A59DB03B60C /* Pods_Tests.framework */,
				4F7DCE5F8350BCAF06C38805 /* Pods_Xcore.framework */,
				C773C4D476BF4309831EDE03 /* Pods_Example.framework */,
			);
			name = Frameworks;
			sourceTree = "<group>";
		};
		68728FBA1F3C1F3000A0C1D0 /* Sources */ = {
			isa = PBXGroup;
			children = (
				68993C601F401A3C00DFA6B1 /* Animations */,
				68993C681F401A3C00DFA6B1 /* Blocks */,
				68993C6E1F401A3C00DFA6B1 /* Classes */,
				68993C7B1F401A3C00DFA6B1 /* Components */,
				68993CA11F401A3C00DFA6B1 /* Extensions */,
				68993CC11F401A3C00DFA6B1 /* Helpers */,
				68993CC41F401A3C00DFA6B1 /* Protocols */,
				68993CCC1F401A3C00DFA6B1 /* Reusable */,
				68993CD01F401A3C00DFA6B1 /* ThirdParty */,
				687290291F3C1F3000A0C1D0 /* Supporting Files */,
			);
			path = Sources;
			sourceTree = "<group>";
		};
		687290291F3C1F3000A0C1D0 /* Supporting Files */ = {
			isa = PBXGroup;
			children = (
				6872902A1F3C1F3000A0C1D0 /* Assets.xcassets */,
				6872902B1F3C1F3000A0C1D0 /* Info.plist */,
				6872902C1F3C1F3000A0C1D0 /* Xcore.h */,
			);
			path = "Supporting Files";
			sourceTree = "<group>";
		};
		689869C91E99926100CE7B77 /* Example */ = {
			isa = PBXGroup;
			children = (
				689869DE1E9992E600CE7B77 /* Application */,
				689869DC1E9992E600CE7B77 /* Controllers */,
				689869DA1E9992E600CE7B77 /* Supporting Files */,
			);
			path = Example;
			sourceTree = "<group>";
		};
		689869DA1E9992E600CE7B77 /* Supporting Files */ = {
			isa = PBXGroup;
			children = (
				689869DB1E9992E600CE7B77 /* Info.plist */,
			);
			path = "Supporting Files";
			sourceTree = "<group>";
		};
		689869DC1E9992E600CE7B77 /* Controllers */ = {
			isa = PBXGroup;
			children = (
				689869DD1E9992E600CE7B77 /* ViewController.swift */,
			);
			path = Controllers;
			sourceTree = "<group>";
		};
		689869DE1E9992E600CE7B77 /* Application */ = {
			isa = PBXGroup;
			children = (
				689869DF1E9992E600CE7B77 /* AppDelegate.swift */,
				689869E31E9992E600CE7B77 /* Main.storyboard */,
				689869E11E9992E600CE7B77 /* LaunchScreen.storyboard */,
				689869E01E9992E600CE7B77 /* Assets.xcassets */,
			);
			path = Application;
			sourceTree = "<group>";
		};
		68993C601F401A3C00DFA6B1 /* Animations */ = {
			isa = PBXGroup;
			children = (
				68993C611F401A3C00DFA6B1 /* FadeAnimator.swift */,
				68993C621F401A3C00DFA6B1 /* TransitionAnimator.swift */,
				68993C631F401A3C00DFA6B1 /* ZoomAnimator */,
			);
			path = Animations;
			sourceTree = "<group>";
		};
		68993C631F401A3C00DFA6B1 /* ZoomAnimator */ = {
			isa = PBXGroup;
			children = (
				68993C641F401A3C00DFA6B1 /* ZoomAnimator.swift */,
				68993C651F401A3C00DFA6B1 /* ZoomAnimatorInteractiveTransition.swift */,
				68993C661F401A3C00DFA6B1 /* ZoomAnimatorNavigationControllerDelegate.swift */,
				68993C671F401A3C00DFA6B1 /* ZoomAnimatorSourceDestination.swift */,
			);
			path = ZoomAnimator;
			sourceTree = "<group>";
		};
		68993C681F401A3C00DFA6B1 /* Blocks */ = {
			isa = PBXGroup;
			children = (
				68993C691F401A3C00DFA6B1 /* MFMailComposeViewController+Blocks.swift */,
				68993C6A1F401A3C00DFA6B1 /* TargetActionBlockRepresentable.swift */,
				68993C6B1F401A3C00DFA6B1 /* UIBarButtonItem+Blocks.swift */,
				68993C6C1F401A3C00DFA6B1 /* UIControl+Blocks.swift */,
				68993C6D1F401A3C00DFA6B1 /* UIGestureRecognizer+Blocks.swift */,
			);
			path = Blocks;
			sourceTree = "<group>";
		};
		68993C6E1F401A3C00DFA6B1 /* Classes */ = {
			isa = PBXGroup;
			children = (
				68993C6F1F401A3C00DFA6B1 /* AnyEquatable.swift */,
				68993C701F401A3C00DFA6B1 /* Benchmark.swift */,
				68993C711F401A3C00DFA6B1 /* Console.swift */,
				68993C721F401A3C00DFA6B1 /* Debugger.swift */,
				68993C731F401A3C00DFA6B1 /* Environment.swift */,
				68993C741F401A3C00DFA6B1 /* JSONHelpers.swift */,
				68993C751F401A3C00DFA6B1 /* Observer.swift */,
				68993C761F401A3C00DFA6B1 /* PredicateQuery.swift */,
				68993C771F401A3C00DFA6B1 /* Request.swift */,
				68993C781F401A3C00DFA6B1 /* Weak.swift */,
				68993C791F401A3C00DFA6B1 /* XCConfiguration.swift */,
				68993C7A1F401A3C00DFA6B1 /* XCUserDefault.swift */,
			);
			path = Classes;
			sourceTree = "<group>";
		};
		68993C7B1F401A3C00DFA6B1 /* Components */ = {
			isa = PBXGroup;
			children = (
				68993C7C1F401A3C00DFA6B1 /* DataSources */,
				68993C861F401A3C00DFA6B1 /* DynamicTableView */,
				68993C8C1F401A3C00DFA6B1 /* IconLabelView */,
				68993C921F401A3C00DFA6B1 /* IndexPathCache.swift */,
				68993C931F401A3C00DFA6B1 /* IntrinsicContentSizeView.swift */,
				68993C941F401A3C00DFA6B1 /* ReorderTableView.swift */,
				68993C951F401A3C00DFA6B1 /* Section.swift */,
				68993C961F401A3C00DFA6B1 /* SplitScreenViewController.swift */,
				68993C971F401A3C00DFA6B1 /* TextViewController.swift */,
				68993C981F401A3C00DFA6B1 /* UIImage+AssetIdentifier.swift */,
				68993C991F401A3C00DFA6B1 /* XCButton.swift */,
				68993C9A1F401A3C00DFA6B1 /* XCGradientLayer.swift */,
				68993C9B1F401A3C00DFA6B1 /* XCPageViewController.swift */,
				68993C9C1F401A3C00DFA6B1 /* XCScrollViewController.swift */,
				68993C9D1F401A3C00DFA6B1 /* XCTableViewCell.swift */,
				68993C9E1F401A3C00DFA6B1 /* XCTextField.swift */,
				68993C9F1F401A3C00DFA6B1 /* XCToolbar.swift */,
				68993CA01F401A3C00DFA6B1 /* XCView.swift */,
			);
			path = Components;
			sourceTree = "<group>";
		};
		68993C7C1F401A3C00DFA6B1 /* DataSources */ = {
			isa = PBXGroup;
			children = (
				68993C7D1F401A3C00DFA6B1 /* DataSourceIndex.swift */,
				68993C7E1F401A3C00DFA6B1 /* XCCollectionViewComposedDataSource */,
				68993C821F401A3C00DFA6B1 /* XCTableViewComposedDataSource */,
			);
			path = DataSources;
			sourceTree = "<group>";
		};
		68993C7E1F401A3C00DFA6B1 /* XCCollectionViewComposedDataSource */ = {
			isa = PBXGroup;
			children = (
				68993C7F1F401A3C00DFA6B1 /* XCCollectionViewComposedDataSource.swift */,
				68993C801F401A3C00DFA6B1 /* XCCollectionViewDataSource.swift */,
				68993C811F401A3C00DFA6B1 /* XCComposedCollectionViewController.swift */,
			);
			path = XCCollectionViewComposedDataSource;
			sourceTree = "<group>";
		};
		68993C821F401A3C00DFA6B1 /* XCTableViewComposedDataSource */ = {
			isa = PBXGroup;
			children = (
				68993C831F401A3C00DFA6B1 /* XCComposedTableViewController.swift */,
				68993C841F401A3C00DFA6B1 /* XCTableViewComposedDataSource.swift */,
				68993C851F401A3C00DFA6B1 /* XCTableViewDataSource.swift */,
			);
			path = XCTableViewComposedDataSource;
			sourceTree = "<group>";
		};
		68993C861F401A3C00DFA6B1 /* DynamicTableView */ = {
			isa = PBXGroup;
			children = (
				68993C871F401A3C00DFA6B1 /* DynamicTableView.swift */,
				68993C881F401A3C00DFA6B1 /* DynamicTableViewCell.swift */,
				68993C891F401A3C00DFA6B1 /* DynamicTableViewController.swift */,
				68993C8A1F401A3C00DFA6B1 /* DynamicTableViewTypes.swift */,
				68993C8B1F401A3C00DFA6B1 /* TestDynamicTableViewController.swift */,
			);
			path = DynamicTableView;
			sourceTree = "<group>";
		};
		68993C8C1F401A3C00DFA6B1 /* IconLabelView */ = {
			isa = PBXGroup;
			children = (
				68993C8D1F401A3C00DFA6B1 /* IconLabelCollectionView.swift */,
				68993C8E1F401A3C00DFA6B1 /* IconLabelCollectionViewCell.swift */,
				68993C8F1F401A3C00DFA6B1 /* IconLabelCollectionViewController.swift */,
				68993C901F401A3C00DFA6B1 /* IconLabelView.swift */,
				68993C911F401A3C00DFA6B1 /* ImageTitleDisplayable.swift */,
			);
			path = IconLabelView;
			sourceTree = "<group>";
		};
		68993CA11F401A3C00DFA6B1 /* Extensions */ = {
			isa = PBXGroup;
			children = (
				68993CA21F401A3C00DFA6B1 /* AVFoundationExtensions.swift */,
				68993CA31F401A3C00DFA6B1 /* BundleExtensions.swift */,
				68993CA41F401A3C00DFA6B1 /* CoreAnimationExtensions.swift */,
				68993CA51F401A3C00DFA6B1 /* DateExtensions.swift */,
				68993CA61F401A3C00DFA6B1 /* DispatchQueueExtensions.swift */,
				68993CA71F401A3C00DFA6B1 /* FoundationExtensions.swift */,
				68993CA81F401A3C00DFA6B1 /* InternalExtensions.swift */,
				68993CA91F401A3C00DFA6B1 /* NSAttributedStringExtensions.swift */,
				68993CAA1F401A3C00DFA6B1 /* NSLayoutConstraintExtensions.swift */,
				68993CAB1F401A3C00DFA6B1 /* SDWebImage+Helpers.swift */,
				68993CAC1F401A3C00DFA6B1 /* SwiftExtensions.swift */,
				68993CAD1F401A3C00DFA6B1 /* UIAlertControllerExtensions.swift */,
				68993CAE1F401A3C00DFA6B1 /* UIBarExtensions.swift */,
				68993CAF1F401A3C00DFA6B1 /* UIButtonExtensions.swift */,
				68993CB01F401A3C00DFA6B1 /* UICollectionViewExtensions.swift */,
				68993CB11F401A3C00DFA6B1 /* UIColorExtensions.swift */,
				68993CB21F401A3C00DFA6B1 /* UIDevice+Model.swift */,
				68993CB31F401A3C00DFA6B1 /* UIDeviceExtensions.swift */,
				68993CB41F401A3C00DFA6B1 /* UIFontExtensions.swift */,
				68993CB51F401A3C00DFA6B1 /* UIGeometryExtensions.swift */,
				68993CB61F401A3C00DFA6B1 /* UIImageExtensions.swift */,
				68993CB71F401A3C00DFA6B1 /* UIImageViewExtensions.swift */,
				68993CB81F401A3C00DFA6B1 /* UIKitExtensions.swift */,
				68993CB91F401A3C00DFA6B1 /* UILabelExtensions.swift */,
				68993CBA1F401A3C00DFA6B1 /* UINavigationController+HidesBottomBarWhenPushed.swift */,
				68993CBB1F401A3C00DFA6B1 /* UINavigationControllerExtensions.swift */,
				68993CBC1F401A3C00DFA6B1 /* UIScrollViewExtensions.swift */,
				68993CBD1F401A3C00DFA6B1 /* UITabBarControllerExtensions.swift */,
				68993CBE1F401A3C00DFA6B1 /* UITableViewExtensions.swift */,
				68993CBF1F401A3C00DFA6B1 /* UIViewControllerExtensions.swift */,
				68993CC01F401A3C00DFA6B1 /* UIViewExtensions.swift */,
			);
			path = Extensions;
			sourceTree = "<group>";
		};
		68993CC11F401A3C00DFA6B1 /* Helpers */ = {
			isa = PBXGroup;
			children = (
				68993CC21F401A3C00DFA6B1 /* Collectionify.swift */,
				68993CC31F401A3C00DFA6B1 /* TODO.swift */,
			);
			path = Helpers;
			sourceTree = "<group>";
		};
		68993CC41F401A3C00DFA6B1 /* Protocols */ = {
			isa = PBXGroup;
			children = (
				68993CC51F401A3C00DFA6B1 /* Colorable.swift */,
				68993CC61F401A3C00DFA6B1 /* EnumIteratable.swift */,
				68993CC71F401A3C00DFA6B1 /* EquatableByPointer.swift */,
				68993CC81F401A3C00DFA6B1 /* NibInstantiable.swift */,
				68993CC91F401A3C00DFA6B1 /* OptionsRepresentable.swift */,
				68993CCA1F401A3C00DFA6B1 /* Serializable.swift */,
				68993CCB1F401A3C00DFA6B1 /* StoryboardInstantiable.swift */,
			);
			path = Protocols;
			sourceTree = "<group>";
		};
		68993CCC1F401A3C00DFA6B1 /* Reusable */ = {
			isa = PBXGroup;
			children = (
				68993CCD1F401A3C00DFA6B1 /* Reusable.swift */,
				68993CCE1F401A3C00DFA6B1 /* UICollectionView+Reusable.swift */,
				68993CCF1F401A3C00DFA6B1 /* UITableView+Reusable.swift */,
			);
			path = Reusable;
			sourceTree = "<group>";
		};
		68993CD01F401A3C00DFA6B1 /* ThirdParty */ = {
			isa = PBXGroup;
			children = (
				68993CD11F401A3C00DFA6B1 /* Timer+Closure.swift */,
			);
			path = ThirdParty;
			sourceTree = "<group>";
		};
		689D0C6B1D8DBB9500145E0B = {
			isa = PBXGroup;
			children = (
				689869C91E99926100CE7B77 /* Example */,
				68728FBA1F3C1F3000A0C1D0 /* Sources */,
				689D0D161D8DBE5C00145E0B /* Tests */,
				689D0C761D8DBB9500145E0B /* Products */,
				681BD58B1D8DD5C7008E68C3 /* Frameworks */,
				30FA4F55EBD144846EB5BC5D /* Pods */,
			);
			sourceTree = "<group>";
		};
		689D0C761D8DBB9500145E0B /* Products */ = {
			isa = PBXGroup;
			children = (
				689D0C751D8DBB9500145E0B /* Xcore.framework */,
				689D0C7E1D8DBB9600145E0B /* Tests.xctest */,
				689869C81E99926100CE7B77 /* Example.app */,
			);
			name = Products;
			sourceTree = "<group>";
		};
		689D0D161D8DBE5C00145E0B /* Tests */ = {
			isa = PBXGroup;
			children = (
				689D0D171D8DBE5C00145E0B /* Info.plist */,
				689D0D181D8DBE5C00145E0B /* XcoreTests.swift */,
				68C392FD1E99D327009D8D58 /* PredicateQueryTests.swift */,
			);
			path = Tests;
			sourceTree = "<group>";
		};
/* End PBXGroup section */

/* Begin PBXHeadersBuildPhase section */
		689D0C721D8DBB9500145E0B /* Headers */ = {
			isa = PBXHeadersBuildPhase;
			buildActionMask = 2147483647;
			files = (
				687290911F3C1F3100A0C1D0 /* Xcore.h in Headers */,
			);
			runOnlyForDeploymentPostprocessing = 0;
		};
/* End PBXHeadersBuildPhase section */

/* Begin PBXNativeTarget section */
		689869C71E99926100CE7B77 /* Example */ = {
			isa = PBXNativeTarget;
			buildConfigurationList = 689869D71E99926100CE7B77 /* Build configuration list for PBXNativeTarget "Example" */;
			buildPhases = (
				528D2BC006CC88A5E6D9B20E /* [CP] Check Pods Manifest.lock */,
				689869C41E99926100CE7B77 /* Sources */,
				689869C51E99926100CE7B77 /* Frameworks */,
				689869C61E99926100CE7B77 /* Resources */,
				A2011E0EF9E7BBCFC1BB51B5 /* [CP] Embed Pods Frameworks */,
				CC127E2582880FEC5AAA2FED /* [CP] Copy Pods Resources */,
			);
			buildRules = (
			);
			dependencies = (
			);
			name = Example;
			productName = Example;
			productReference = 689869C81E99926100CE7B77 /* Example.app */;
			productType = "com.apple.product-type.application";
		};
		689D0C741D8DBB9500145E0B /* Xcore */ = {
			isa = PBXNativeTarget;
			buildConfigurationList = 689D0C891D8DBB9600145E0B /* Build configuration list for PBXNativeTarget "Xcore" */;
			buildPhases = (
				689D0C701D8DBB9500145E0B /* Sources */,
				689D0C711D8DBB9500145E0B /* Frameworks */,
				689D0C721D8DBB9500145E0B /* Headers */,
				689D0C731D8DBB9500145E0B /* Resources */,
			);
			buildRules = (
			);
			dependencies = (
			);
			name = Xcore;
			productName = Xcore;
			productReference = 689D0C751D8DBB9500145E0B /* Xcore.framework */;
			productType = "com.apple.product-type.framework";
		};
		689D0C7D1D8DBB9600145E0B /* Tests */ = {
			isa = PBXNativeTarget;
			buildConfigurationList = 689D0C8C1D8DBB9600145E0B /* Build configuration list for PBXNativeTarget "Tests" */;
			buildPhases = (
				AA8AF57F04C008D6385F7344 /* [CP] Check Pods Manifest.lock */,
				689D0C7A1D8DBB9600145E0B /* Sources */,
				689D0C7B1D8DBB9600145E0B /* Frameworks */,
				689D0C7C1D8DBB9600145E0B /* Resources */,
				45860ABEB26577339DC0FE22 /* [CP] Embed Pods Frameworks */,
				5BE9722313574F744C1C0FDB /* [CP] Copy Pods Resources */,
			);
			buildRules = (
			);
			dependencies = (
				68B1DB2D1E999C10007CD621 /* PBXTargetDependency */,
			);
			name = Tests;
			productName = XcoreTests;
			productReference = 689D0C7E1D8DBB9600145E0B /* Tests.xctest */;
			productType = "com.apple.product-type.bundle.unit-test";
		};
/* End PBXNativeTarget section */

/* Begin PBXProject section */
		689D0C6C1D8DBB9500145E0B /* Project object */ = {
			isa = PBXProject;
			attributes = {
				LastSwiftUpdateCheck = 0830;
				LastUpgradeCheck = 0830;
				ORGANIZATIONNAME = Xcore;
				TargetAttributes = {
					689869C71E99926100CE7B77 = {
						CreatedOnToolsVersion = 8.3;
						ProvisioningStyle = Automatic;
					};
					689D0C741D8DBB9500145E0B = {
						CreatedOnToolsVersion = 8.0;
						LastSwiftMigration = 0800;
						ProvisioningStyle = Automatic;
					};
					689D0C7D1D8DBB9600145E0B = {
						CreatedOnToolsVersion = 8.0;
						LastSwiftMigration = 0800;
						ProvisioningStyle = Automatic;
						TestTargetID = 689869C71E99926100CE7B77;
					};
				};
			};
			buildConfigurationList = 689D0C6F1D8DBB9500145E0B /* Build configuration list for PBXProject "Xcore" */;
			compatibilityVersion = "Xcode 3.2";
			developmentRegion = English;
			hasScannedForEncodings = 0;
			knownRegions = (
				en,
				Base,
			);
			mainGroup = 689D0C6B1D8DBB9500145E0B;
			productRefGroup = 689D0C761D8DBB9500145E0B /* Products */;
			projectDirPath = "";
			projectRoot = "";
			targets = (
				689869C71E99926100CE7B77 /* Example */,
				689D0C741D8DBB9500145E0B /* Xcore */,
				689D0C7D1D8DBB9600145E0B /* Tests */,
			);
		};
/* End PBXProject section */

/* Begin PBXResourcesBuildPhase section */
		689869C61E99926100CE7B77 /* Resources */ = {
			isa = PBXResourcesBuildPhase;
			buildActionMask = 2147483647;
			files = (
				689869E91E9992E600CE7B77 /* LaunchScreen.storyboard in Resources */,
				689869E81E9992E600CE7B77 /* Assets.xcassets in Resources */,
				689869EA1E9992E600CE7B77 /* Main.storyboard in Resources */,
			);
			runOnlyForDeploymentPostprocessing = 0;
		};
		689D0C731D8DBB9500145E0B /* Resources */ = {
			isa = PBXResourcesBuildPhase;
			buildActionMask = 2147483647;
			files = (
				687290901F3C1F3100A0C1D0 /* Info.plist in Resources */,
				6872908F1F3C1F3100A0C1D0 /* Assets.xcassets in Resources */,
			);
			runOnlyForDeploymentPostprocessing = 0;
		};
		689D0C7C1D8DBB9600145E0B /* Resources */ = {
			isa = PBXResourcesBuildPhase;
			buildActionMask = 2147483647;
			files = (
			);
			runOnlyForDeploymentPostprocessing = 0;
		};
/* End PBXResourcesBuildPhase section */

/* Begin PBXShellScriptBuildPhase section */
		45860ABEB26577339DC0FE22 /* [CP] Embed Pods Frameworks */ = {
			isa = PBXShellScriptBuildPhase;
			buildActionMask = 2147483647;
			files = (
			);
			inputPaths = (
			);
			name = "[CP] Embed Pods Frameworks";
			outputPaths = (
			);
			runOnlyForDeploymentPostprocessing = 0;
			shellPath = /bin/sh;
			shellScript = "\"${SRCROOT}/Pods/Target Support Files/Pods-Tests/Pods-Tests-frameworks.sh\"\n";
			showEnvVarsInLog = 0;
		};
		528D2BC006CC88A5E6D9B20E /* [CP] Check Pods Manifest.lock */ = {
			isa = PBXShellScriptBuildPhase;
			buildActionMask = 2147483647;
			files = (
			);
			inputPaths = (
				"${PODS_PODFILE_DIR_PATH}/Podfile.lock",
				"${PODS_ROOT}/Manifest.lock",
			);
			name = "[CP] Check Pods Manifest.lock";
			outputPaths = (
				"$(DERIVED_FILE_DIR)/Pods-Example-checkManifestLockResult.txt",
			);
			runOnlyForDeploymentPostprocessing = 0;
			shellPath = /bin/sh;
			shellScript = "diff \"${PODS_PODFILE_DIR_PATH}/Podfile.lock\" \"${PODS_ROOT}/Manifest.lock\" > /dev/null\nif [ $? != 0 ] ; then\n    # print error to STDERR\n    echo \"error: The sandbox is not in sync with the Podfile.lock. Run 'pod install' or update your CocoaPods installation.\" >&2\n    exit 1\nfi\n# This output is used by Xcode 'outputs' to avoid re-running this script phase.\necho \"SUCCESS\" > \"${SCRIPT_OUTPUT_FILE_0}\"\n";
			showEnvVarsInLog = 0;
		};
		5BE9722313574F744C1C0FDB /* [CP] Copy Pods Resources */ = {
			isa = PBXShellScriptBuildPhase;
			buildActionMask = 2147483647;
			files = (
			);
			inputPaths = (
			);
			name = "[CP] Copy Pods Resources";
			outputPaths = (
			);
			runOnlyForDeploymentPostprocessing = 0;
			shellPath = /bin/sh;
			shellScript = "\"${SRCROOT}/Pods/Target Support Files/Pods-Tests/Pods-Tests-resources.sh\"\n";
			showEnvVarsInLog = 0;
		};
		A2011E0EF9E7BBCFC1BB51B5 /* [CP] Embed Pods Frameworks */ = {
			isa = PBXShellScriptBuildPhase;
			buildActionMask = 2147483647;
			files = (
			);
			inputPaths = (
				"${SRCROOT}/Pods/Target Support Files/Pods-Example/Pods-Example-frameworks.sh",
				"${BUILT_PRODUCTS_DIR}/BEMCheckBox/BEMCheckBox.framework",
				"${BUILT_PRODUCTS_DIR}/MDHTMLLabel/MDHTMLLabel.framework",
				"${BUILT_PRODUCTS_DIR}/SDWebImage/SDWebImage.framework",
				"${BUILT_PRODUCTS_DIR}/Xcore/Xcore.framework",
			);
			name = "[CP] Embed Pods Frameworks";
			outputPaths = (
				"${TARGET_BUILD_DIR}/${FRAMEWORKS_FOLDER_PATH}/BEMCheckBox.framework",
				"${TARGET_BUILD_DIR}/${FRAMEWORKS_FOLDER_PATH}/MDHTMLLabel.framework",
				"${TARGET_BUILD_DIR}/${FRAMEWORKS_FOLDER_PATH}/SDWebImage.framework",
				"${TARGET_BUILD_DIR}/${FRAMEWORKS_FOLDER_PATH}/Xcore.framework",
			);
			runOnlyForDeploymentPostprocessing = 0;
			shellPath = /bin/sh;
			shellScript = "\"${SRCROOT}/Pods/Target Support Files/Pods-Example/Pods-Example-frameworks.sh\"\n";
			showEnvVarsInLog = 0;
		};
		AA8AF57F04C008D6385F7344 /* [CP] Check Pods Manifest.lock */ = {
			isa = PBXShellScriptBuildPhase;
			buildActionMask = 2147483647;
			files = (
			);
			inputPaths = (
				"${PODS_PODFILE_DIR_PATH}/Podfile.lock",
				"${PODS_ROOT}/Manifest.lock",
			);
			name = "[CP] Check Pods Manifest.lock";
			outputPaths = (
				"$(DERIVED_FILE_DIR)/Pods-Tests-checkManifestLockResult.txt",
			);
			runOnlyForDeploymentPostprocessing = 0;
			shellPath = /bin/sh;
			shellScript = "diff \"${PODS_PODFILE_DIR_PATH}/Podfile.lock\" \"${PODS_ROOT}/Manifest.lock\" > /dev/null\nif [ $? != 0 ] ; then\n    # print error to STDERR\n    echo \"error: The sandbox is not in sync with the Podfile.lock. Run 'pod install' or update your CocoaPods installation.\" >&2\n    exit 1\nfi\n# This output is used by Xcode 'outputs' to avoid re-running this script phase.\necho \"SUCCESS\" > \"${SCRIPT_OUTPUT_FILE_0}\"\n";
			showEnvVarsInLog = 0;
		};
		CC127E2582880FEC5AAA2FED /* [CP] Copy Pods Resources */ = {
			isa = PBXShellScriptBuildPhase;
			buildActionMask = 2147483647;
			files = (
			);
			inputPaths = (
			);
			name = "[CP] Copy Pods Resources";
			outputPaths = (
			);
			runOnlyForDeploymentPostprocessing = 0;
			shellPath = /bin/sh;
			shellScript = "\"${SRCROOT}/Pods/Target Support Files/Pods-Example/Pods-Example-resources.sh\"\n";
			showEnvVarsInLog = 0;
		};
/* End PBXShellScriptBuildPhase section */

/* Begin PBXSourcesBuildPhase section */
		689869C41E99926100CE7B77 /* Sources */ = {
			isa = PBXSourcesBuildPhase;
			buildActionMask = 2147483647;
			files = (
				689869E71E9992E600CE7B77 /* AppDelegate.swift in Sources */,
				689869E61E9992E600CE7B77 /* ViewController.swift in Sources */,
			);
			runOnlyForDeploymentPostprocessing = 0;
		};
		689D0C701D8DBB9500145E0B /* Sources */ = {
			isa = PBXSourcesBuildPhase;
			buildActionMask = 2147483647;
			files = (
				68993CF71F401A3C00DFA6B1 /* IconLabelCollectionViewController.swift in Sources */,
				68993D341F401A3C00DFA6B1 /* Timer+Closure.swift in Sources */,
				68993CFE1F401A3C00DFA6B1 /* SplitScreenViewController.swift in Sources */,
				68993CEC1F401A3C00DFA6B1 /* XCComposedCollectionViewController.swift in Sources */,
				68993D021F401A3C00DFA6B1 /* XCGradientLayer.swift in Sources */,
				68993CF21F401A3C00DFA6B1 /* DynamicTableViewController.swift in Sources */,
				68993CD81F401A3C00DFA6B1 /* MFMailComposeViewController+Blocks.swift in Sources */,
				68993D0E1F401A3C00DFA6B1 /* FoundationExtensions.swift in Sources */,
				68993CF41F401A3C00DFA6B1 /* TestDynamicTableViewController.swift in Sources */,
				68993D1F1F401A3C00DFA6B1 /* UIKitExtensions.swift in Sources */,
				68993CFC1F401A3C00DFA6B1 /* ReorderTableView.swift in Sources */,
				68993D061F401A3C00DFA6B1 /* XCTextField.swift in Sources */,
				68993D2B1F401A3C00DFA6B1 /* EnumIteratable.swift in Sources */,
				68993D291F401A3C00DFA6B1 /* TODO.swift in Sources */,
				68993D241F401A3C00DFA6B1 /* UITabBarControllerExtensions.swift in Sources */,
				68993D171F401A3C00DFA6B1 /* UICollectionViewExtensions.swift in Sources */,
				68993D0D1F401A3C00DFA6B1 /* DispatchQueueExtensions.swift in Sources */,
				68993CFF1F401A3C00DFA6B1 /* TextViewController.swift in Sources */,
				68993CE31F401A3C00DFA6B1 /* Observer.swift in Sources */,
				68993CE11F401A3C00DFA6B1 /* Environment.swift in Sources */,
				68993CDD1F401A3C00DFA6B1 /* AnyEquatable.swift in Sources */,
				68993D2F1F401A3C00DFA6B1 /* Serializable.swift in Sources */,
				68993CE81F401A3C00DFA6B1 /* XCUserDefault.swift in Sources */,
				68993D0F1F401A3C00DFA6B1 /* InternalExtensions.swift in Sources */,
				68993D2E1F401A3C00DFA6B1 /* OptionsRepresentable.swift in Sources */,
				68993CD21F401A3C00DFA6B1 /* FadeAnimator.swift in Sources */,
				68993D1C1F401A3C00DFA6B1 /* UIGeometryExtensions.swift in Sources */,
				68993CE01F401A3C00DFA6B1 /* Debugger.swift in Sources */,
				68993D301F401A3C00DFA6B1 /* StoryboardInstantiable.swift in Sources */,
				68993CF31F401A3C00DFA6B1 /* DynamicTableViewTypes.swift in Sources */,
				68993D041F401A3C00DFA6B1 /* XCScrollViewController.swift in Sources */,
				68993CDF1F401A3C00DFA6B1 /* Console.swift in Sources */,
				68993D011F401A3C00DFA6B1 /* XCButton.swift in Sources */,
				68993D101F401A3C00DFA6B1 /* NSAttributedStringExtensions.swift in Sources */,
				68993CDA1F401A3C00DFA6B1 /* UIBarButtonItem+Blocks.swift in Sources */,
				68993CD31F401A3C00DFA6B1 /* TransitionAnimator.swift in Sources */,
				68993D071F401A3C00DFA6B1 /* XCToolbar.swift in Sources */,
				68993D151F401A3C00DFA6B1 /* UIBarExtensions.swift in Sources */,
				68993D0B1F401A3C00DFA6B1 /* CoreAnimationExtensions.swift in Sources */,
				68993CE41F401A3C00DFA6B1 /* PredicateQuery.swift in Sources */,
				68993D131F401A3C00DFA6B1 /* SwiftExtensions.swift in Sources */,
				68993CE91F401A3C00DFA6B1 /* DataSourceIndex.swift in Sources */,
				68993CE21F401A3C00DFA6B1 /* JSONHelpers.swift in Sources */,
				68993CD91F401A3C00DFA6B1 /* TargetActionBlockRepresentable.swift in Sources */,
				68993D141F401A3C00DFA6B1 /* UIAlertControllerExtensions.swift in Sources */,
				68993D081F401A3C00DFA6B1 /* XCView.swift in Sources */,
				68993CFA1F401A3C00DFA6B1 /* IndexPathCache.swift in Sources */,
				68993D091F401A3C00DFA6B1 /* AVFoundationExtensions.swift in Sources */,
				68993CDB1F401A3C00DFA6B1 /* UIControl+Blocks.swift in Sources */,
				68993CF61F401A3C00DFA6B1 /* IconLabelCollectionViewCell.swift in Sources */,
				68993D1E1F401A3C00DFA6B1 /* UIImageViewExtensions.swift in Sources */,
				68993CF91F401A3C00DFA6B1 /* ImageTitleDisplayable.swift in Sources */,
				68993D201F401A3C00DFA6B1 /* UILabelExtensions.swift in Sources */,
				68993D031F401A3C00DFA6B1 /* XCPageViewController.swift in Sources */,
				68993D051F401A3C00DFA6B1 /* XCTableViewCell.swift in Sources */,
				68993D0A1F401A3C00DFA6B1 /* BundleExtensions.swift in Sources */,
				68993CFB1F401A3C00DFA6B1 /* IntrinsicContentSizeView.swift in Sources */,
				68993CEE1F401A3C00DFA6B1 /* XCTableViewComposedDataSource.swift in Sources */,
				68993D261F401A3C00DFA6B1 /* UIViewControllerExtensions.swift in Sources */,
				68993CEA1F401A3C00DFA6B1 /* XCCollectionViewComposedDataSource.swift in Sources */,
				68993CDE1F401A3C00DFA6B1 /* Benchmark.swift in Sources */,
				68993D311F401A3C00DFA6B1 /* Reusable.swift in Sources */,
				68993D161F401A3C00DFA6B1 /* UIButtonExtensions.swift in Sources */,
				68993D331F401A3C00DFA6B1 /* UITableView+Reusable.swift in Sources */,
				68993CDC1F401A3C00DFA6B1 /* UIGestureRecognizer+Blocks.swift in Sources */,
				68993CF01F401A3C00DFA6B1 /* DynamicTableView.swift in Sources */,
				68993D0C1F401A3C00DFA6B1 /* DateExtensions.swift in Sources */,
				68993CE71F401A3C00DFA6B1 /* XCConfiguration.swift in Sources */,
				68993D221F401A3C00DFA6B1 /* UINavigationControllerExtensions.swift in Sources */,
				68993CD41F401A3C00DFA6B1 /* ZoomAnimator.swift in Sources */,
				68993CEB1F401A3C00DFA6B1 /* XCCollectionViewDataSource.swift in Sources */,
				68993CED1F401A3C00DFA6B1 /* XCComposedTableViewController.swift in Sources */,
				68993D251F401A3C00DFA6B1 /* UITableViewExtensions.swift in Sources */,
				68993D2D1F401A3C00DFA6B1 /* NibInstantiable.swift in Sources */,
				68993D191F401A3C00DFA6B1 /* UIDevice+Model.swift in Sources */,
				68993D271F401A3C00DFA6B1 /* UIViewExtensions.swift in Sources */,
				68993D1D1F401A3C00DFA6B1 /* UIImageExtensions.swift in Sources */,
				68993D211F401A3C00DFA6B1 /* UINavigationController+HidesBottomBarWhenPushed.swift in Sources */,
				68993CD61F401A3C00DFA6B1 /* ZoomAnimatorNavigationControllerDelegate.swift in Sources */,
				68993D1A1F401A3C00DFA6B1 /* UIDeviceExtensions.swift in Sources */,
				68993D111F401A3C00DFA6B1 /* NSLayoutConstraintExtensions.swift in Sources */,
				68993CE51F401A3C00DFA6B1 /* Request.swift in Sources */,
				68993CD51F401A3C00DFA6B1 /* ZoomAnimatorInteractiveTransition.swift in Sources */,
				68993CFD1F401A3C00DFA6B1 /* Section.swift in Sources */,
				68993CEF1F401A3C00DFA6B1 /* XCTableViewDataSource.swift in Sources */,
				68993CF51F401A3C00DFA6B1 /* IconLabelCollectionView.swift in Sources */,
				68993CF11F401A3C00DFA6B1 /* DynamicTableViewCell.swift in Sources */,
				68993CD71F401A3C00DFA6B1 /* ZoomAnimatorSourceDestination.swift in Sources */,
				68993D121F401A3C00DFA6B1 /* SDWebImage+Helpers.swift in Sources */,
				68993D281F401A3C00DFA6B1 /* Collectionify.swift in Sources */,
				68993D321F401A3C00DFA6B1 /* UICollectionView+Reusable.swift in Sources */,
				68993D181F401A3C00DFA6B1 /* UIColorExtensions.swift in Sources */,
				68993D2C1F401A3C00DFA6B1 /* EquatableByPointer.swift in Sources */,
				68993CE61F401A3C00DFA6B1 /* Weak.swift in Sources */,
				68993CF81F401A3C00DFA6B1 /* IconLabelView.swift in Sources */,
				68993D2A1F401A3C00DFA6B1 /* Colorable.swift in Sources */,
				68993D1B1F401A3C00DFA6B1 /* UIFontExtensions.swift in Sources */,
				68993D001F401A3C00DFA6B1 /* UIImage+AssetIdentifier.swift in Sources */,
				68993D231F401A3C00DFA6B1 /* UIScrollViewExtensions.swift in Sources */,
			);
			runOnlyForDeploymentPostprocessing = 0;
		};
		689D0C7A1D8DBB9600145E0B /* Sources */ = {
			isa = PBXSourcesBuildPhase;
			buildActionMask = 2147483647;
			files = (
				68C392FE1E99D327009D8D58 /* PredicateQueryTests.swift in Sources */,
				689D0D1B1D8DBE6400145E0B /* XcoreTests.swift in Sources */,
			);
			runOnlyForDeploymentPostprocessing = 0;
		};
/* End PBXSourcesBuildPhase section */

/* Begin PBXTargetDependency section */
		68B1DB2D1E999C10007CD621 /* PBXTargetDependency */ = {
			isa = PBXTargetDependency;
			target = 689869C71E99926100CE7B77 /* Example */;
			targetProxy = 68B1DB2C1E999C10007CD621 /* PBXContainerItemProxy */;
		};
/* End PBXTargetDependency section */

/* Begin PBXVariantGroup section */
		689869E11E9992E600CE7B77 /* LaunchScreen.storyboard */ = {
			isa = PBXVariantGroup;
			children = (
				689869E21E9992E600CE7B77 /* Base */,
			);
			name = LaunchScreen.storyboard;
			sourceTree = "<group>";
		};
		689869E31E9992E600CE7B77 /* Main.storyboard */ = {
			isa = PBXVariantGroup;
			children = (
				689869E41E9992E600CE7B77 /* Base */,
			);
			name = Main.storyboard;
			sourceTree = "<group>";
		};
/* End PBXVariantGroup section */

/* Begin XCBuildConfiguration section */
		689869D81E99926100CE7B77 /* Debug */ = {
			isa = XCBuildConfiguration;
			baseConfigurationReference = 446C91589F40B969C0CF0706 /* Pods-Example.debug.xcconfig */;
			buildSettings = {
				ASSETCATALOG_COMPILER_APPICON_NAME = AppIcon;
				CLANG_ANALYZER_NUMBER_OBJECT_CONVERSION = YES_AGGRESSIVE;
				INFOPLIST_FILE = "Example/Supporting Files/Info.plist";
				LD_RUNPATH_SEARCH_PATHS = "$(inherited) @executable_path/Frameworks";
				PRODUCT_BUNDLE_IDENTIFIER = com.xcore.Example;
				PRODUCT_NAME = "$(TARGET_NAME)";
				SWIFT_VERSION = 3.0;
			};
			name = Debug;
		};
		689869D91E99926100CE7B77 /* Release */ = {
			isa = XCBuildConfiguration;
			baseConfigurationReference = 5D3CFC269887586363462B4B /* Pods-Example.release.xcconfig */;
			buildSettings = {
				ASSETCATALOG_COMPILER_APPICON_NAME = AppIcon;
				CLANG_ANALYZER_NUMBER_OBJECT_CONVERSION = YES_AGGRESSIVE;
				INFOPLIST_FILE = "Example/Supporting Files/Info.plist";
				LD_RUNPATH_SEARCH_PATHS = "$(inherited) @executable_path/Frameworks";
				PRODUCT_BUNDLE_IDENTIFIER = com.xcore.Example;
				PRODUCT_NAME = "$(TARGET_NAME)";
				SWIFT_VERSION = 3.0;
			};
			name = Release;
		};
		689D0C871D8DBB9600145E0B /* Debug */ = {
			isa = XCBuildConfiguration;
			buildSettings = {
				ALWAYS_SEARCH_USER_PATHS = NO;
				CLANG_ANALYZER_NONNULL = YES;
				CLANG_CXX_LANGUAGE_STANDARD = "gnu++0x";
				CLANG_CXX_LIBRARY = "libc++";
				CLANG_ENABLE_MODULES = YES;
				CLANG_ENABLE_OBJC_ARC = YES;
				CLANG_WARN_BOOL_CONVERSION = YES;
				CLANG_WARN_CONSTANT_CONVERSION = YES;
				CLANG_WARN_DIRECT_OBJC_ISA_USAGE = YES_ERROR;
				CLANG_WARN_DOCUMENTATION_COMMENTS = YES;
				CLANG_WARN_EMPTY_BODY = YES;
				CLANG_WARN_ENUM_CONVERSION = YES;
				CLANG_WARN_INFINITE_RECURSION = YES;
				CLANG_WARN_INT_CONVERSION = YES;
				CLANG_WARN_OBJC_ROOT_CLASS = YES_ERROR;
				CLANG_WARN_SUSPICIOUS_MOVE = YES;
				CLANG_WARN_SUSPICIOUS_MOVES = YES;
				CLANG_WARN_UNREACHABLE_CODE = YES;
				CLANG_WARN__DUPLICATE_METHOD_MATCH = YES;
				"CODE_SIGN_IDENTITY[sdk=iphoneos*]" = "iPhone Developer";
				COPY_PHASE_STRIP = NO;
				CURRENT_PROJECT_VERSION = 1;
				DEBUG_INFORMATION_FORMAT = dwarf;
				ENABLE_STRICT_OBJC_MSGSEND = YES;
				ENABLE_TESTABILITY = YES;
				GCC_C_LANGUAGE_STANDARD = gnu99;
				GCC_DYNAMIC_NO_PIC = NO;
				GCC_NO_COMMON_BLOCKS = YES;
				GCC_OPTIMIZATION_LEVEL = 0;
				GCC_PREPROCESSOR_DEFINITIONS = (
					"DEBUG=1",
					"$(inherited)",
				);
				GCC_WARN_64_TO_32_BIT_CONVERSION = YES;
				GCC_WARN_ABOUT_RETURN_TYPE = YES_ERROR;
				GCC_WARN_UNDECLARED_SELECTOR = YES;
				GCC_WARN_UNINITIALIZED_AUTOS = YES_AGGRESSIVE;
				GCC_WARN_UNUSED_FUNCTION = YES;
				GCC_WARN_UNUSED_VARIABLE = YES;
				IPHONEOS_DEPLOYMENT_TARGET = 9.3;
				MTL_ENABLE_DEBUG_INFO = YES;
				ONLY_ACTIVE_ARCH = YES;
				SDKROOT = iphoneos;
				SWIFT_ACTIVE_COMPILATION_CONDITIONS = DEBUG;
				SWIFT_OPTIMIZATION_LEVEL = "-Onone";
				TARGETED_DEVICE_FAMILY = "1,2";
				VERSIONING_SYSTEM = "apple-generic";
				VERSION_INFO_PREFIX = "";
			};
			name = Debug;
		};
		689D0C881D8DBB9600145E0B /* Release */ = {
			isa = XCBuildConfiguration;
			buildSettings = {
				ALWAYS_SEARCH_USER_PATHS = NO;
				CLANG_ANALYZER_NONNULL = YES;
				CLANG_CXX_LANGUAGE_STANDARD = "gnu++0x";
				CLANG_CXX_LIBRARY = "libc++";
				CLANG_ENABLE_MODULES = YES;
				CLANG_ENABLE_OBJC_ARC = YES;
				CLANG_WARN_BOOL_CONVERSION = YES;
				CLANG_WARN_CONSTANT_CONVERSION = YES;
				CLANG_WARN_DIRECT_OBJC_ISA_USAGE = YES_ERROR;
				CLANG_WARN_DOCUMENTATION_COMMENTS = YES;
				CLANG_WARN_EMPTY_BODY = YES;
				CLANG_WARN_ENUM_CONVERSION = YES;
				CLANG_WARN_INFINITE_RECURSION = YES;
				CLANG_WARN_INT_CONVERSION = YES;
				CLANG_WARN_OBJC_ROOT_CLASS = YES_ERROR;
				CLANG_WARN_SUSPICIOUS_MOVE = YES;
				CLANG_WARN_SUSPICIOUS_MOVES = YES;
				CLANG_WARN_UNREACHABLE_CODE = YES;
				CLANG_WARN__DUPLICATE_METHOD_MATCH = YES;
				"CODE_SIGN_IDENTITY[sdk=iphoneos*]" = "iPhone Developer";
				COPY_PHASE_STRIP = NO;
				CURRENT_PROJECT_VERSION = 1;
				DEBUG_INFORMATION_FORMAT = "dwarf-with-dsym";
				ENABLE_NS_ASSERTIONS = NO;
				ENABLE_STRICT_OBJC_MSGSEND = YES;
				GCC_C_LANGUAGE_STANDARD = gnu99;
				GCC_NO_COMMON_BLOCKS = YES;
				GCC_WARN_64_TO_32_BIT_CONVERSION = YES;
				GCC_WARN_ABOUT_RETURN_TYPE = YES_ERROR;
				GCC_WARN_UNDECLARED_SELECTOR = YES;
				GCC_WARN_UNINITIALIZED_AUTOS = YES_AGGRESSIVE;
				GCC_WARN_UNUSED_FUNCTION = YES;
				GCC_WARN_UNUSED_VARIABLE = YES;
				IPHONEOS_DEPLOYMENT_TARGET = 9.3;
				MTL_ENABLE_DEBUG_INFO = NO;
				SDKROOT = iphoneos;
				SWIFT_OPTIMIZATION_LEVEL = "-Owholemodule";
				TARGETED_DEVICE_FAMILY = "1,2";
				VALIDATE_PRODUCT = YES;
				VERSIONING_SYSTEM = "apple-generic";
				VERSION_INFO_PREFIX = "";
			};
			name = Release;
		};
		689D0C8A1D8DBB9600145E0B /* Debug */ = {
			isa = XCBuildConfiguration;
			buildSettings = {
				CODE_SIGN_IDENTITY = "";
				DEFINES_MODULE = YES;
				DYLIB_COMPATIBILITY_VERSION = 1;
				DYLIB_CURRENT_VERSION = 1;
				DYLIB_INSTALL_NAME_BASE = "@rpath";
				INFOPLIST_FILE = "Sources/Supporting Files/Info.plist";
				INSTALL_PATH = "$(LOCAL_LIBRARY_DIR)/Frameworks";
				LD_RUNPATH_SEARCH_PATHS = "$(inherited) @executable_path/Frameworks @loader_path/Frameworks";
				OTHER_LDFLAGS = " $(inherited)";
				PRODUCT_BUNDLE_IDENTIFIER = com.xcore.Xcore;
				PRODUCT_NAME = "$(TARGET_NAME)";
				SKIP_INSTALL = YES;
				SWIFT_VERSION = 3.0;
			};
			name = Debug;
		};
		689D0C8B1D8DBB9600145E0B /* Release */ = {
			isa = XCBuildConfiguration;
			buildSettings = {
				CODE_SIGN_IDENTITY = "";
				DEFINES_MODULE = YES;
				DYLIB_COMPATIBILITY_VERSION = 1;
				DYLIB_CURRENT_VERSION = 1;
				DYLIB_INSTALL_NAME_BASE = "@rpath";
				INFOPLIST_FILE = "Sources/Supporting Files/Info.plist";
				INSTALL_PATH = "$(LOCAL_LIBRARY_DIR)/Frameworks";
				LD_RUNPATH_SEARCH_PATHS = "$(inherited) @executable_path/Frameworks @loader_path/Frameworks";
				OTHER_LDFLAGS = " $(inherited)";
				PRODUCT_BUNDLE_IDENTIFIER = com.xcore.Xcore;
				PRODUCT_NAME = "$(TARGET_NAME)";
				SKIP_INSTALL = YES;
				SWIFT_VERSION = 3.0;
			};
			name = Release;
		};
		689D0C8D1D8DBB9600145E0B /* Debug */ = {
			isa = XCBuildConfiguration;
			baseConfigurationReference = 0E028CA527265C27C4FB6507 /* Pods-Tests.debug.xcconfig */;
			buildSettings = {
				ALWAYS_EMBED_SWIFT_STANDARD_LIBRARIES = YES;
				BUNDLE_LOADER = "$(TEST_HOST)";
				INFOPLIST_FILE = Tests/Info.plist;
				LD_RUNPATH_SEARCH_PATHS = "$(inherited) @executable_path/Frameworks @loader_path/Frameworks";
				PRODUCT_BUNDLE_IDENTIFIER = com.xcore.XcoreTests;
				PRODUCT_NAME = "$(TARGET_NAME)";
				SWIFT_VERSION = 3.0;
				TEST_HOST = "$(BUILT_PRODUCTS_DIR)/Example.app/Example";
			};
			name = Debug;
		};
		689D0C8E1D8DBB9600145E0B /* Release */ = {
			isa = XCBuildConfiguration;
			baseConfigurationReference = 56D96A853E1B0EC4E75E0691 /* Pods-Tests.release.xcconfig */;
			buildSettings = {
				ALWAYS_EMBED_SWIFT_STANDARD_LIBRARIES = YES;
				BUNDLE_LOADER = "$(TEST_HOST)";
				INFOPLIST_FILE = Tests/Info.plist;
				LD_RUNPATH_SEARCH_PATHS = "$(inherited) @executable_path/Frameworks @loader_path/Frameworks";
				PRODUCT_BUNDLE_IDENTIFIER = com.xcore.XcoreTests;
				PRODUCT_NAME = "$(TARGET_NAME)";
				SWIFT_VERSION = 3.0;
				TEST_HOST = "$(BUILT_PRODUCTS_DIR)/Example.app/Example";
			};
			name = Release;
		};
/* End XCBuildConfiguration section */

/* Begin XCConfigurationList section */
		689869D71E99926100CE7B77 /* Build configuration list for PBXNativeTarget "Example" */ = {
			isa = XCConfigurationList;
			buildConfigurations = (
				689869D81E99926100CE7B77 /* Debug */,
				689869D91E99926100CE7B77 /* Release */,
			);
			defaultConfigurationIsVisible = 0;
			defaultConfigurationName = Release;
		};
		689D0C6F1D8DBB9500145E0B /* Build configuration list for PBXProject "Xcore" */ = {
			isa = XCConfigurationList;
			buildConfigurations = (
				689D0C871D8DBB9600145E0B /* Debug */,
				689D0C881D8DBB9600145E0B /* Release */,
			);
			defaultConfigurationIsVisible = 0;
			defaultConfigurationName = Release;
		};
		689D0C891D8DBB9600145E0B /* Build configuration list for PBXNativeTarget "Xcore" */ = {
			isa = XCConfigurationList;
			buildConfigurations = (
				689D0C8A1D8DBB9600145E0B /* Debug */,
				689D0C8B1D8DBB9600145E0B /* Release */,
			);
			defaultConfigurationIsVisible = 0;
			defaultConfigurationName = Release;
		};
		689D0C8C1D8DBB9600145E0B /* Build configuration list for PBXNativeTarget "Tests" */ = {
			isa = XCConfigurationList;
			buildConfigurations = (
				689D0C8D1D8DBB9600145E0B /* Debug */,
				689D0C8E1D8DBB9600145E0B /* Release */,
			);
			defaultConfigurationIsVisible = 0;
			defaultConfigurationName = Release;
		};
/* End XCConfigurationList section */
	};
	rootObject = 689D0C6C1D8DBB9500145E0B /* Project object */;
}
