{
  "object": {
    "pins": [
      {
        "package": "AnyCodable",
        "repositoryURL": "https://github.com/Flight-School/AnyCodable",
        "state": {
          "branch": null,
          "revision": "b1a7a8a6186f2fcb28f7bda67cfc545de48b3c80",
          "version": "0.6.2"
        }
      },
      {
        "package": "SDWebImage",
        "repositoryURL": "https://github.com/SDWebImage/SDWebImage.git",
        "state": {
          "branch": null,
          "revision": "d6367439527663d2038ca445a3c3c4e4bac40d60",
          "version": "5.12.0"
        }
      }
    ]
  },
  "version": 1
}
